// !$*UTF8*$!
{
	archiveVersion = 1;
	classes = {
	};
	objectVersion = 46;
	objects = {

/* Begin PBXBuildFile section */
		C936FD6119CB96650082CB08 /* libJavaScriptCoreCPP.a in Frameworks */ = {isa = PBXBuildFile; fileRef = C936FD3119CB95BE0082CB08 /* libJavaScriptCoreCPP.a */; };
		C936FD6319CB966B0082CB08 /* JavaScriptCore.framework in Frameworks */ = {isa = PBXBuildFile; fileRef = C936FD6219CB966B0082CB08 /* JavaScriptCore.framework */; };
		C97453D91A02797E00CB4CA9 /* JSString.hpp in Headers */ = {isa = PBXBuildFile; fileRef = C97453D71A02797E00CB4CA9 /* JSString.hpp */; settings = {ATTRIBUTES = (Public, ); }; };
		C97453DF1A027A1800CB4CA9 /* JSContext.hpp in Headers */ = {isa = PBXBuildFile; fileRef = C97453DB1A027A1800CB4CA9 /* JSContext.hpp */; settings = {ATTRIBUTES = (Public, ); }; };
		C97453E01A027A1800CB4CA9 /* JSContextGroup.hpp in Headers */ = {isa = PBXBuildFile; fileRef = C97453DC1A027A1800CB4CA9 /* JSContextGroup.hpp */; settings = {ATTRIBUTES = (Public, ); }; };
		C97453E11A027A1800CB4CA9 /* JSContext.cpp in Sources */ = {isa = PBXBuildFile; fileRef = C97453DD1A027A1800CB4CA9 /* JSContext.cpp */; };
		C97453E21A027A1800CB4CA9 /* JSContextGroup.cpp in Sources */ = {isa = PBXBuildFile; fileRef = C97453DE1A027A1800CB4CA9 /* JSContextGroup.cpp */; };
		C97453EA1A027E3D00CB4CA9 /* JSBoolean.hpp in Headers */ = {isa = PBXBuildFile; fileRef = C97453E31A027E3D00CB4CA9 /* JSBoolean.hpp */; settings = {ATTRIBUTES = (Public, ); }; };
		C97453EB1A027E3D00CB4CA9 /* JSNull.hpp in Headers */ = {isa = PBXBuildFile; fileRef = C97453E41A027E3D00CB4CA9 /* JSNull.hpp */; settings = {ATTRIBUTES = (Public, ); }; };
		C97453EC1A027E3D00CB4CA9 /* JSNumber.hpp in Headers */ = {isa = PBXBuildFile; fileRef = C97453E51A027E3D00CB4CA9 /* JSNumber.hpp */; settings = {ATTRIBUTES = (Public, ); }; };
		C97453ED1A027E3D00CB4CA9 /* JSUndefined.hpp in Headers */ = {isa = PBXBuildFile; fileRef = C97453E61A027E3D00CB4CA9 /* JSUndefined.hpp */; settings = {ATTRIBUTES = (Public, ); }; };
		C97453EE1A027E3D00CB4CA9 /* JSValue.hpp in Headers */ = {isa = PBXBuildFile; fileRef = C97453E71A027E3D00CB4CA9 /* JSValue.hpp */; settings = {ATTRIBUTES = (Public, ); }; };
		C97453EF1A027E3D00CB4CA9 /* JSValue.cpp in Sources */ = {isa = PBXBuildFile; fileRef = C97453E81A027E3D00CB4CA9 /* JSValue.cpp */; };
		C97453FF1A027F6000CB4CA9 /* JSArray.hpp in Headers */ = {isa = PBXBuildFile; fileRef = C97453F31A027F6000CB4CA9 /* JSArray.hpp */; settings = {ATTRIBUTES = (Public, ); }; };
		C97454001A027F6000CB4CA9 /* JSDate.hpp in Headers */ = {isa = PBXBuildFile; fileRef = C97453F41A027F6000CB4CA9 /* JSDate.hpp */; settings = {ATTRIBUTES = (Public, ); }; };
		C97454011A027F6000CB4CA9 /* JSError.hpp in Headers */ = {isa = PBXBuildFile; fileRef = C97453F51A027F6000CB4CA9 /* JSError.hpp */; settings = {ATTRIBUTES = (Public, ); }; };
		C97454021A027F6000CB4CA9 /* JSFunction.hpp in Headers */ = {isa = PBXBuildFile; fileRef = C97453F61A027F6000CB4CA9 /* JSFunction.hpp */; settings = {ATTRIBUTES = (Public, ); }; };
		C97454031A027F6000CB4CA9 /* JSObject.hpp in Headers */ = {isa = PBXBuildFile; fileRef = C97453F71A027F6000CB4CA9 /* JSObject.hpp */; settings = {ATTRIBUTES = (Public, ); }; };
		C97454041A027F6000CB4CA9 /* JSRegExp.hpp in Headers */ = {isa = PBXBuildFile; fileRef = C97453F81A027F6000CB4CA9 /* JSRegExp.hpp */; settings = {ATTRIBUTES = (Public, ); }; };
		C97454051A027F6000CB4CA9 /* JSObject.cpp in Sources */ = {isa = PBXBuildFile; fileRef = C97453F91A027F6000CB4CA9 /* JSObject.cpp */; };
		C97454061A027F6000CB4CA9 /* JSRegExp.cpp in Sources */ = {isa = PBXBuildFile; fileRef = C97453FA1A027F6000CB4CA9 /* JSRegExp.cpp */; };
		C97454071A027F6000CB4CA9 /* JSArray.cpp in Sources */ = {isa = PBXBuildFile; fileRef = C97453FB1A027F6000CB4CA9 /* JSArray.cpp */; };
		C97454081A027F6000CB4CA9 /* JSDate.cpp in Sources */ = {isa = PBXBuildFile; fileRef = C97453FC1A027F6000CB4CA9 /* JSDate.cpp */; };
		C97454091A027F6000CB4CA9 /* JSError.cpp in Sources */ = {isa = PBXBuildFile; fileRef = C97453FD1A027F6000CB4CA9 /* JSError.cpp */; };
		C974540A1A027F6000CB4CA9 /* JSFunction.cpp in Sources */ = {isa = PBXBuildFile; fileRef = C97453FE1A027F6000CB4CA9 /* JSFunction.cpp */; };
		C974540E1A027FB300CB4CA9 /* JSClass.hpp in Headers */ = {isa = PBXBuildFile; fileRef = C974540D1A027FB300CB4CA9 /* JSClass.hpp */; settings = {ATTRIBUTES = (Public, ); }; };
		C97454211A02806300CB4CA9 /* JSPerformanceCounterPrinter.hpp in Headers */ = {isa = PBXBuildFile; fileRef = C974541F1A02806300CB4CA9 /* JSPerformanceCounterPrinter.hpp */; };
		C97454221A02806300CB4CA9 /* JSPerformanceCounter.hpp in Headers */ = {isa = PBXBuildFile; fileRef = C97454201A02806300CB4CA9 /* JSPerformanceCounter.hpp */; };
		C97454261A02807900CB4CA9 /* JSUtil.hpp in Headers */ = {isa = PBXBuildFile; fileRef = C97454231A02807900CB4CA9 /* JSUtil.hpp */; };
		C97454271A02807900CB4CA9 /* HashUtilities.hpp in Headers */ = {isa = PBXBuildFile; fileRef = C97454241A02807900CB4CA9 /* HashUtilities.hpp */; };
		C97454281A02807900CB4CA9 /* JSUtil.cpp in Sources */ = {isa = PBXBuildFile; fileRef = C97454251A02807900CB4CA9 /* JSUtil.cpp */; };
		C97454311A0280A400CB4CA9 /* JSContextGroupTests.mm in Sources */ = {isa = PBXBuildFile; fileRef = C974542A1A0280A400CB4CA9 /* JSContextGroupTests.mm */; };
		C97454321A0280A400CB4CA9 /* JSContextTests.mm in Sources */ = {isa = PBXBuildFile; fileRef = C974542B1A0280A400CB4CA9 /* JSContextTests.mm */; };
		C97454331A0280A400CB4CA9 /* JSExportTests.mm in Sources */ = {isa = PBXBuildFile; fileRef = C974542C1A0280A400CB4CA9 /* JSExportTests.mm */; };
		C97454341A0280A400CB4CA9 /* JSObjectTests.mm in Sources */ = {isa = PBXBuildFile; fileRef = C974542D1A0280A400CB4CA9 /* JSObjectTests.mm */; };
		C97454351A0280A400CB4CA9 /* JSStringTests.mm in Sources */ = {isa = PBXBuildFile; fileRef = C974542E1A0280A400CB4CA9 /* JSStringTests.mm */; };
		C97454361A0280A400CB4CA9 /* JSValueTests.mm in Sources */ = {isa = PBXBuildFile; fileRef = C974542F1A0280A400CB4CA9 /* JSValueTests.mm */; };
		C97454371A0280A400CB4CA9 /* HashUtilitiesTests.mm in Sources */ = {isa = PBXBuildFile; fileRef = C97454301A0280A400CB4CA9 /* HashUtilitiesTests.mm */; };
		C974543D1A02810600CB4CA9 /* LambdaTests.mm in Sources */ = {isa = PBXBuildFile; fileRef = C974543A1A02810600CB4CA9 /* LambdaTests.mm */; };
		C974543E1A02810600CB4CA9 /* TemplateTests.mm in Sources */ = {isa = PBXBuildFile; fileRef = C974543B1A02810600CB4CA9 /* TemplateTests.mm */; };
		C974547B1A02BAF200CB4CA9 /* JSPropertyNameArray.hpp in Headers */ = {isa = PBXBuildFile; fileRef = C974547A1A02BAF200CB4CA9 /* JSPropertyNameArray.hpp */; settings = {ATTRIBUTES = (Public, ); }; };
		C974547F1A05FBEE00CB4CA9 /* JSLoggerPimpl.hpp in Headers */ = {isa = PBXBuildFile; fileRef = C974547E1A05FBEE00CB4CA9 /* JSLoggerPimpl.hpp */; };
		C974548A1A05FC3F00CB4CA9 /* JSLoggerPimpl.cpp in Sources */ = {isa = PBXBuildFile; fileRef = C97454891A05FC3F00CB4CA9 /* JSLoggerPimpl.cpp */; };
		C974548C1A05FC5D00CB4CA9 /* JSLoggerTests.mm in Sources */ = {isa = PBXBuildFile; fileRef = C974548B1A05FC5D00CB4CA9 /* JSLoggerTests.mm */; };
		C97454921A06D03700CB4CA9 /* JSClass.cpp in Sources */ = {isa = PBXBuildFile; fileRef = C97454911A06D03700CB4CA9 /* JSClass.cpp */; };
		C97454941A0752E100CB4CA9 /* JSPropertyNameAccumulator.hpp in Headers */ = {isa = PBXBuildFile; fileRef = C97454931A0752E100CB4CA9 /* JSPropertyNameAccumulator.hpp */; };
		C97454981A07534700CB4CA9 /* JSString.cpp in Sources */ = {isa = PBXBuildFile; fileRef = C97454971A07534700CB4CA9 /* JSString.cpp */; };
		C97454C31A09457700CB4CA9 /* JSClassAttribute.hpp in Headers */ = {isa = PBXBuildFile; fileRef = C97454BB1A09457700CB4CA9 /* JSClassAttribute.hpp */; settings = {ATTRIBUTES = (Public, ); }; };
		C97454CB1A097E4400CB4CA9 /* JSPropertyNameArray.cpp in Sources */ = {isa = PBXBuildFile; fileRef = C97454CA1A097E4400CB4CA9 /* JSPropertyNameArray.cpp */; };
		C97454D61A09C6C300CB4CA9 /* JSExport.hpp in Headers */ = {isa = PBXBuildFile; fileRef = C97454D51A09C6C300CB4CA9 /* JSExport.hpp */; settings = {ATTRIBUTES = (Public, ); }; };
		C97454DD1A09C6D500CB4CA9 /* JSPropertyCallback.hpp in Headers */ = {isa = PBXBuildFile; fileRef = C97454D71A09C6D500CB4CA9 /* JSPropertyCallback.hpp */; };
		C97454DE1A09C6D500CB4CA9 /* JSExportClass.hpp in Headers */ = {isa = PBXBuildFile; fileRef = C97454D81A09C6D500CB4CA9 /* JSExportClass.hpp */; };
		C97454DF1A09C6D500CB4CA9 /* JSExportNamedValuePropertyCallback.hpp in Headers */ = {isa = PBXBuildFile; fileRef = C97454D91A09C6D500CB4CA9 /* JSExportNamedValuePropertyCallback.hpp */; };
		C97454E01A09C6D500CB4CA9 /* JSExportNamedFunctionPropertyCallback.hpp in Headers */ = {isa = PBXBuildFile; fileRef = C97454DA1A09C6D500CB4CA9 /* JSExportNamedFunctionPropertyCallback.hpp */; };
		C97454E11A09C6D500CB4CA9 /* JSExportCallbacks.hpp in Headers */ = {isa = PBXBuildFile; fileRef = C97454DB1A09C6D500CB4CA9 /* JSExportCallbacks.hpp */; };
		C97454E41A09C6F200CB4CA9 /* JSPropertyAttribute.hpp in Headers */ = {isa = PBXBuildFile; fileRef = C97454E31A09C6F200CB4CA9 /* JSPropertyAttribute.hpp */; settings = {ATTRIBUTES = (Public, ); }; };
		C97454E61A09C71200CB4CA9 /* JSExportClassDefinitionBuilder.hpp in Headers */ = {isa = PBXBuildFile; fileRef = C97454E51A09C71200CB4CA9 /* JSExportClassDefinitionBuilder.hpp */; };
		C97454E91A09C79600CB4CA9 /* JSPropertyCallback.cpp in Sources */ = {isa = PBXBuildFile; fileRef = C97454E71A09C79600CB4CA9 /* JSPropertyCallback.cpp */; };
		C97454F71A0CFB7000CB4CA9 /* JSStaticFunction.hpp in Headers */ = {isa = PBXBuildFile; fileRef = C97454F31A0CFB7000CB4CA9 /* JSStaticFunction.hpp */; };
		C97454F81A0CFB7000CB4CA9 /* JSStaticValue.hpp in Headers */ = {isa = PBXBuildFile; fileRef = C97454F41A0CFB7000CB4CA9 /* JSStaticValue.hpp */; };
		C97454F91A0CFB7000CB4CA9 /* JSStaticFunction.cpp in Sources */ = {isa = PBXBuildFile; fileRef = C97454F51A0CFB7000CB4CA9 /* JSStaticFunction.cpp */; };
		C97454FA1A0CFB7000CB4CA9 /* JSStaticValue.cpp in Sources */ = {isa = PBXBuildFile; fileRef = C97454F61A0CFB7000CB4CA9 /* JSStaticValue.cpp */; };
		C97454FE1A0D211E00CB4CA9 /* JSBase.hpp in Headers */ = {isa = PBXBuildFile; fileRef = C97454FD1A0D211E00CB4CA9 /* JSBase.hpp */; };
		C97455011A0D23AD00CB4CA9 /* JSClassDefinition.hpp in Headers */ = {isa = PBXBuildFile; fileRef = C97454FF1A0D23AD00CB4CA9 /* JSClassDefinition.hpp */; settings = {ATTRIBUTES = (Public, ); }; };
		C97455021A0D23AD00CB4CA9 /* JSClassDefinition.cpp in Sources */ = {isa = PBXBuildFile; fileRef = C97455001A0D23AD00CB4CA9 /* JSClassDefinition.cpp */; };
		C97455041A0D292500CB4CA9 /* JSBase.cpp in Sources */ = {isa = PBXBuildFile; fileRef = C97455031A0D292500CB4CA9 /* JSBase.cpp */; };
		C97455061A0D55E200CB4CA9 /* JSExportClassDefinition.hpp in Headers */ = {isa = PBXBuildFile; fileRef = C97455051A0D55E200CB4CA9 /* JSExportClassDefinition.hpp */; };
		C985CB091A107E96004D4163 /* Widget.cpp in Sources */ = {isa = PBXBuildFile; fileRef = C985CB081A107E96004D4163 /* Widget.cpp */; };
		C9E6AFA51A11653A00FED053 /* JSExportObject.hpp in Headers */ = {isa = PBXBuildFile; fileRef = C9E6AFA31A11653A00FED053 /* JSExportObject.hpp */; };
		C9E6AFA61A11653A00FED053 /* JSExportObject.cpp in Sources */ = {isa = PBXBuildFile; fileRef = C9E6AFA41A11653A00FED053 /* JSExportObject.cpp */; };
		C9E6AFA91A11808800FED053 /* JSValueUtil.hpp in Headers */ = {isa = PBXBuildFile; fileRef = C9E6AFA71A11808800FED053 /* JSValueUtil.hpp */; };
		C9E6AFAA1A11808800FED053 /* JSValueUtil.cpp in Sources */ = {isa = PBXBuildFile; fileRef = C9E6AFA81A11808800FED053 /* JSValueUtil.cpp */; };
		C9E6AFAE1A11B19500FED053 /* ChronoTests.mm in Sources */ = {isa = PBXBuildFile; fileRef = C9E6AFAD1A11B19500FED053 /* ChronoTests.mm */; };
		C9E6AFB31A12FB5300FED053 /* JSLogger.hpp in Headers */ = {isa = PBXBuildFile; fileRef = C9E6AFAF1A12FB5300FED053 /* JSLogger.hpp */; };
		C9E6AFB41A12FB5300FED053 /* JSLoggerPolicyConsole.hpp in Headers */ = {isa = PBXBuildFile; fileRef = C9E6AFB01A12FB5300FED053 /* JSLoggerPolicyConsole.hpp */; };
		C9E6AFB51A12FB5300FED053 /* JSLoggerPolicyFile.hpp in Headers */ = {isa = PBXBuildFile; fileRef = C9E6AFB11A12FB5300FED053 /* JSLoggerPolicyFile.hpp */; };
		C9E6AFB61A12FB5300FED053 /* JSLoggerPolicyInterface.hpp in Headers */ = {isa = PBXBuildFile; fileRef = C9E6AFB21A12FB5300FED053 /* JSLoggerPolicyInterface.hpp */; };
		C9E6AFF21A13F97500FED053 /* JavaScriptCoreCPP.hpp in Headers */ = {isa = PBXBuildFile; fileRef = C974543F1A0282FD00CB4CA9 /* JavaScriptCoreCPP.hpp */; settings = {ATTRIBUTES = (Public, ); }; };
/* End PBXBuildFile section */

/* Begin PBXContainerItemProxy section */
		C936FD5F19CB96630082CB08 /* PBXContainerItemProxy */ = {
			isa = PBXContainerItemProxy;
			containerPortal = C936FD2919CB95BE0082CB08 /* Project object */;
			proxyType = 1;
			remoteGlobalIDString = C936FD3019CB95BE0082CB08;
			remoteInfo = JavaScriptCoreCPP;
		};
/* End PBXContainerItemProxy section */

/* Begin PBXFileReference section */
		C936FD3119CB95BE0082CB08 /* libJavaScriptCoreCPP.a */ = {isa = PBXFileReference; explicitFileType = archive.ar; includeInIndex = 0; path = libJavaScriptCoreCPP.a; sourceTree = BUILT_PRODUCTS_DIR; };
		C936FD4D19CB961A0082CB08 /* JavaScriptCoreCPPTests.xctest */ = {isa = PBXFileReference; explicitFileType = wrapper.cfbundle; includeInIndex = 0; path = JavaScriptCoreCPPTests.xctest; sourceTree = BUILT_PRODUCTS_DIR; };
		C936FD5019CB961A0082CB08 /* Info.plist */ = {isa = PBXFileReference; lastKnownFileType = text.plist.xml; path = Info.plist; sourceTree = "<group>"; };
		C936FD6219CB966B0082CB08 /* JavaScriptCore.framework */ = {isa = PBXFileReference; lastKnownFileType = wrapper.framework; name = JavaScriptCore.framework; path = System/Library/Frameworks/JavaScriptCore.framework; sourceTree = SDKROOT; };
		C97453D71A02797E00CB4CA9 /* JSString.hpp */ = {isa = PBXFileReference; fileEncoding = 4; lastKnownFileType = sourcecode.cpp.h; name = JSString.hpp; path = include/JavaScriptCoreCPP/JSString.hpp; sourceTree = "<group>"; };
		C97453DB1A027A1800CB4CA9 /* JSContext.hpp */ = {isa = PBXFileReference; fileEncoding = 4; lastKnownFileType = sourcecode.cpp.h; name = JSContext.hpp; path = include/JavaScriptCoreCPP/JSContext.hpp; sourceTree = "<group>"; };
		C97453DC1A027A1800CB4CA9 /* JSContextGroup.hpp */ = {isa = PBXFileReference; fileEncoding = 4; lastKnownFileType = sourcecode.cpp.h; name = JSContextGroup.hpp; path = include/JavaScriptCoreCPP/JSContextGroup.hpp; sourceTree = "<group>"; };
		C97453DD1A027A1800CB4CA9 /* JSContext.cpp */ = {isa = PBXFileReference; fileEncoding = 4; lastKnownFileType = sourcecode.cpp.cpp; name = JSContext.cpp; path = src/JSContext.cpp; sourceTree = "<group>"; };
		C97453DE1A027A1800CB4CA9 /* JSContextGroup.cpp */ = {isa = PBXFileReference; fileEncoding = 4; lastKnownFileType = sourcecode.cpp.cpp; name = JSContextGroup.cpp; path = src/JSContextGroup.cpp; sourceTree = "<group>"; };
		C97453E31A027E3D00CB4CA9 /* JSBoolean.hpp */ = {isa = PBXFileReference; fileEncoding = 4; lastKnownFileType = sourcecode.cpp.h; name = JSBoolean.hpp; path = include/JavaScriptCoreCPP/JSBoolean.hpp; sourceTree = "<group>"; };
		C97453E41A027E3D00CB4CA9 /* JSNull.hpp */ = {isa = PBXFileReference; fileEncoding = 4; lastKnownFileType = sourcecode.cpp.h; name = JSNull.hpp; path = include/JavaScriptCoreCPP/JSNull.hpp; sourceTree = "<group>"; };
		C97453E51A027E3D00CB4CA9 /* JSNumber.hpp */ = {isa = PBXFileReference; fileEncoding = 4; lastKnownFileType = sourcecode.cpp.h; name = JSNumber.hpp; path = include/JavaScriptCoreCPP/JSNumber.hpp; sourceTree = "<group>"; };
		C97453E61A027E3D00CB4CA9 /* JSUndefined.hpp */ = {isa = PBXFileReference; fileEncoding = 4; lastKnownFileType = sourcecode.cpp.h; name = JSUndefined.hpp; path = include/JavaScriptCoreCPP/JSUndefined.hpp; sourceTree = "<group>"; };
		C97453E71A027E3D00CB4CA9 /* JSValue.hpp */ = {isa = PBXFileReference; fileEncoding = 4; lastKnownFileType = sourcecode.cpp.h; name = JSValue.hpp; path = include/JavaScriptCoreCPP/JSValue.hpp; sourceTree = "<group>"; };
		C97453E81A027E3D00CB4CA9 /* JSValue.cpp */ = {isa = PBXFileReference; fileEncoding = 4; lastKnownFileType = sourcecode.cpp.cpp; name = JSValue.cpp; path = src/JSValue.cpp; sourceTree = "<group>"; };
		C97453F31A027F6000CB4CA9 /* JSArray.hpp */ = {isa = PBXFileReference; fileEncoding = 4; lastKnownFileType = sourcecode.cpp.h; name = JSArray.hpp; path = include/JavaScriptCoreCPP/JSArray.hpp; sourceTree = "<group>"; };
		C97453F41A027F6000CB4CA9 /* JSDate.hpp */ = {isa = PBXFileReference; fileEncoding = 4; lastKnownFileType = sourcecode.cpp.h; name = JSDate.hpp; path = include/JavaScriptCoreCPP/JSDate.hpp; sourceTree = "<group>"; };
		C97453F51A027F6000CB4CA9 /* JSError.hpp */ = {isa = PBXFileReference; fileEncoding = 4; lastKnownFileType = sourcecode.cpp.h; name = JSError.hpp; path = include/JavaScriptCoreCPP/JSError.hpp; sourceTree = "<group>"; };
		C97453F61A027F6000CB4CA9 /* JSFunction.hpp */ = {isa = PBXFileReference; fileEncoding = 4; lastKnownFileType = sourcecode.cpp.h; name = JSFunction.hpp; path = include/JavaScriptCoreCPP/JSFunction.hpp; sourceTree = "<group>"; };
		C97453F71A027F6000CB4CA9 /* JSObject.hpp */ = {isa = PBXFileReference; fileEncoding = 4; lastKnownFileType = sourcecode.cpp.h; name = JSObject.hpp; path = include/JavaScriptCoreCPP/JSObject.hpp; sourceTree = "<group>"; };
		C97453F81A027F6000CB4CA9 /* JSRegExp.hpp */ = {isa = PBXFileReference; fileEncoding = 4; lastKnownFileType = sourcecode.cpp.h; name = JSRegExp.hpp; path = include/JavaScriptCoreCPP/JSRegExp.hpp; sourceTree = "<group>"; };
		C97453F91A027F6000CB4CA9 /* JSObject.cpp */ = {isa = PBXFileReference; fileEncoding = 4; lastKnownFileType = sourcecode.cpp.cpp; name = JSObject.cpp; path = src/JSObject.cpp; sourceTree = "<group>"; };
		C97453FA1A027F6000CB4CA9 /* JSRegExp.cpp */ = {isa = PBXFileReference; fileEncoding = 4; lastKnownFileType = sourcecode.cpp.cpp; name = JSRegExp.cpp; path = src/JSRegExp.cpp; sourceTree = "<group>"; };
		C97453FB1A027F6000CB4CA9 /* JSArray.cpp */ = {isa = PBXFileReference; fileEncoding = 4; lastKnownFileType = sourcecode.cpp.cpp; name = JSArray.cpp; path = src/JSArray.cpp; sourceTree = "<group>"; };
		C97453FC1A027F6000CB4CA9 /* JSDate.cpp */ = {isa = PBXFileReference; fileEncoding = 4; lastKnownFileType = sourcecode.cpp.cpp; name = JSDate.cpp; path = src/JSDate.cpp; sourceTree = "<group>"; };
		C97453FD1A027F6000CB4CA9 /* JSError.cpp */ = {isa = PBXFileReference; fileEncoding = 4; lastKnownFileType = sourcecode.cpp.cpp; name = JSError.cpp; path = src/JSError.cpp; sourceTree = "<group>"; };
		C97453FE1A027F6000CB4CA9 /* JSFunction.cpp */ = {isa = PBXFileReference; fileEncoding = 4; lastKnownFileType = sourcecode.cpp.cpp; name = JSFunction.cpp; path = src/JSFunction.cpp; sourceTree = "<group>"; };
		C974540D1A027FB300CB4CA9 /* JSClass.hpp */ = {isa = PBXFileReference; fileEncoding = 4; lastKnownFileType = sourcecode.cpp.h; name = JSClass.hpp; path = include/JavaScriptCoreCPP/JSClass.hpp; sourceTree = "<group>"; };
		C974541F1A02806300CB4CA9 /* JSPerformanceCounterPrinter.hpp */ = {isa = PBXFileReference; fileEncoding = 4; lastKnownFileType = sourcecode.cpp.h; name = JSPerformanceCounterPrinter.hpp; path = include/JavaScriptCoreCPP/detail/JSPerformanceCounterPrinter.hpp; sourceTree = "<group>"; };
		C97454201A02806300CB4CA9 /* JSPerformanceCounter.hpp */ = {isa = PBXFileReference; fileEncoding = 4; lastKnownFileType = sourcecode.cpp.h; name = JSPerformanceCounter.hpp; path = include/JavaScriptCoreCPP/detail/JSPerformanceCounter.hpp; sourceTree = "<group>"; };
		C97454231A02807900CB4CA9 /* JSUtil.hpp */ = {isa = PBXFileReference; fileEncoding = 4; lastKnownFileType = sourcecode.cpp.h; name = JSUtil.hpp; path = include/JavaScriptCoreCPP/detail/JSUtil.hpp; sourceTree = "<group>"; };
		C97454241A02807900CB4CA9 /* HashUtilities.hpp */ = {isa = PBXFileReference; fileEncoding = 4; lastKnownFileType = sourcecode.cpp.h; name = HashUtilities.hpp; path = include/JavaScriptCoreCPP/detail/HashUtilities.hpp; sourceTree = "<group>"; };
		C97454251A02807900CB4CA9 /* JSUtil.cpp */ = {isa = PBXFileReference; fileEncoding = 4; lastKnownFileType = sourcecode.cpp.cpp; name = JSUtil.cpp; path = src/detail/JSUtil.cpp; sourceTree = "<group>"; };
		C974542A1A0280A400CB4CA9 /* JSContextGroupTests.mm */ = {isa = PBXFileReference; fileEncoding = 4; lastKnownFileType = sourcecode.cpp.objcpp; path = JSContextGroupTests.mm; sourceTree = "<group>"; };
		C974542B1A0280A400CB4CA9 /* JSContextTests.mm */ = {isa = PBXFileReference; fileEncoding = 4; lastKnownFileType = sourcecode.cpp.objcpp; path = JSContextTests.mm; sourceTree = "<group>"; };
		C974542C1A0280A400CB4CA9 /* JSExportTests.mm */ = {isa = PBXFileReference; fileEncoding = 4; lastKnownFileType = sourcecode.cpp.objcpp; path = JSExportTests.mm; sourceTree = "<group>"; };
		C974542D1A0280A400CB4CA9 /* JSObjectTests.mm */ = {isa = PBXFileReference; fileEncoding = 4; lastKnownFileType = sourcecode.cpp.objcpp; path = JSObjectTests.mm; sourceTree = "<group>"; };
		C974542E1A0280A400CB4CA9 /* JSStringTests.mm */ = {isa = PBXFileReference; fileEncoding = 4; lastKnownFileType = sourcecode.cpp.objcpp; path = JSStringTests.mm; sourceTree = "<group>"; };
		C974542F1A0280A400CB4CA9 /* JSValueTests.mm */ = {isa = PBXFileReference; fileEncoding = 4; lastKnownFileType = sourcecode.cpp.objcpp; path = JSValueTests.mm; sourceTree = "<group>"; };
		C97454301A0280A400CB4CA9 /* HashUtilitiesTests.mm */ = {isa = PBXFileReference; fileEncoding = 4; lastKnownFileType = sourcecode.cpp.objcpp; path = HashUtilitiesTests.mm; sourceTree = "<group>"; };
		C97454391A02810600CB4CA9 /* GotW71.hpp */ = {isa = PBXFileReference; fileEncoding = 4; lastKnownFileType = sourcecode.cpp.h; name = GotW71.hpp; path = detail/GotW71.hpp; sourceTree = "<group>"; };
		C974543A1A02810600CB4CA9 /* LambdaTests.mm */ = {isa = PBXFileReference; fileEncoding = 4; lastKnownFileType = sourcecode.cpp.objcpp; name = LambdaTests.mm; path = detail/LambdaTests.mm; sourceTree = "<group>"; };
		C974543B1A02810600CB4CA9 /* TemplateTests.mm */ = {isa = PBXFileReference; fileEncoding = 4; lastKnownFileType = sourcecode.cpp.objcpp; name = TemplateTests.mm; path = detail/TemplateTests.mm; sourceTree = "<group>"; };
		C974543F1A0282FD00CB4CA9 /* JavaScriptCoreCPP.hpp */ = {isa = PBXFileReference; fileEncoding = 4; lastKnownFileType = sourcecode.cpp.h; name = JavaScriptCoreCPP.hpp; path = include/JavaScriptCoreCPP/JavaScriptCoreCPP.hpp; sourceTree = "<group>"; };
		C974547A1A02BAF200CB4CA9 /* JSPropertyNameArray.hpp */ = {isa = PBXFileReference; fileEncoding = 4; lastKnownFileType = sourcecode.cpp.h; name = JSPropertyNameArray.hpp; path = include/JavaScriptCoreCPP/JSPropertyNameArray.hpp; sourceTree = "<group>"; };
		C974547E1A05FBEE00CB4CA9 /* JSLoggerPimpl.hpp */ = {isa = PBXFileReference; fileEncoding = 4; lastKnownFileType = sourcecode.cpp.h; name = JSLoggerPimpl.hpp; path = include/JavaScriptCoreCPP/detail/JSLoggerPimpl.hpp; sourceTree = "<group>"; };
		C97454891A05FC3F00CB4CA9 /* JSLoggerPimpl.cpp */ = {isa = PBXFileReference; fileEncoding = 4; lastKnownFileType = sourcecode.cpp.cpp; name = JSLoggerPimpl.cpp; path = src/detail/JSLoggerPimpl.cpp; sourceTree = "<group>"; };
		C974548B1A05FC5D00CB4CA9 /* JSLoggerTests.mm */ = {isa = PBXFileReference; fileEncoding = 4; lastKnownFileType = sourcecode.cpp.objcpp; path = JSLoggerTests.mm; sourceTree = "<group>"; };
		C97454911A06D03700CB4CA9 /* JSClass.cpp */ = {isa = PBXFileReference; fileEncoding = 4; lastKnownFileType = sourcecode.cpp.cpp; name = JSClass.cpp; path = src/JSClass.cpp; sourceTree = "<group>"; };
		C97454931A0752E100CB4CA9 /* JSPropertyNameAccumulator.hpp */ = {isa = PBXFileReference; fileEncoding = 4; lastKnownFileType = sourcecode.cpp.h; name = JSPropertyNameAccumulator.hpp; path = include/JavaScriptCoreCPP/detail/JSPropertyNameAccumulator.hpp; sourceTree = "<group>"; };
		C97454971A07534700CB4CA9 /* JSString.cpp */ = {isa = PBXFileReference; fileEncoding = 4; lastKnownFileType = sourcecode.cpp.cpp; name = JSString.cpp; path = src/JSString.cpp; sourceTree = "<group>"; };
		C97454BB1A09457700CB4CA9 /* JSClassAttribute.hpp */ = {isa = PBXFileReference; fileEncoding = 4; lastKnownFileType = sourcecode.cpp.h; name = JSClassAttribute.hpp; path = include/JavaScriptCoreCPP/JSClassAttribute.hpp; sourceTree = "<group>"; };
		C97454CA1A097E4400CB4CA9 /* JSPropertyNameArray.cpp */ = {isa = PBXFileReference; fileEncoding = 4; lastKnownFileType = sourcecode.cpp.cpp; name = JSPropertyNameArray.cpp; path = src/JSPropertyNameArray.cpp; sourceTree = "<group>"; };
		C97454D51A09C6C300CB4CA9 /* JSExport.hpp */ = {isa = PBXFileReference; fileEncoding = 4; lastKnownFileType = sourcecode.cpp.h; name = JSExport.hpp; path = include/JavaScriptCoreCPP/JSExport.hpp; sourceTree = "<group>"; };
		C97454D71A09C6D500CB4CA9 /* JSPropertyCallback.hpp */ = {isa = PBXFileReference; fileEncoding = 4; lastKnownFileType = sourcecode.cpp.h; name = JSPropertyCallback.hpp; path = include/JavaScriptCoreCPP/detail/JSPropertyCallback.hpp; sourceTree = "<group>"; };
		C97454D81A09C6D500CB4CA9 /* JSExportClass.hpp */ = {isa = PBXFileReference; fileEncoding = 4; lastKnownFileType = sourcecode.cpp.h; name = JSExportClass.hpp; path = include/JavaScriptCoreCPP/detail/JSExportClass.hpp; sourceTree = "<group>"; };
		C97454D91A09C6D500CB4CA9 /* JSExportNamedValuePropertyCallback.hpp */ = {isa = PBXFileReference; fileEncoding = 4; lastKnownFileType = sourcecode.cpp.h; name = JSExportNamedValuePropertyCallback.hpp; path = include/JavaScriptCoreCPP/detail/JSExportNamedValuePropertyCallback.hpp; sourceTree = "<group>"; };
		C97454DA1A09C6D500CB4CA9 /* JSExportNamedFunctionPropertyCallback.hpp */ = {isa = PBXFileReference; fileEncoding = 4; lastKnownFileType = sourcecode.cpp.h; name = JSExportNamedFunctionPropertyCallback.hpp; path = include/JavaScriptCoreCPP/detail/JSExportNamedFunctionPropertyCallback.hpp; sourceTree = "<group>"; };
		C97454DB1A09C6D500CB4CA9 /* JSExportCallbacks.hpp */ = {isa = PBXFileReference; fileEncoding = 4; lastKnownFileType = sourcecode.cpp.h; name = JSExportCallbacks.hpp; path = include/JavaScriptCoreCPP/detail/JSExportCallbacks.hpp; sourceTree = "<group>"; };
		C97454E31A09C6F200CB4CA9 /* JSPropertyAttribute.hpp */ = {isa = PBXFileReference; fileEncoding = 4; lastKnownFileType = sourcecode.cpp.h; name = JSPropertyAttribute.hpp; path = include/JavaScriptCoreCPP/JSPropertyAttribute.hpp; sourceTree = "<group>"; };
		C97454E51A09C71200CB4CA9 /* JSExportClassDefinitionBuilder.hpp */ = {isa = PBXFileReference; fileEncoding = 4; lastKnownFileType = sourcecode.cpp.h; name = JSExportClassDefinitionBuilder.hpp; path = include/JavaScriptCoreCPP/detail/JSExportClassDefinitionBuilder.hpp; sourceTree = "<group>"; };
		C97454E71A09C79600CB4CA9 /* JSPropertyCallback.cpp */ = {isa = PBXFileReference; fileEncoding = 4; lastKnownFileType = sourcecode.cpp.cpp; name = JSPropertyCallback.cpp; path = src/detail/JSPropertyCallback.cpp; sourceTree = "<group>"; };
		C97454ED1A0B66E500CB4CA9 /* Widget.hpp */ = {isa = PBXFileReference; fileEncoding = 4; lastKnownFileType = sourcecode.cpp.h; name = Widget.hpp; path = ../../examples/Widget.hpp; sourceTree = "<group>"; };
		C97454F31A0CFB7000CB4CA9 /* JSStaticFunction.hpp */ = {isa = PBXFileReference; fileEncoding = 4; lastKnownFileType = sourcecode.cpp.h; name = JSStaticFunction.hpp; path = include/JavaScriptCoreCPP/detail/JSStaticFunction.hpp; sourceTree = "<group>"; };
		C97454F41A0CFB7000CB4CA9 /* JSStaticValue.hpp */ = {isa = PBXFileReference; fileEncoding = 4; lastKnownFileType = sourcecode.cpp.h; name = JSStaticValue.hpp; path = include/JavaScriptCoreCPP/detail/JSStaticValue.hpp; sourceTree = "<group>"; };
		C97454F51A0CFB7000CB4CA9 /* JSStaticFunction.cpp */ = {isa = PBXFileReference; fileEncoding = 4; lastKnownFileType = sourcecode.cpp.cpp; name = JSStaticFunction.cpp; path = src/detail/JSStaticFunction.cpp; sourceTree = "<group>"; };
		C97454F61A0CFB7000CB4CA9 /* JSStaticValue.cpp */ = {isa = PBXFileReference; fileEncoding = 4; lastKnownFileType = sourcecode.cpp.cpp; name = JSStaticValue.cpp; path = src/detail/JSStaticValue.cpp; sourceTree = "<group>"; };
		C97454FD1A0D211E00CB4CA9 /* JSBase.hpp */ = {isa = PBXFileReference; fileEncoding = 4; lastKnownFileType = sourcecode.cpp.h; name = JSBase.hpp; path = include/JavaScriptCoreCPP/detail/JSBase.hpp; sourceTree = "<group>"; };
		C97454FF1A0D23AD00CB4CA9 /* JSClassDefinition.hpp */ = {isa = PBXFileReference; fileEncoding = 4; lastKnownFileType = sourcecode.cpp.h; name = JSClassDefinition.hpp; path = include/JavaScriptCoreCPP/JSClassDefinition.hpp; sourceTree = "<group>"; };
		C97455001A0D23AD00CB4CA9 /* JSClassDefinition.cpp */ = {isa = PBXFileReference; fileEncoding = 4; lastKnownFileType = sourcecode.cpp.cpp; name = JSClassDefinition.cpp; path = src/JSClassDefinition.cpp; sourceTree = "<group>"; };
		C97455031A0D292500CB4CA9 /* JSBase.cpp */ = {isa = PBXFileReference; fileEncoding = 4; lastKnownFileType = sourcecode.cpp.cpp; name = JSBase.cpp; path = src/detail/JSBase.cpp; sourceTree = "<group>"; };
		C97455051A0D55E200CB4CA9 /* JSExportClassDefinition.hpp */ = {isa = PBXFileReference; fileEncoding = 4; lastKnownFileType = sourcecode.cpp.h; name = JSExportClassDefinition.hpp; path = include/JavaScriptCoreCPP/detail/JSExportClassDefinition.hpp; sourceTree = "<group>"; };
		C985CB081A107E96004D4163 /* Widget.cpp */ = {isa = PBXFileReference; fileEncoding = 4; lastKnownFileType = sourcecode.cpp.cpp; name = Widget.cpp; path = ../../examples/Widget.cpp; sourceTree = "<group>"; };
		C9E6AFA31A11653A00FED053 /* JSExportObject.hpp */ = {isa = PBXFileReference; fileEncoding = 4; lastKnownFileType = sourcecode.cpp.h; name = JSExportObject.hpp; path = include/JavaScriptCoreCPP/JSExportObject.hpp; sourceTree = "<group>"; };
		C9E6AFA41A11653A00FED053 /* JSExportObject.cpp */ = {isa = PBXFileReference; fileEncoding = 4; lastKnownFileType = sourcecode.cpp.cpp; name = JSExportObject.cpp; path = src/JSExportObject.cpp; sourceTree = "<group>"; };
		C9E6AFA71A11808800FED053 /* JSValueUtil.hpp */ = {isa = PBXFileReference; fileEncoding = 4; lastKnownFileType = sourcecode.cpp.h; name = JSValueUtil.hpp; path = include/JavaScriptCoreCPP/detail/JSValueUtil.hpp; sourceTree = "<group>"; };
		C9E6AFA81A11808800FED053 /* JSValueUtil.cpp */ = {isa = PBXFileReference; fileEncoding = 4; lastKnownFileType = sourcecode.cpp.cpp; name = JSValueUtil.cpp; path = src/detail/JSValueUtil.cpp; sourceTree = "<group>"; };
		C9E6AFAD1A11B19500FED053 /* ChronoTests.mm */ = {isa = PBXFileReference; fileEncoding = 4; lastKnownFileType = sourcecode.cpp.objcpp; name = ChronoTests.mm; path = detail/ChronoTests.mm; sourceTree = "<group>"; };
		C9E6AFAF1A12FB5300FED053 /* JSLogger.hpp */ = {isa = PBXFileReference; fileEncoding = 4; lastKnownFileType = sourcecode.cpp.h; name = JSLogger.hpp; path = include/JavaScriptCoreCPP/detail/JSLogger.hpp; sourceTree = "<group>"; };
		C9E6AFB01A12FB5300FED053 /* JSLoggerPolicyConsole.hpp */ = {isa = PBXFileReference; fileEncoding = 4; lastKnownFileType = sourcecode.cpp.h; name = JSLoggerPolicyConsole.hpp; path = include/JavaScriptCoreCPP/detail/JSLoggerPolicyConsole.hpp; sourceTree = "<group>"; };
		C9E6AFB11A12FB5300FED053 /* JSLoggerPolicyFile.hpp */ = {isa = PBXFileReference; fileEncoding = 4; lastKnownFileType = sourcecode.cpp.h; name = JSLoggerPolicyFile.hpp; path = include/JavaScriptCoreCPP/detail/JSLoggerPolicyFile.hpp; sourceTree = "<group>"; };
		C9E6AFB21A12FB5300FED053 /* JSLoggerPolicyInterface.hpp */ = {isa = PBXFileReference; fileEncoding = 4; lastKnownFileType = sourcecode.cpp.h; name = JSLoggerPolicyInterface.hpp; path = include/JavaScriptCoreCPP/detail/JSLoggerPolicyInterface.hpp; sourceTree = "<group>"; };
/* End PBXFileReference section */

/* Begin PBXFrameworksBuildPhase section */
		C936FD2E19CB95BE0082CB08 /* Frameworks */ = {
			isa = PBXFrameworksBuildPhase;
			buildActionMask = 2147483647;
			files = (
			);
			runOnlyForDeploymentPostprocessing = 0;
		};
		C936FD4A19CB961A0082CB08 /* Frameworks */ = {
			isa = PBXFrameworksBuildPhase;
			buildActionMask = 2147483647;
			files = (
				C936FD6319CB966B0082CB08 /* JavaScriptCore.framework in Frameworks */,
				C936FD6119CB96650082CB08 /* libJavaScriptCoreCPP.a in Frameworks */,
			);
			runOnlyForDeploymentPostprocessing = 0;
		};
/* End PBXFrameworksBuildPhase section */

/* Begin PBXGroup section */
		C936FD2819CB95BE0082CB08 = {
			isa = PBXGroup;
			children = (
				C936FD6219CB966B0082CB08 /* JavaScriptCore.framework */,
				C936FD3319CB95BE0082CB08 /* JavaScriptCoreCPP */,
				C936FD4E19CB961A0082CB08 /* JavaScriptCoreCPPTests */,
				C936FD3219CB95BE0082CB08 /* Products */,
			);
			sourceTree = "<group>";
		};
		C936FD3219CB95BE0082CB08 /* Products */ = {
			isa = PBXGroup;
			children = (
				C936FD3119CB95BE0082CB08 /* libJavaScriptCoreCPP.a */,
				C936FD4D19CB961A0082CB08 /* JavaScriptCoreCPPTests.xctest */,
			);
			name = Products;
			sourceTree = "<group>";
		};
		C936FD3319CB95BE0082CB08 /* JavaScriptCoreCPP */ = {
			isa = PBXGroup;
			children = (
				C974543F1A0282FD00CB4CA9 /* JavaScriptCoreCPP.hpp */,
				C97453D71A02797E00CB4CA9 /* JSString.hpp */,
				C97454971A07534700CB4CA9 /* JSString.cpp */,
				C954A0EE19FBE6EB0040C3FD /* detail */,
				C97454D01A09C5FD00CB4CA9 /* JSExport */,
				C97454C71A0945E300CB4CA9 /* JSClass */,
				C954A0DE19F9E8F00040C3FD /* JSContext */,
				C954A0DF19F9E9280040C3FD /* JSValue */,
				C954A0E019F9E9410040C3FD /* JSObject */,
				C97454801A05FC0000CB4CA9 /* JSLogger */,
			);
			name = JavaScriptCoreCPP;
			path = ..;
			sourceTree = "<group>";
		};
		C936FD4E19CB961A0082CB08 /* JavaScriptCoreCPPTests */ = {
			isa = PBXGroup;
			children = (
				C974542E1A0280A400CB4CA9 /* JSStringTests.mm */,
				C974542A1A0280A400CB4CA9 /* JSContextGroupTests.mm */,
				C974542B1A0280A400CB4CA9 /* JSContextTests.mm */,
				C974542D1A0280A400CB4CA9 /* JSObjectTests.mm */,
				C974542F1A0280A400CB4CA9 /* JSValueTests.mm */,
				C974542C1A0280A400CB4CA9 /* JSExportTests.mm */,
				C97454ED1A0B66E500CB4CA9 /* Widget.hpp */,
				C985CB081A107E96004D4163 /* Widget.cpp */,
				C974548B1A05FC5D00CB4CA9 /* JSLoggerTests.mm */,
				C97454301A0280A400CB4CA9 /* HashUtilitiesTests.mm */,
				C9A4E62F19F2ED2A00CF25BF /* detail */,
				C936FD4F19CB961A0082CB08 /* Supporting Files */,
			);
			path = JavaScriptCoreCPPTests;
			sourceTree = "<group>";
		};
		C936FD4F19CB961A0082CB08 /* Supporting Files */ = {
			isa = PBXGroup;
			children = (
				C936FD5019CB961A0082CB08 /* Info.plist */,
			);
			name = "Supporting Files";
			sourceTree = "<group>";
		};
		C954A0DE19F9E8F00040C3FD /* JSContext */ = {
			isa = PBXGroup;
			children = (
				C97453DC1A027A1800CB4CA9 /* JSContextGroup.hpp */,
				C97453DE1A027A1800CB4CA9 /* JSContextGroup.cpp */,
				C97453DB1A027A1800CB4CA9 /* JSContext.hpp */,
				C97453DD1A027A1800CB4CA9 /* JSContext.cpp */,
			);
			name = JSContext;
			sourceTree = "<group>";
		};
		C954A0DF19F9E9280040C3FD /* JSValue */ = {
			isa = PBXGroup;
			children = (
				C97453E71A027E3D00CB4CA9 /* JSValue.hpp */,
				C97453E81A027E3D00CB4CA9 /* JSValue.cpp */,
				C97453E61A027E3D00CB4CA9 /* JSUndefined.hpp */,
				C97453E41A027E3D00CB4CA9 /* JSNull.hpp */,
				C97453E31A027E3D00CB4CA9 /* JSBoolean.hpp */,
				C97453E51A027E3D00CB4CA9 /* JSNumber.hpp */,
			);
			name = JSValue;
			sourceTree = "<group>";
		};
		C954A0E019F9E9410040C3FD /* JSObject */ = {
			isa = PBXGroup;
			children = (
				C97454E31A09C6F200CB4CA9 /* JSPropertyAttribute.hpp */,
				C974547A1A02BAF200CB4CA9 /* JSPropertyNameArray.hpp */,
				C97454CA1A097E4400CB4CA9 /* JSPropertyNameArray.cpp */,
				C97453F71A027F6000CB4CA9 /* JSObject.hpp */,
				C97453F91A027F6000CB4CA9 /* JSObject.cpp */,
				C97453F31A027F6000CB4CA9 /* JSArray.hpp */,
				C97453FB1A027F6000CB4CA9 /* JSArray.cpp */,
				C97453F41A027F6000CB4CA9 /* JSDate.hpp */,
				C97453FC1A027F6000CB4CA9 /* JSDate.cpp */,
				C97453F51A027F6000CB4CA9 /* JSError.hpp */,
				C97453FD1A027F6000CB4CA9 /* JSError.cpp */,
				C97453F81A027F6000CB4CA9 /* JSRegExp.hpp */,
				C97453FA1A027F6000CB4CA9 /* JSRegExp.cpp */,
				C97453F61A027F6000CB4CA9 /* JSFunction.hpp */,
				C97453FE1A027F6000CB4CA9 /* JSFunction.cpp */,
				C97454D31A09C65D00CB4CA9 /* detail */,
			);
			name = JSObject;
			sourceTree = "<group>";
		};
		C954A0EE19FBE6EB0040C3FD /* detail */ = {
			isa = PBXGroup;
			children = (
				C97454FD1A0D211E00CB4CA9 /* JSBase.hpp */,
				C97455031A0D292500CB4CA9 /* JSBase.cpp */,
				C97454201A02806300CB4CA9 /* JSPerformanceCounter.hpp */,
				C974541F1A02806300CB4CA9 /* JSPerformanceCounterPrinter.hpp */,
				C97454241A02807900CB4CA9 /* HashUtilities.hpp */,
				C97454231A02807900CB4CA9 /* JSUtil.hpp */,
				C97454251A02807900CB4CA9 /* JSUtil.cpp */,
			);
			name = detail;
			sourceTree = "<group>";
		};
		C97454801A05FC0000CB4CA9 /* JSLogger */ = {
			isa = PBXGroup;
			children = (
				C97454D11A09C61900CB4CA9 /* detail */,
			);
			name = JSLogger;
			sourceTree = "<group>";
		};
		C97454C71A0945E300CB4CA9 /* JSClass */ = {
			isa = PBXGroup;
			children = (
				C97454FF1A0D23AD00CB4CA9 /* JSClassDefinition.hpp */,
				C97455001A0D23AD00CB4CA9 /* JSClassDefinition.cpp */,
				C97454BB1A09457700CB4CA9 /* JSClassAttribute.hpp */,
				C974540D1A027FB300CB4CA9 /* JSClass.hpp */,
				C97454911A06D03700CB4CA9 /* JSClass.cpp */,
				C97454D21A09C63700CB4CA9 /* detail */,
			);
			name = JSClass;
			sourceTree = "<group>";
		};
		C97454D01A09C5FD00CB4CA9 /* JSExport */ = {
			isa = PBXGroup;
			children = (
				C9E6AFA31A11653A00FED053 /* JSExportObject.hpp */,
				C9E6AFA41A11653A00FED053 /* JSExportObject.cpp */,
				C97454D51A09C6C300CB4CA9 /* JSExport.hpp */,
				C97454D41A09C6B800CB4CA9 /* detail */,
			);
			name = JSExport;
			sourceTree = "<group>";
		};
		C97454D11A09C61900CB4CA9 /* detail */ = {
			isa = PBXGroup;
			children = (
				C9E6AFAF1A12FB5300FED053 /* JSLogger.hpp */,
				C9E6AFB21A12FB5300FED053 /* JSLoggerPolicyInterface.hpp */,
				C9E6AFB01A12FB5300FED053 /* JSLoggerPolicyConsole.hpp */,
				C9E6AFB11A12FB5300FED053 /* JSLoggerPolicyFile.hpp */,
				C974547E1A05FBEE00CB4CA9 /* JSLoggerPimpl.hpp */,
				C97454891A05FC3F00CB4CA9 /* JSLoggerPimpl.cpp */,
			);
			name = detail;
			sourceTree = "<group>";
		};
		C97454D21A09C63700CB4CA9 /* detail */ = {
			isa = PBXGroup;
			children = (
				C97454D71A09C6D500CB4CA9 /* JSPropertyCallback.hpp */,
				C97454E71A09C79600CB4CA9 /* JSPropertyCallback.cpp */,
				C97454F41A0CFB7000CB4CA9 /* JSStaticValue.hpp */,
				C97454F61A0CFB7000CB4CA9 /* JSStaticValue.cpp */,
				C97454F31A0CFB7000CB4CA9 /* JSStaticFunction.hpp */,
				C97454F51A0CFB7000CB4CA9 /* JSStaticFunction.cpp */,
			);
			name = detail;
			sourceTree = "<group>";
		};
		C97454D31A09C65D00CB4CA9 /* detail */ = {
			isa = PBXGroup;
			children = (
				C97454931A0752E100CB4CA9 /* JSPropertyNameAccumulator.hpp */,
			);
			name = detail;
			sourceTree = "<group>";
		};
		C97454D41A09C6B800CB4CA9 /* detail */ = {
			isa = PBXGroup;
			children = (
				C97455051A0D55E200CB4CA9 /* JSExportClassDefinition.hpp */,
				C97454E51A09C71200CB4CA9 /* JSExportClassDefinitionBuilder.hpp */,
				C97454D81A09C6D500CB4CA9 /* JSExportClass.hpp */,
				C9E6AFA71A11808800FED053 /* JSValueUtil.hpp */,
				C9E6AFA81A11808800FED053 /* JSValueUtil.cpp */,
				C97454D91A09C6D500CB4CA9 /* JSExportNamedValuePropertyCallback.hpp */,
				C97454DA1A09C6D500CB4CA9 /* JSExportNamedFunctionPropertyCallback.hpp */,
				C97454DB1A09C6D500CB4CA9 /* JSExportCallbacks.hpp */,
			);
			name = detail;
			sourceTree = "<group>";
		};
		C9A4E62F19F2ED2A00CF25BF /* detail */ = {
			isa = PBXGroup;
			children = (
				C97454391A02810600CB4CA9 /* GotW71.hpp */,
				C974543A1A02810600CB4CA9 /* LambdaTests.mm */,
				C974543B1A02810600CB4CA9 /* TemplateTests.mm */,
				C9E6AFAD1A11B19500FED053 /* ChronoTests.mm */,
			);
			name = detail;
			sourceTree = "<group>";
		};
/* End PBXGroup section */

/* Begin PBXHeadersBuildPhase section */
		C936FD2F19CB95BE0082CB08 /* Headers */ = {
			isa = PBXHeadersBuildPhase;
			buildActionMask = 2147483647;
			files = (
				C9E6AFF21A13F97500FED053 /* JavaScriptCoreCPP.hpp in Headers */,
				C97454D61A09C6C300CB4CA9 /* JSExport.hpp in Headers */,
				C97453D91A02797E00CB4CA9 /* JSString.hpp in Headers */,
				C974540E1A027FB300CB4CA9 /* JSClass.hpp in Headers */,
				C97454C31A09457700CB4CA9 /* JSClassAttribute.hpp in Headers */,
				C97455011A0D23AD00CB4CA9 /* JSClassDefinition.hpp in Headers */,
				C97453E01A027A1800CB4CA9 /* JSContextGroup.hpp in Headers */,
				C97453DF1A027A1800CB4CA9 /* JSContext.hpp in Headers */,
				C97453EE1A027E3D00CB4CA9 /* JSValue.hpp in Headers */,
				C97453ED1A027E3D00CB4CA9 /* JSUndefined.hpp in Headers */,
				C97453EB1A027E3D00CB4CA9 /* JSNull.hpp in Headers */,
				C97453EA1A027E3D00CB4CA9 /* JSBoolean.hpp in Headers */,
				C97453EC1A027E3D00CB4CA9 /* JSNumber.hpp in Headers */,
				C97454031A027F6000CB4CA9 /* JSObject.hpp in Headers */,
				C97454E41A09C6F200CB4CA9 /* JSPropertyAttribute.hpp in Headers */,
				C974547B1A02BAF200CB4CA9 /* JSPropertyNameArray.hpp in Headers */,
				C97453FF1A027F6000CB4CA9 /* JSArray.hpp in Headers */,
				C97454FE1A0D211E00CB4CA9 /* JSBase.hpp in Headers */,
				C97454001A027F6000CB4CA9 /* JSDate.hpp in Headers */,
				C9E6AFA51A11653A00FED053 /* JSExportObject.hpp in Headers */,
				C97454E61A09C71200CB4CA9 /* JSExportClassDefinitionBuilder.hpp in Headers */,
				C97454011A027F6000CB4CA9 /* JSError.hpp in Headers */,
				C97455061A0D55E200CB4CA9 /* JSExportClassDefinition.hpp in Headers */,
				C97454DE1A09C6D500CB4CA9 /* JSExportClass.hpp in Headers */,
				C97454E11A09C6D500CB4CA9 /* JSExportCallbacks.hpp in Headers */,
				C97454041A027F6000CB4CA9 /* JSRegExp.hpp in Headers */,
				C97454DD1A09C6D500CB4CA9 /* JSPropertyCallback.hpp in Headers */,
				C97454F81A0CFB7000CB4CA9 /* JSStaticValue.hpp in Headers */,
				C97454DF1A09C6D500CB4CA9 /* JSExportNamedValuePropertyCallback.hpp in Headers */,
				C97454F71A0CFB7000CB4CA9 /* JSStaticFunction.hpp in Headers */,
				C97454E01A09C6D500CB4CA9 /* JSExportNamedFunctionPropertyCallback.hpp in Headers */,
				C9E6AFA91A11808800FED053 /* JSValueUtil.hpp in Headers */,
				C97454021A027F6000CB4CA9 /* JSFunction.hpp in Headers */,
				C9E6AFB31A12FB5300FED053 /* JSLogger.hpp in Headers */,
				C9E6AFB61A12FB5300FED053 /* JSLoggerPolicyInterface.hpp in Headers */,
				C9E6AFB41A12FB5300FED053 /* JSLoggerPolicyConsole.hpp in Headers */,
				C9E6AFB51A12FB5300FED053 /* JSLoggerPolicyFile.hpp in Headers */,
				C974547F1A05FBEE00CB4CA9 /* JSLoggerPimpl.hpp in Headers */,
				C97454261A02807900CB4CA9 /* JSUtil.hpp in Headers */,
				C97454271A02807900CB4CA9 /* HashUtilities.hpp in Headers */,
				C97454221A02806300CB4CA9 /* JSPerformanceCounter.hpp in Headers */,
				C97454211A02806300CB4CA9 /* JSPerformanceCounterPrinter.hpp in Headers */,
				C97454941A0752E100CB4CA9 /* JSPropertyNameAccumulator.hpp in Headers */,
			);
			runOnlyForDeploymentPostprocessing = 0;
		};
/* End PBXHeadersBuildPhase section */

/* Begin PBXNativeTarget section */
		C936FD3019CB95BE0082CB08 /* JavaScriptCoreCPP */ = {
			isa = PBXNativeTarget;
			buildConfigurationList = C936FD3C19CB95BE0082CB08 /* Build configuration list for PBXNativeTarget "JavaScriptCoreCPP" */;
			buildPhases = (
				C936FD2D19CB95BE0082CB08 /* Sources */,
				C936FD2E19CB95BE0082CB08 /* Frameworks */,
				C936FD2F19CB95BE0082CB08 /* Headers */,
			);
			buildRules = (
			);
			dependencies = (
			);
			name = JavaScriptCoreCPP;
			productName = JavaScriptCoreCPP;
			productReference = C936FD3119CB95BE0082CB08 /* libJavaScriptCoreCPP.a */;
			productType = "com.apple.product-type.library.static";
		};
		C936FD4C19CB961A0082CB08 /* JavaScriptCoreCPPTests */ = {
			isa = PBXNativeTarget;
			buildConfigurationList = C936FD5319CB961A0082CB08 /* Build configuration list for PBXNativeTarget "JavaScriptCoreCPPTests" */;
			buildPhases = (
				C936FD4919CB961A0082CB08 /* Sources */,
				C936FD4A19CB961A0082CB08 /* Frameworks */,
				C936FD4B19CB961A0082CB08 /* Resources */,
			);
			buildRules = (
			);
			dependencies = (
				C936FD6019CB96630082CB08 /* PBXTargetDependency */,
			);
			name = JavaScriptCoreCPPTests;
			productName = JavaScriptCoreCPPTests;
			productReference = C936FD4D19CB961A0082CB08 /* JavaScriptCoreCPPTests.xctest */;
			productType = "com.apple.product-type.bundle.unit-test";
		};
/* End PBXNativeTarget section */

/* Begin PBXProject section */
		C936FD2919CB95BE0082CB08 /* Project object */ = {
			isa = PBXProject;
			attributes = {
				LastUpgradeCheck = 0610;
				ORGANIZATIONNAME = Appcelerator;
				TargetAttributes = {
					C936FD3019CB95BE0082CB08 = {
						CreatedOnToolsVersion = 6.0.1;
					};
					C936FD4C19CB961A0082CB08 = {
						CreatedOnToolsVersion = 6.0.1;
					};
				};
			};
			buildConfigurationList = C936FD2C19CB95BE0082CB08 /* Build configuration list for PBXProject "JavaScriptCoreCPP" */;
			compatibilityVersion = "Xcode 3.2";
			developmentRegion = English;
			hasScannedForEncodings = 0;
			knownRegions = (
				en,
			);
			mainGroup = C936FD2819CB95BE0082CB08;
			productRefGroup = C936FD3219CB95BE0082CB08 /* Products */;
			projectDirPath = "";
			projectRoot = "";
			targets = (
				C936FD3019CB95BE0082CB08 /* JavaScriptCoreCPP */,
				C936FD4C19CB961A0082CB08 /* JavaScriptCoreCPPTests */,
			);
		};
/* End PBXProject section */

/* Begin PBXResourcesBuildPhase section */
		C936FD4B19CB961A0082CB08 /* Resources */ = {
			isa = PBXResourcesBuildPhase;
			buildActionMask = 2147483647;
			files = (
			);
			runOnlyForDeploymentPostprocessing = 0;
		};
/* End PBXResourcesBuildPhase section */

/* Begin PBXSourcesBuildPhase section */
		C936FD2D19CB95BE0082CB08 /* Sources */ = {
			isa = PBXSourcesBuildPhase;
			buildActionMask = 2147483647;
			files = (
				C97455041A0D292500CB4CA9 /* JSBase.cpp in Sources */,
				C97454981A07534700CB4CA9 /* JSString.cpp in Sources */,
				C97454921A06D03700CB4CA9 /* JSClass.cpp in Sources */,
				C97455021A0D23AD00CB4CA9 /* JSClassDefinition.cpp in Sources */,
				C97453E21A027A1800CB4CA9 /* JSContextGroup.cpp in Sources */,
				C97453E11A027A1800CB4CA9 /* JSContext.cpp in Sources */,
				C97453EF1A027E3D00CB4CA9 /* JSValue.cpp in Sources */,
				C9E6AFAA1A11808800FED053 /* JSValueUtil.cpp in Sources */,
				C97454051A027F6000CB4CA9 /* JSObject.cpp in Sources */,
				C97454CB1A097E4400CB4CA9 /* JSPropertyNameArray.cpp in Sources */,
				C97454071A027F6000CB4CA9 /* JSArray.cpp in Sources */,
				C97454081A027F6000CB4CA9 /* JSDate.cpp in Sources */,
				C97454091A027F6000CB4CA9 /* JSError.cpp in Sources */,
				C97454061A027F6000CB4CA9 /* JSRegExp.cpp in Sources */,
				C974540A1A027F6000CB4CA9 /* JSFunction.cpp in Sources */,
				C9E6AFA61A11653A00FED053 /* JSExportObject.cpp in Sources */,
				C97454E91A09C79600CB4CA9 /* JSPropertyCallback.cpp in Sources */,
				C97454FA1A0CFB7000CB4CA9 /* JSStaticValue.cpp in Sources */,
				C97454F91A0CFB7000CB4CA9 /* JSStaticFunction.cpp in Sources */,
				C974548A1A05FC3F00CB4CA9 /* JSLoggerPimpl.cpp in Sources */,
				C97454281A02807900CB4CA9 /* JSUtil.cpp in Sources */,
			);
			runOnlyForDeploymentPostprocessing = 0;
		};
		C936FD4919CB961A0082CB08 /* Sources */ = {
			isa = PBXSourcesBuildPhase;
			buildActionMask = 2147483647;
			files = (
				C974548C1A05FC5D00CB4CA9 /* JSLoggerTests.mm in Sources */,
				C97454331A0280A400CB4CA9 /* JSExportTests.mm in Sources */,
				C985CB091A107E96004D4163 /* Widget.cpp in Sources */,
				C974543D1A02810600CB4CA9 /* LambdaTests.mm in Sources */,
				C97454311A0280A400CB4CA9 /* JSContextGroupTests.mm in Sources */,
				C97454371A0280A400CB4CA9 /* HashUtilitiesTests.mm in Sources */,
				C97454341A0280A400CB4CA9 /* JSObjectTests.mm in Sources */,
				C97454361A0280A400CB4CA9 /* JSValueTests.mm in Sources */,
				C974543E1A02810600CB4CA9 /* TemplateTests.mm in Sources */,
				C97454321A0280A400CB4CA9 /* JSContextTests.mm in Sources */,
				C9E6AFAE1A11B19500FED053 /* ChronoTests.mm in Sources */,
				C97454351A0280A400CB4CA9 /* JSStringTests.mm in Sources */,
			);
			runOnlyForDeploymentPostprocessing = 0;
		};
/* End PBXSourcesBuildPhase section */

/* Begin PBXTargetDependency section */
		C936FD6019CB96630082CB08 /* PBXTargetDependency */ = {
			isa = PBXTargetDependency;
			target = C936FD3019CB95BE0082CB08 /* JavaScriptCoreCPP */;
			targetProxy = C936FD5F19CB96630082CB08 /* PBXContainerItemProxy */;
		};
/* End PBXTargetDependency section */

/* Begin XCBuildConfiguration section */
		C936FD3A19CB95BE0082CB08 /* Debug */ = {
			isa = XCBuildConfiguration;
			buildSettings = {
				ALWAYS_SEARCH_USER_PATHS = NO;
				CLANG_CXX_LANGUAGE_STANDARD = "c++0x";
				CLANG_CXX_LIBRARY = "libc++";
				CLANG_ENABLE_MODULES = YES;
				CLANG_ENABLE_OBJC_ARC = YES;
				CLANG_WARN_BOOL_CONVERSION = YES;
				CLANG_WARN_CONSTANT_CONVERSION = YES;
				CLANG_WARN_DIRECT_OBJC_ISA_USAGE = YES_ERROR;
				CLANG_WARN_EMPTY_BODY = YES;
				CLANG_WARN_ENUM_CONVERSION = YES;
				CLANG_WARN_INT_CONVERSION = YES;
				CLANG_WARN_OBJC_ROOT_CLASS = YES_ERROR;
				CLANG_WARN_UNREACHABLE_CODE = YES;
				CLANG_WARN__DUPLICATE_METHOD_MATCH = YES;
				CLANG_WARN__EXIT_TIME_DESTRUCTORS = NO;
				COPY_PHASE_STRIP = NO;
				ENABLE_STRICT_OBJC_MSGSEND = YES;
				GCC_C_LANGUAGE_STANDARD = gnu99;
				GCC_DYNAMIC_NO_PIC = NO;
				GCC_OPTIMIZATION_LEVEL = 0;
				GCC_PREPROCESSOR_DEFINITIONS = (
					"TRAVIS=$(TRAVIS)",
					"DEBUG=1",
					"$(inherited)",
				);
				GCC_SYMBOLS_PRIVATE_EXTERN = NO;
				GCC_WARN_64_TO_32_BIT_CONVERSION = YES;
				GCC_WARN_ABOUT_RETURN_TYPE = YES_ERROR;
				GCC_WARN_HIDDEN_VIRTUAL_FUNCTIONS = YES;
				GCC_WARN_NON_VIRTUAL_DESTRUCTOR = YES;
				GCC_WARN_UNDECLARED_SELECTOR = YES;
				GCC_WARN_UNINITIALIZED_AUTOS = YES_AGGRESSIVE;
				GCC_WARN_UNUSED_FUNCTION = YES;
				GCC_WARN_UNUSED_VARIABLE = YES;
				MACOSX_DEPLOYMENT_TARGET = 10.9;
				MTL_ENABLE_DEBUG_INFO = YES;
				ONLY_ACTIVE_ARCH = YES;
				OTHER_CPLUSPLUSFLAGS = "$(OTHER_CFLAGS)";
				SDKROOT = macosx;
				USER_HEADER_SEARCH_PATHS = "../include ../examples ../../Util/include";
			};
			name = Debug;
		};
		C936FD3B19CB95BE0082CB08 /* Release */ = {
			isa = XCBuildConfiguration;
			buildSettings = {
				ALWAYS_SEARCH_USER_PATHS = NO;
				CLANG_CXX_LANGUAGE_STANDARD = "c++0x";
				CLANG_CXX_LIBRARY = "libc++";
				CLANG_ENABLE_MODULES = YES;
				CLANG_ENABLE_OBJC_ARC = YES;
				CLANG_WARN_BOOL_CONVERSION = YES;
				CLANG_WARN_CONSTANT_CONVERSION = YES;
				CLANG_WARN_DIRECT_OBJC_ISA_USAGE = YES_ERROR;
				CLANG_WARN_EMPTY_BODY = YES;
				CLANG_WARN_ENUM_CONVERSION = YES;
				CLANG_WARN_INT_CONVERSION = YES;
				CLANG_WARN_OBJC_ROOT_CLASS = YES_ERROR;
				CLANG_WARN_UNREACHABLE_CODE = YES;
				CLANG_WARN__DUPLICATE_METHOD_MATCH = YES;
				CLANG_WARN__EXIT_TIME_DESTRUCTORS = NO;
				COPY_PHASE_STRIP = YES;
				DEBUG_INFORMATION_FORMAT = "dwarf-with-dsym";
				ENABLE_NS_ASSERTIONS = NO;
				ENABLE_STRICT_OBJC_MSGSEND = YES;
				GCC_C_LANGUAGE_STANDARD = gnu99;
				GCC_WARN_64_TO_32_BIT_CONVERSION = YES;
				GCC_WARN_ABOUT_RETURN_TYPE = YES_ERROR;
				GCC_WARN_HIDDEN_VIRTUAL_FUNCTIONS = YES;
				GCC_WARN_NON_VIRTUAL_DESTRUCTOR = YES;
				GCC_WARN_UNDECLARED_SELECTOR = YES;
				GCC_WARN_UNINITIALIZED_AUTOS = YES_AGGRESSIVE;
				GCC_WARN_UNUSED_FUNCTION = YES;
				GCC_WARN_UNUSED_VARIABLE = YES;
				MACOSX_DEPLOYMENT_TARGET = 10.9;
				MTL_ENABLE_DEBUG_INFO = NO;
				OTHER_CPLUSPLUSFLAGS = "$(OTHER_CFLAGS)";
				SDKROOT = macosx;
				USER_HEADER_SEARCH_PATHS = "../include ../examples ../../Util/include";
			};
			name = Release;
		};
		C936FD3D19CB95BE0082CB08 /* Debug */ = {
			isa = XCBuildConfiguration;
			buildSettings = {
				COMBINE_HIDPI_IMAGES = YES;
				EXECUTABLE_PREFIX = lib;
				GCC_ENABLE_CPP_EXCEPTIONS = YES;
				GCC_ENABLE_CPP_RTTI = YES;
				GCC_SYMBOLS_PRIVATE_EXTERN = NO;
				PRODUCT_NAME = "$(TARGET_NAME)";
			};
			name = Debug;
		};
		C936FD3E19CB95BE0082CB08 /* Release */ = {
			isa = XCBuildConfiguration;
			buildSettings = {
				COMBINE_HIDPI_IMAGES = YES;
				EXECUTABLE_PREFIX = lib;
				GCC_ENABLE_CPP_EXCEPTIONS = YES;
				GCC_ENABLE_CPP_RTTI = YES;
				GCC_SYMBOLS_PRIVATE_EXTERN = NO;
				PRODUCT_NAME = "$(TARGET_NAME)";
			};
			name = Release;
		};
		C936FD5419CB961A0082CB08 /* Debug */ = {
			isa = XCBuildConfiguration;
			buildSettings = {
				COMBINE_HIDPI_IMAGES = YES;
				FRAMEWORK_SEARCH_PATHS = (
					"$(DEVELOPER_FRAMEWORKS_DIR)",
					"$(inherited)",
				);
				INFOPLIST_FILE = JavaScriptCoreCPPTests/Info.plist;
				LD_RUNPATH_SEARCH_PATHS = "$(inherited) @executable_path/../Frameworks @loader_path/../Frameworks";
				PRODUCT_NAME = "$(TARGET_NAME)";
			};
			name = Debug;
		};
		C936FD5519CB961A0082CB08 /* Release */ = {
			isa = XCBuildConfiguration;
			buildSettings = {
				COMBINE_HIDPI_IMAGES = YES;
				FRAMEWORK_SEARCH_PATHS = (
					"$(DEVELOPER_FRAMEWORKS_DIR)",
					"$(inherited)",
				);
				INFOPLIST_FILE = JavaScriptCoreCPPTests/Info.plist;
				LD_RUNPATH_SEARCH_PATHS = "$(inherited) @executable_path/../Frameworks @loader_path/../Frameworks";
				PRODUCT_NAME = "$(TARGET_NAME)";
			};
			name = Release;
		};
/* End XCBuildConfiguration section */

/* Begin XCConfigurationList section */
		C936FD2C19CB95BE0082CB08 /* Build configuration list for PBXProject "JavaScriptCoreCPP" */ = {
			isa = XCConfigurationList;
			buildConfigurations = (
				C936FD3A19CB95BE0082CB08 /* Debug */,
				C936FD3B19CB95BE0082CB08 /* Release */,
			);
			defaultConfigurationIsVisible = 0;
			defaultConfigurationName = Release;
		};
		C936FD3C19CB95BE0082CB08 /* Build configuration list for PBXNativeTarget "JavaScriptCoreCPP" */ = {
			isa = XCConfigurationList;
			buildConfigurations = (
				C936FD3D19CB95BE0082CB08 /* Debug */,
				C936FD3E19CB95BE0082CB08 /* Release */,
			);
			defaultConfigurationIsVisible = 0;
			defaultConfigurationName = Release;
		};
		C936FD5319CB961A0082CB08 /* Build configuration list for PBXNativeTarget "JavaScriptCoreCPPTests" */ = {
			isa = XCConfigurationList;
			buildConfigurations = (
				C936FD5419CB961A0082CB08 /* Debug */,
				C936FD5519CB961A0082CB08 /* Release */,
			);
			defaultConfigurationIsVisible = 0;
			defaultConfigurationName = Release;
		};
/* End XCConfigurationList section */
	};
	rootObject = C936FD2919CB95BE0082CB08 /* Project object */;
}
