// !$*UTF8*$!
{
	archiveVersion = 1;
	classes = {
	};
	objectVersion = 46;
	objects = {

/* Begin PBXBuildFile section */
		C936FD4419CB95EC0082CB08 /* JSContext.cpp in Sources */ = {isa = PBXBuildFile; fileRef = C936FD3F19CB95EC0082CB08 /* JSContext.cpp */; };
		C936FD4519CB95EC0082CB08 /* JSProxy.cpp in Sources */ = {isa = PBXBuildFile; fileRef = C936FD4019CB95EC0082CB08 /* JSProxy.cpp */; };
		C936FD4619CB95EC0082CB08 /* JSString.cpp in Sources */ = {isa = PBXBuildFile; fileRef = C936FD4119CB95EC0082CB08 /* JSString.cpp */; };
		C936FD4719CB95EC0082CB08 /* JSValue.cpp in Sources */ = {isa = PBXBuildFile; fileRef = C936FD4219CB95EC0082CB08 /* JSValue.cpp */; };
		C936FD4819CB95EC0082CB08 /* JSVirtualMachine.cpp in Sources */ = {isa = PBXBuildFile; fileRef = C936FD4319CB95EC0082CB08 /* JSVirtualMachine.cpp */; };
		C936FD5B19CB962E0082CB08 /* JSStringTests.mm in Sources */ = {isa = PBXBuildFile; fileRef = C936FD5619CB962E0082CB08 /* JSStringTests.mm */; };
		C936FD5C19CB962E0082CB08 /* JSProxyTests.mm in Sources */ = {isa = PBXBuildFile; fileRef = C936FD5719CB962E0082CB08 /* JSProxyTests.mm */; };
		C936FD5D19CB962E0082CB08 /* JSContextTests.mm in Sources */ = {isa = PBXBuildFile; fileRef = C936FD5819CB962E0082CB08 /* JSContextTests.mm */; };
		C936FD5E19CB962E0082CB08 /* GotW71.cpp in Sources */ = {isa = PBXBuildFile; fileRef = C936FD5919CB962E0082CB08 /* GotW71.cpp */; };
		C936FD6119CB96650082CB08 /* libJavaScriptCoreCPP.a in Frameworks */ = {isa = PBXBuildFile; fileRef = C936FD3119CB95BE0082CB08 /* libJavaScriptCoreCPP.a */; };
		C936FD6319CB966B0082CB08 /* JavaScriptCore.framework in Frameworks */ = {isa = PBXBuildFile; fileRef = C936FD6219CB966B0082CB08 /* JavaScriptCore.framework */; };
		C936FD6919CB97930082CB08 /* JSContext.h in Headers */ = {isa = PBXBuildFile; fileRef = C936FD6419CB97930082CB08 /* JSContext.h */; };
		C936FD6A19CB97930082CB08 /* JSProxy.h in Headers */ = {isa = PBXBuildFile; fileRef = C936FD6519CB97930082CB08 /* JSProxy.h */; };
		C936FD6B19CB97930082CB08 /* JSString.h in Headers */ = {isa = PBXBuildFile; fileRef = C936FD6619CB97930082CB08 /* JSString.h */; };
		C936FD6C19CB97930082CB08 /* JSValue.h in Headers */ = {isa = PBXBuildFile; fileRef = C936FD6719CB97930082CB08 /* JSValue.h */; };
		C936FD6D19CB97930082CB08 /* JSVirtualMachine.h in Headers */ = {isa = PBXBuildFile; fileRef = C936FD6819CB97930082CB08 /* JSVirtualMachine.h */; };
		C936FD6F19CC949E0082CB08 /* JSValueTests.mm in Sources */ = {isa = PBXBuildFile; fileRef = C936FD6E19CC949E0082CB08 /* JSValueTests.mm */; };
		C941452919D899B100EC5678 /* TemplateTests.mm in Sources */ = {isa = PBXBuildFile; fileRef = C941452819D899B100EC5678 /* TemplateTests.mm */; };
		C941452B19D9C9CD00EC5678 /* LambdaTests.mm in Sources */ = {isa = PBXBuildFile; fileRef = C941452A19D9C9CD00EC5678 /* LambdaTests.mm */; };
		C9A4E62519F2EC6B00CF25BF /* JSClass.hpp in Headers */ = {isa = PBXBuildFile; fileRef = C9A4E61D19F2EC6B00CF25BF /* JSClass.hpp */; };
		C9A4E62619F2EC6B00CF25BF /* JSClassDefinition.hpp in Headers */ = {isa = PBXBuildFile; fileRef = C9A4E61E19F2EC6B00CF25BF /* JSClassDefinition.hpp */; };
		C9A4E62719F2EC6B00CF25BF /* JSContext.hpp in Headers */ = {isa = PBXBuildFile; fileRef = C9A4E61F19F2EC6B00CF25BF /* JSContext.hpp */; };
		C9A4E62819F2EC6B00CF25BF /* JSContextGroup.hpp in Headers */ = {isa = PBXBuildFile; fileRef = C9A4E62019F2EC6B00CF25BF /* JSContextGroup.hpp */; };
		C9A4E62919F2EC6B00CF25BF /* JSObject.hpp in Headers */ = {isa = PBXBuildFile; fileRef = C9A4E62119F2EC6B00CF25BF /* JSObject.hpp */; };
		C9A4E62A19F2EC6B00CF25BF /* JSStaticValue.hpp in Headers */ = {isa = PBXBuildFile; fileRef = C9A4E62219F2EC6B00CF25BF /* JSStaticValue.hpp */; };
		C9A4E62B19F2EC6B00CF25BF /* JSString.hpp in Headers */ = {isa = PBXBuildFile; fileRef = C9A4E62319F2EC6B00CF25BF /* JSString.hpp */; };
		C9A4E62C19F2EC6B00CF25BF /* JSValue.hpp in Headers */ = {isa = PBXBuildFile; fileRef = C9A4E62419F2EC6B00CF25BF /* JSValue.hpp */; };
		C9A4E63219F2ED6F00CF25BF /* JSContextGroupTests.mm in Sources */ = {isa = PBXBuildFile; fileRef = C9A4E63119F2ED6F00CF25BF /* JSContextGroupTests.mm */; };
		C9A4E63419F2FC0F00CF25BF /* JSContextTests.mm in Sources */ = {isa = PBXBuildFile; fileRef = C9A4E63319F2FC0F00CF25BF /* JSContextTests.mm */; };
		C9A4E63619F2FF2B00CF25BF /* JSStringTests.mm in Sources */ = {isa = PBXBuildFile; fileRef = C9A4E63519F2FF2B00CF25BF /* JSStringTests.mm */; };
		C9A4E63819F32E7900CF25BF /* JSValueTests.mm in Sources */ = {isa = PBXBuildFile; fileRef = C9A4E63719F32E7900CF25BF /* JSValueTests.mm */; };
		C9A4E63D19F420EB00CF25BF /* JSObjectTests.mm in Sources */ = {isa = PBXBuildFile; fileRef = C9A4E63C19F420EB00CF25BF /* JSObjectTests.mm */; };
		C9A4E64019F452A600CF25BF /* JSUndefined.hpp in Headers */ = {isa = PBXBuildFile; fileRef = C9A4E63E19F452A600CF25BF /* JSUndefined.hpp */; };
		C9A4E64319F4533800CF25BF /* JSNull.hpp in Headers */ = {isa = PBXBuildFile; fileRef = C9A4E64219F4533800CF25BF /* JSNull.hpp */; };
		C9A4E64519F46C3200CF25BF /* JSBoolean.hpp in Headers */ = {isa = PBXBuildFile; fileRef = C9A4E64419F46C3200CF25BF /* JSBoolean.hpp */; };
		C9A4E64719F4701500CF25BF /* JSNumber.hpp in Headers */ = {isa = PBXBuildFile; fileRef = C9A4E64619F4701500CF25BF /* JSNumber.hpp */; };
		C9A4E64919F4701F00CF25BF /* JSNumber.cpp in Sources */ = {isa = PBXBuildFile; fileRef = C9A4E64819F4701F00CF25BF /* JSNumber.cpp */; };
		C9A4E64D19F49E5700CF25BF /* JSArray.hpp in Headers */ = {isa = PBXBuildFile; fileRef = C9A4E64C19F49E5700CF25BF /* JSArray.hpp */; };
		C9A4E65119F4E47100CF25BF /* JSObject.cpp in Sources */ = {isa = PBXBuildFile; fileRef = C9A4E65019F4E47100CF25BF /* JSObject.cpp */; };
		C9A4E65319F553CA00CF25BF /* JSPropertyNameArray.hpp in Headers */ = {isa = PBXBuildFile; fileRef = C9A4E65219F553CA00CF25BF /* JSPropertyNameArray.hpp */; };
		C9A4E65519F558CE00CF25BF /* JSValue.cpp in Sources */ = {isa = PBXBuildFile; fileRef = C9A4E65419F558CE00CF25BF /* JSValue.cpp */; };
		C9A4E65719F5914B00CF25BF /* JSArray.cpp in Sources */ = {isa = PBXBuildFile; fileRef = C9A4E65619F5914B00CF25BF /* JSArray.cpp */; };
		C9A4E65919F5B12700CF25BF /* HashUtilities.hpp in Headers */ = {isa = PBXBuildFile; fileRef = C9A4E65819F5B12700CF25BF /* HashUtilities.hpp */; };
		C9A4E65D19F5BC6E00CF25BF /* JSDate.hpp in Headers */ = {isa = PBXBuildFile; fileRef = C9A4E65C19F5BC6E00CF25BF /* JSDate.hpp */; };
		C9A4E65F19F5BC7A00CF25BF /* JSDate.cpp in Sources */ = {isa = PBXBuildFile; fileRef = C9A4E65E19F5BC7A00CF25BF /* JSDate.cpp */; };
		C9A4E66119F5BEEF00CF25BF /* JSError.hpp in Headers */ = {isa = PBXBuildFile; fileRef = C9A4E66019F5BEEF00CF25BF /* JSError.hpp */; };
		C9A4E66319F5BEF700CF25BF /* JSError.cpp in Sources */ = {isa = PBXBuildFile; fileRef = C9A4E66219F5BEF700CF25BF /* JSError.cpp */; };
		C9A4E66519F5BFFE00CF25BF /* JSRegExp.hpp in Headers */ = {isa = PBXBuildFile; fileRef = C9A4E66419F5BFFE00CF25BF /* JSRegExp.hpp */; };
		C9A4E66719F5C00A00CF25BF /* JSRegExp.cpp in Sources */ = {isa = PBXBuildFile; fileRef = C9A4E66619F5C00A00CF25BF /* JSRegExp.cpp */; };
		C9A4E66919F5C61900CF25BF /* JSFunction.hpp in Headers */ = {isa = PBXBuildFile; fileRef = C9A4E66819F5C61900CF25BF /* JSFunction.hpp */; };
		C9A4E66B19F5C62200CF25BF /* JSFunction.cpp in Sources */ = {isa = PBXBuildFile; fileRef = C9A4E66A19F5C62200CF25BF /* JSFunction.cpp */; };
		C9A4E66F19F721C900CF25BF /* JSPropertyNameAccumulator.hpp in Headers */ = {isa = PBXBuildFile; fileRef = C9A4E66E19F721C900CF25BF /* JSPropertyNameAccumulator.hpp */; };
		C9A4E67119F7363900CF25BF /* JSStaticValue.cpp in Sources */ = {isa = PBXBuildFile; fileRef = C9A4E67019F7363900CF25BF /* JSStaticValue.cpp */; };
		C9A4E67319F75BA600CF25BF /* JSStaticFunction.hpp in Headers */ = {isa = PBXBuildFile; fileRef = C9A4E67219F75BA600CF25BF /* JSStaticFunction.hpp */; };
		C9A4E67519F75BB200CF25BF /* JSStaticFunction.cpp in Sources */ = {isa = PBXBuildFile; fileRef = C9A4E67419F75BB200CF25BF /* JSStaticFunction.cpp */; };
		C9A4E67919F7611600CF25BF /* JSClassDefinition.cpp in Sources */ = {isa = PBXBuildFile; fileRef = C9A4E67719F7611600CF25BF /* JSClassDefinition.cpp */; };
		C9A4E67B19F8359C00CF25BF /* JSClassBuilderTests.mm in Sources */ = {isa = PBXBuildFile; fileRef = C9A4E67A19F8359C00CF25BF /* JSClassBuilderTests.mm */; };
		C9A4E67D19F835FC00CF25BF /* HashUtilitiesTests.mm in Sources */ = {isa = PBXBuildFile; fileRef = C9A4E67C19F835FC00CF25BF /* HashUtilitiesTests.mm */; };
		C9A4E68119F87C9800CF25BF /* JSClass.cpp in Sources */ = {isa = PBXBuildFile; fileRef = C9A4E68019F87C9800CF25BF /* JSClass.cpp */; };
		C9A4E68819F8876A00CF25BF /* JSContext.cpp in Sources */ = {isa = PBXBuildFile; fileRef = C9A4E68719F8876A00CF25BF /* JSContext.cpp */; };
		C9BD384119D0DF3900609F73 /* JSObject.cpp in Sources */ = {isa = PBXBuildFile; fileRef = C9BD383F19D0DF3900609F73 /* JSObject.cpp */; };
		C9BD384219D0DF3900609F73 /* JSObject.h in Headers */ = {isa = PBXBuildFile; fileRef = C9BD384019D0DF3900609F73 /* JSObject.h */; };
		C9BD384419D0F9DA00609F73 /* JSObjectTests.mm in Sources */ = {isa = PBXBuildFile; fileRef = C9BD384319D0F9DA00609F73 /* JSObjectTests.mm */; };
		C9BD384719D0FEC900609F73 /* JSClass.h in Headers */ = {isa = PBXBuildFile; fileRef = C9BD384519D0FEC900609F73 /* JSClass.h */; };
		C9BD384819D0FEC900609F73 /* JSClass.cpp in Sources */ = {isa = PBXBuildFile; fileRef = C9BD384619D0FEC900609F73 /* JSClass.cpp */; };
		C9BD384A19D0FF1300609F73 /* JSClassTests.mm in Sources */ = {isa = PBXBuildFile; fileRef = C9BD384919D0FF1300609F73 /* JSClassTests.mm */; };
/* End PBXBuildFile section */

/* Begin PBXContainerItemProxy section */
		C936FD5F19CB96630082CB08 /* PBXContainerItemProxy */ = {
			isa = PBXContainerItemProxy;
			containerPortal = C936FD2919CB95BE0082CB08 /* Project object */;
			proxyType = 1;
			remoteGlobalIDString = C936FD3019CB95BE0082CB08;
			remoteInfo = JavaScriptCoreCPP;
		};
/* End PBXContainerItemProxy section */

/* Begin PBXFileReference section */
		C936FD3119CB95BE0082CB08 /* libJavaScriptCoreCPP.a */ = {isa = PBXFileReference; explicitFileType = archive.ar; includeInIndex = 0; path = libJavaScriptCoreCPP.a; sourceTree = BUILT_PRODUCTS_DIR; };
		C936FD3F19CB95EC0082CB08 /* JSContext.cpp */ = {isa = PBXFileReference; fileEncoding = 4; lastKnownFileType = sourcecode.cpp.cpp; name = JSContext.cpp; path = src/JSContext.cpp; sourceTree = "<group>"; };
		C936FD4019CB95EC0082CB08 /* JSProxy.cpp */ = {isa = PBXFileReference; fileEncoding = 4; lastKnownFileType = sourcecode.cpp.cpp; name = JSProxy.cpp; path = src/JSProxy.cpp; sourceTree = "<group>"; };
		C936FD4119CB95EC0082CB08 /* JSString.cpp */ = {isa = PBXFileReference; fileEncoding = 4; lastKnownFileType = sourcecode.cpp.cpp; name = JSString.cpp; path = src/JSString.cpp; sourceTree = "<group>"; };
		C936FD4219CB95EC0082CB08 /* JSValue.cpp */ = {isa = PBXFileReference; fileEncoding = 4; lastKnownFileType = sourcecode.cpp.cpp; name = JSValue.cpp; path = src/JSValue.cpp; sourceTree = "<group>"; };
		C936FD4319CB95EC0082CB08 /* JSVirtualMachine.cpp */ = {isa = PBXFileReference; fileEncoding = 4; lastKnownFileType = sourcecode.cpp.cpp; name = JSVirtualMachine.cpp; path = src/JSVirtualMachine.cpp; sourceTree = "<group>"; };
		C936FD4D19CB961A0082CB08 /* JavaScriptCoreCPPTests.xctest */ = {isa = PBXFileReference; explicitFileType = wrapper.cfbundle; includeInIndex = 0; path = JavaScriptCoreCPPTests.xctest; sourceTree = BUILT_PRODUCTS_DIR; };
		C936FD5019CB961A0082CB08 /* Info.plist */ = {isa = PBXFileReference; lastKnownFileType = text.plist.xml; path = Info.plist; sourceTree = "<group>"; };
		C936FD5619CB962E0082CB08 /* JSStringTests.mm */ = {isa = PBXFileReference; fileEncoding = 4; lastKnownFileType = sourcecode.cpp.objcpp; path = JSStringTests.mm; sourceTree = "<group>"; };
		C936FD5719CB962E0082CB08 /* JSProxyTests.mm */ = {isa = PBXFileReference; fileEncoding = 4; lastKnownFileType = sourcecode.cpp.objcpp; path = JSProxyTests.mm; sourceTree = "<group>"; };
		C936FD5819CB962E0082CB08 /* JSContextTests.mm */ = {isa = PBXFileReference; fileEncoding = 4; lastKnownFileType = sourcecode.cpp.objcpp; path = JSContextTests.mm; sourceTree = "<group>"; };
		C936FD5919CB962E0082CB08 /* GotW71.cpp */ = {isa = PBXFileReference; fileEncoding = 4; lastKnownFileType = sourcecode.cpp.cpp; path = GotW71.cpp; sourceTree = "<group>"; };
		C936FD5A19CB962E0082CB08 /* GotW71.h */ = {isa = PBXFileReference; fileEncoding = 4; lastKnownFileType = sourcecode.c.h; path = GotW71.h; sourceTree = "<group>"; };
		C936FD6219CB966B0082CB08 /* JavaScriptCore.framework */ = {isa = PBXFileReference; lastKnownFileType = wrapper.framework; name = JavaScriptCore.framework; path = System/Library/Frameworks/JavaScriptCore.framework; sourceTree = SDKROOT; };
		C936FD6419CB97930082CB08 /* JSContext.h */ = {isa = PBXFileReference; fileEncoding = 4; lastKnownFileType = sourcecode.c.h; name = JSContext.h; path = include/JavaScriptCoreCPP/JSContext.h; sourceTree = "<group>"; };
		C936FD6519CB97930082CB08 /* JSProxy.h */ = {isa = PBXFileReference; fileEncoding = 4; lastKnownFileType = sourcecode.c.h; name = JSProxy.h; path = include/JavaScriptCoreCPP/JSProxy.h; sourceTree = "<group>"; };
		C936FD6619CB97930082CB08 /* JSString.h */ = {isa = PBXFileReference; fileEncoding = 4; lastKnownFileType = sourcecode.c.h; name = JSString.h; path = include/JavaScriptCoreCPP/JSString.h; sourceTree = "<group>"; };
		C936FD6719CB97930082CB08 /* JSValue.h */ = {isa = PBXFileReference; fileEncoding = 4; lastKnownFileType = sourcecode.c.h; name = JSValue.h; path = include/JavaScriptCoreCPP/JSValue.h; sourceTree = "<group>"; };
		C936FD6819CB97930082CB08 /* JSVirtualMachine.h */ = {isa = PBXFileReference; fileEncoding = 4; lastKnownFileType = sourcecode.c.h; name = JSVirtualMachine.h; path = include/JavaScriptCoreCPP/JSVirtualMachine.h; sourceTree = "<group>"; };
		C936FD6E19CC949E0082CB08 /* JSValueTests.mm */ = {isa = PBXFileReference; fileEncoding = 4; lastKnownFileType = sourcecode.cpp.objcpp; path = JSValueTests.mm; sourceTree = "<group>"; };
		C941452819D899B100EC5678 /* TemplateTests.mm */ = {isa = PBXFileReference; fileEncoding = 4; lastKnownFileType = sourcecode.cpp.objcpp; path = TemplateTests.mm; sourceTree = "<group>"; };
		C941452A19D9C9CD00EC5678 /* LambdaTests.mm */ = {isa = PBXFileReference; fileEncoding = 4; lastKnownFileType = sourcecode.cpp.objcpp; path = LambdaTests.mm; sourceTree = "<group>"; };
		C9A4E61D19F2EC6B00CF25BF /* JSClass.hpp */ = {isa = PBXFileReference; fileEncoding = 4; lastKnownFileType = sourcecode.cpp.h; name = JSClass.hpp; path = include/JavaScriptCoreCPP/RAII/JSClass.hpp; sourceTree = "<group>"; };
		C9A4E61E19F2EC6B00CF25BF /* JSClassDefinition.hpp */ = {isa = PBXFileReference; fileEncoding = 4; lastKnownFileType = sourcecode.cpp.h; name = JSClassDefinition.hpp; path = include/JavaScriptCoreCPP/RAII/JSClassDefinition.hpp; sourceTree = "<group>"; };
		C9A4E61F19F2EC6B00CF25BF /* JSContext.hpp */ = {isa = PBXFileReference; fileEncoding = 4; lastKnownFileType = sourcecode.cpp.h; name = JSContext.hpp; path = include/JavaScriptCoreCPP/RAII/JSContext.hpp; sourceTree = "<group>"; };
		C9A4E62019F2EC6B00CF25BF /* JSContextGroup.hpp */ = {isa = PBXFileReference; fileEncoding = 4; lastKnownFileType = sourcecode.cpp.h; name = JSContextGroup.hpp; path = include/JavaScriptCoreCPP/RAII/JSContextGroup.hpp; sourceTree = "<group>"; };
		C9A4E62119F2EC6B00CF25BF /* JSObject.hpp */ = {isa = PBXFileReference; fileEncoding = 4; lastKnownFileType = sourcecode.cpp.h; name = JSObject.hpp; path = include/JavaScriptCoreCPP/RAII/JSObject.hpp; sourceTree = "<group>"; };
		C9A4E62219F2EC6B00CF25BF /* JSStaticValue.hpp */ = {isa = PBXFileReference; fileEncoding = 4; lastKnownFileType = sourcecode.cpp.h; name = JSStaticValue.hpp; path = include/JavaScriptCoreCPP/RAII/JSStaticValue.hpp; sourceTree = "<group>"; };
		C9A4E62319F2EC6B00CF25BF /* JSString.hpp */ = {isa = PBXFileReference; fileEncoding = 4; lastKnownFileType = sourcecode.cpp.h; name = JSString.hpp; path = include/JavaScriptCoreCPP/RAII/JSString.hpp; sourceTree = "<group>"; };
		C9A4E62419F2EC6B00CF25BF /* JSValue.hpp */ = {isa = PBXFileReference; fileEncoding = 4; lastKnownFileType = sourcecode.cpp.h; name = JSValue.hpp; path = include/JavaScriptCoreCPP/RAII/JSValue.hpp; sourceTree = "<group>"; };
		C9A4E63119F2ED6F00CF25BF /* JSContextGroupTests.mm */ = {isa = PBXFileReference; fileEncoding = 4; lastKnownFileType = sourcecode.cpp.objcpp; name = JSContextGroupTests.mm; path = RAII/JSContextGroupTests.mm; sourceTree = "<group>"; };
		C9A4E63319F2FC0F00CF25BF /* JSContextTests.mm */ = {isa = PBXFileReference; fileEncoding = 4; lastKnownFileType = sourcecode.cpp.objcpp; name = JSContextTests.mm; path = RAII/JSContextTests.mm; sourceTree = "<group>"; };
		C9A4E63519F2FF2B00CF25BF /* JSStringTests.mm */ = {isa = PBXFileReference; fileEncoding = 4; lastKnownFileType = sourcecode.cpp.objcpp; name = JSStringTests.mm; path = RAII/JSStringTests.mm; sourceTree = "<group>"; };
		C9A4E63719F32E7900CF25BF /* JSValueTests.mm */ = {isa = PBXFileReference; fileEncoding = 4; lastKnownFileType = sourcecode.cpp.objcpp; name = JSValueTests.mm; path = RAII/JSValueTests.mm; sourceTree = "<group>"; };
		C9A4E63C19F420EB00CF25BF /* JSObjectTests.mm */ = {isa = PBXFileReference; fileEncoding = 4; lastKnownFileType = sourcecode.cpp.objcpp; name = JSObjectTests.mm; path = RAII/JSObjectTests.mm; sourceTree = "<group>"; };
		C9A4E63E19F452A600CF25BF /* JSUndefined.hpp */ = {isa = PBXFileReference; fileEncoding = 4; lastKnownFileType = sourcecode.cpp.h; name = JSUndefined.hpp; path = include/JavaScriptCoreCPP/RAII/JSUndefined.hpp; sourceTree = "<group>"; };
		C9A4E64219F4533800CF25BF /* JSNull.hpp */ = {isa = PBXFileReference; fileEncoding = 4; lastKnownFileType = sourcecode.cpp.h; name = JSNull.hpp; path = include/JavaScriptCoreCPP/RAII/JSNull.hpp; sourceTree = "<group>"; };
		C9A4E64419F46C3200CF25BF /* JSBoolean.hpp */ = {isa = PBXFileReference; fileEncoding = 4; lastKnownFileType = sourcecode.cpp.h; name = JSBoolean.hpp; path = include/JavaScriptCoreCPP/RAII/JSBoolean.hpp; sourceTree = "<group>"; };
		C9A4E64619F4701500CF25BF /* JSNumber.hpp */ = {isa = PBXFileReference; fileEncoding = 4; lastKnownFileType = sourcecode.cpp.h; name = JSNumber.hpp; path = include/JavaScriptCoreCPP/RAII/JSNumber.hpp; sourceTree = "<group>"; };
		C9A4E64819F4701F00CF25BF /* JSNumber.cpp */ = {isa = PBXFileReference; fileEncoding = 4; lastKnownFileType = sourcecode.cpp.cpp; name = JSNumber.cpp; path = src/RAII/JSNumber.cpp; sourceTree = "<group>"; };
		C9A4E64C19F49E5700CF25BF /* JSArray.hpp */ = {isa = PBXFileReference; fileEncoding = 4; lastKnownFileType = sourcecode.cpp.h; name = JSArray.hpp; path = include/JavaScriptCoreCPP/RAII/JSArray.hpp; sourceTree = "<group>"; };
		C9A4E65019F4E47100CF25BF /* JSObject.cpp */ = {isa = PBXFileReference; fileEncoding = 4; lastKnownFileType = sourcecode.cpp.cpp; name = JSObject.cpp; path = src/RAII/JSObject.cpp; sourceTree = "<group>"; };
		C9A4E65219F553CA00CF25BF /* JSPropertyNameArray.hpp */ = {isa = PBXFileReference; fileEncoding = 4; lastKnownFileType = sourcecode.cpp.h; name = JSPropertyNameArray.hpp; path = src/RAII/JSPropertyNameArray.hpp; sourceTree = "<group>"; };
		C9A4E65419F558CE00CF25BF /* JSValue.cpp */ = {isa = PBXFileReference; fileEncoding = 4; lastKnownFileType = sourcecode.cpp.cpp; name = JSValue.cpp; path = src/RAII/JSValue.cpp; sourceTree = "<group>"; };
		C9A4E65619F5914B00CF25BF /* JSArray.cpp */ = {isa = PBXFileReference; fileEncoding = 4; lastKnownFileType = sourcecode.cpp.cpp; name = JSArray.cpp; path = src/RAII/JSArray.cpp; sourceTree = "<group>"; };
		C9A4E65819F5B12700CF25BF /* HashUtilities.hpp */ = {isa = PBXFileReference; fileEncoding = 4; lastKnownFileType = sourcecode.cpp.h; name = HashUtilities.hpp; path = src/RAII/HashUtilities.hpp; sourceTree = "<group>"; };
		C9A4E65C19F5BC6E00CF25BF /* JSDate.hpp */ = {isa = PBXFileReference; fileEncoding = 4; lastKnownFileType = sourcecode.cpp.h; name = JSDate.hpp; path = include/JavaScriptCoreCPP/RAII/JSDate.hpp; sourceTree = "<group>"; };
		C9A4E65E19F5BC7A00CF25BF /* JSDate.cpp */ = {isa = PBXFileReference; fileEncoding = 4; lastKnownFileType = sourcecode.cpp.cpp; name = JSDate.cpp; path = src/RAII/JSDate.cpp; sourceTree = "<group>"; };
		C9A4E66019F5BEEF00CF25BF /* JSError.hpp */ = {isa = PBXFileReference; fileEncoding = 4; lastKnownFileType = sourcecode.cpp.h; name = JSError.hpp; path = include/JavaScriptCoreCPP/RAII/JSError.hpp; sourceTree = "<group>"; };
		C9A4E66219F5BEF700CF25BF /* JSError.cpp */ = {isa = PBXFileReference; fileEncoding = 4; lastKnownFileType = sourcecode.cpp.cpp; name = JSError.cpp; path = src/RAII/JSError.cpp; sourceTree = "<group>"; };
		C9A4E66419F5BFFE00CF25BF /* JSRegExp.hpp */ = {isa = PBXFileReference; fileEncoding = 4; lastKnownFileType = sourcecode.cpp.h; name = JSRegExp.hpp; path = include/JavaScriptCoreCPP/RAII/JSRegExp.hpp; sourceTree = "<group>"; };
		C9A4E66619F5C00A00CF25BF /* JSRegExp.cpp */ = {isa = PBXFileReference; fileEncoding = 4; lastKnownFileType = sourcecode.cpp.cpp; name = JSRegExp.cpp; path = src/RAII/JSRegExp.cpp; sourceTree = "<group>"; };
		C9A4E66819F5C61900CF25BF /* JSFunction.hpp */ = {isa = PBXFileReference; fileEncoding = 4; lastKnownFileType = sourcecode.cpp.h; name = JSFunction.hpp; path = include/JavaScriptCoreCPP/RAII/JSFunction.hpp; sourceTree = "<group>"; };
		C9A4E66A19F5C62200CF25BF /* JSFunction.cpp */ = {isa = PBXFileReference; fileEncoding = 4; lastKnownFileType = sourcecode.cpp.cpp; name = JSFunction.cpp; path = src/RAII/JSFunction.cpp; sourceTree = "<group>"; };
		C9A4E66E19F721C900CF25BF /* JSPropertyNameAccumulator.hpp */ = {isa = PBXFileReference; fileEncoding = 4; lastKnownFileType = sourcecode.cpp.h; name = JSPropertyNameAccumulator.hpp; path = include/JavaScriptCoreCPP/RAII/JSPropertyNameAccumulator.hpp; sourceTree = "<group>"; };
		C9A4E67019F7363900CF25BF /* JSStaticValue.cpp */ = {isa = PBXFileReference; fileEncoding = 4; lastKnownFileType = sourcecode.cpp.cpp; name = JSStaticValue.cpp; path = src/RAII/JSStaticValue.cpp; sourceTree = "<group>"; };
		C9A4E67219F75BA600CF25BF /* JSStaticFunction.hpp */ = {isa = PBXFileReference; fileEncoding = 4; lastKnownFileType = sourcecode.cpp.h; name = JSStaticFunction.hpp; path = include/JavaScriptCoreCPP/RAII/JSStaticFunction.hpp; sourceTree = "<group>"; };
		C9A4E67419F75BB200CF25BF /* JSStaticFunction.cpp */ = {isa = PBXFileReference; fileEncoding = 4; lastKnownFileType = sourcecode.cpp.cpp; name = JSStaticFunction.cpp; path = src/RAII/JSStaticFunction.cpp; sourceTree = "<group>"; };
		C9A4E67719F7611600CF25BF /* JSClassDefinition.cpp */ = {isa = PBXFileReference; fileEncoding = 4; lastKnownFileType = sourcecode.cpp.cpp; name = JSClassDefinition.cpp; path = src/RAII/JSClassDefinition.cpp; sourceTree = "<group>"; };
		C9A4E67A19F8359C00CF25BF /* JSClassBuilderTests.mm */ = {isa = PBXFileReference; fileEncoding = 4; lastKnownFileType = sourcecode.cpp.objcpp; name = JSClassBuilderTests.mm; path = RAII/JSClassBuilderTests.mm; sourceTree = "<group>"; };
		C9A4E67C19F835FC00CF25BF /* HashUtilitiesTests.mm */ = {isa = PBXFileReference; fileEncoding = 4; lastKnownFileType = sourcecode.cpp.objcpp; name = HashUtilitiesTests.mm; path = RAII/HashUtilitiesTests.mm; sourceTree = "<group>"; };
		C9A4E67E19F83EC200CF25BF /* NativeObject.hpp */ = {isa = PBXFileReference; fileEncoding = 4; lastKnownFileType = sourcecode.cpp.h; name = NativeObject.hpp; path = RAII/NativeObject.hpp; sourceTree = "<group>"; };
		C9A4E67F19F856C500CF25BF /* JSClassBuilder.hpp */ = {isa = PBXFileReference; fileEncoding = 4; lastKnownFileType = sourcecode.cpp.h; name = JSClassBuilder.hpp; path = include/JavaScriptCoreCPP/RAII/JSClassBuilder.hpp; sourceTree = "<group>"; };
		C9A4E68019F87C9800CF25BF /* JSClass.cpp */ = {isa = PBXFileReference; fileEncoding = 4; lastKnownFileType = sourcecode.cpp.cpp; name = JSClass.cpp; path = src/RAII/JSClass.cpp; sourceTree = "<group>"; };
		C9A4E68219F87CAF00CF25BF /* RAII.hpp */ = {isa = PBXFileReference; fileEncoding = 4; lastKnownFileType = sourcecode.cpp.h; name = RAII.hpp; path = include/JavaScriptCoreCPP/RAII/RAII.hpp; sourceTree = "<group>"; };
		C9A4E68719F8876A00CF25BF /* JSContext.cpp */ = {isa = PBXFileReference; fileEncoding = 4; lastKnownFileType = sourcecode.cpp.cpp; name = JSContext.cpp; path = src/RAII/JSContext.cpp; sourceTree = "<group>"; };
		C9A4E68F19F8ACB900CF25BF /* JSNativeObject.hpp */ = {isa = PBXFileReference; fileEncoding = 4; lastKnownFileType = sourcecode.cpp.h; name = JSNativeObject.hpp; path = include/JavaScriptCoreCPP/RAII/JSNativeObject.hpp; sourceTree = "<group>"; };
		C9BD383F19D0DF3900609F73 /* JSObject.cpp */ = {isa = PBXFileReference; fileEncoding = 4; lastKnownFileType = sourcecode.cpp.cpp; name = JSObject.cpp; path = src/JSObject.cpp; sourceTree = "<group>"; };
		C9BD384019D0DF3900609F73 /* JSObject.h */ = {isa = PBXFileReference; fileEncoding = 4; lastKnownFileType = sourcecode.c.h; name = JSObject.h; path = include/JavaScriptCoreCPP/JSObject.h; sourceTree = "<group>"; };
		C9BD384319D0F9DA00609F73 /* JSObjectTests.mm */ = {isa = PBXFileReference; fileEncoding = 4; lastKnownFileType = sourcecode.cpp.objcpp; path = JSObjectTests.mm; sourceTree = "<group>"; };
		C9BD384519D0FEC900609F73 /* JSClass.h */ = {isa = PBXFileReference; fileEncoding = 4; lastKnownFileType = sourcecode.c.h; name = JSClass.h; path = include/JavaScriptCoreCPP/JSClass.h; sourceTree = "<group>"; };
		C9BD384619D0FEC900609F73 /* JSClass.cpp */ = {isa = PBXFileReference; fileEncoding = 4; lastKnownFileType = sourcecode.cpp.cpp; name = JSClass.cpp; path = src/JSClass.cpp; sourceTree = "<group>"; };
		C9BD384919D0FF1300609F73 /* JSClassTests.mm */ = {isa = PBXFileReference; fileEncoding = 4; lastKnownFileType = sourcecode.cpp.objcpp; path = JSClassTests.mm; sourceTree = "<group>"; };
/* End PBXFileReference section */

/* Begin PBXFrameworksBuildPhase section */
		C936FD2E19CB95BE0082CB08 /* Frameworks */ = {
			isa = PBXFrameworksBuildPhase;
			buildActionMask = 2147483647;
			files = (
			);
			runOnlyForDeploymentPostprocessing = 0;
		};
		C936FD4A19CB961A0082CB08 /* Frameworks */ = {
			isa = PBXFrameworksBuildPhase;
			buildActionMask = 2147483647;
			files = (
				C936FD6319CB966B0082CB08 /* JavaScriptCore.framework in Frameworks */,
				C936FD6119CB96650082CB08 /* libJavaScriptCoreCPP.a in Frameworks */,
			);
			runOnlyForDeploymentPostprocessing = 0;
		};
/* End PBXFrameworksBuildPhase section */

/* Begin PBXGroup section */
		C936FD2819CB95BE0082CB08 = {
			isa = PBXGroup;
			children = (
				C936FD6219CB966B0082CB08 /* JavaScriptCore.framework */,
				C936FD3319CB95BE0082CB08 /* JavaScriptCoreCPP */,
				C936FD4E19CB961A0082CB08 /* JavaScriptCoreCPPTests */,
				C936FD3219CB95BE0082CB08 /* Products */,
			);
			sourceTree = "<group>";
		};
		C936FD3219CB95BE0082CB08 /* Products */ = {
			isa = PBXGroup;
			children = (
				C936FD3119CB95BE0082CB08 /* libJavaScriptCoreCPP.a */,
				C936FD4D19CB961A0082CB08 /* JavaScriptCoreCPPTests.xctest */,
			);
			name = Products;
			sourceTree = "<group>";
		};
		C936FD3319CB95BE0082CB08 /* JavaScriptCoreCPP */ = {
			isa = PBXGroup;
			children = (
				C9A4E61C19F2EC1A00CF25BF /* RAII */,
				C9A4E62D19F2ECC000CF25BF /* shared_ptr */,
			);
			name = JavaScriptCoreCPP;
			path = ..;
			sourceTree = "<group>";
		};
		C936FD4E19CB961A0082CB08 /* JavaScriptCoreCPPTests */ = {
			isa = PBXGroup;
			children = (
				C9A4E63019F2ED3700CF25BF /* RAII */,
				C9A4E62E19F2ED1B00CF25BF /* shared_ptr */,
				C9A4E62F19F2ED2A00CF25BF /* scratch */,
				C936FD4F19CB961A0082CB08 /* Supporting Files */,
			);
			path = JavaScriptCoreCPPTests;
			sourceTree = "<group>";
		};
		C936FD4F19CB961A0082CB08 /* Supporting Files */ = {
			isa = PBXGroup;
			children = (
				C936FD5019CB961A0082CB08 /* Info.plist */,
			);
			name = "Supporting Files";
			sourceTree = "<group>";
		};
		C9A4E61C19F2EC1A00CF25BF /* RAII */ = {
			isa = PBXGroup;
			children = (
				C9A4E65819F5B12700CF25BF /* HashUtilities.hpp */,
				C9A4E62019F2EC6B00CF25BF /* JSContextGroup.hpp */,
				C9A4E61F19F2EC6B00CF25BF /* JSContext.hpp */,
				C9A4E68719F8876A00CF25BF /* JSContext.cpp */,
				C9A4E62319F2EC6B00CF25BF /* JSString.hpp */,
				C9A4E62419F2EC6B00CF25BF /* JSValue.hpp */,
				C9A4E65419F558CE00CF25BF /* JSValue.cpp */,
				C9A4E63E19F452A600CF25BF /* JSUndefined.hpp */,
				C9A4E64219F4533800CF25BF /* JSNull.hpp */,
				C9A4E64419F46C3200CF25BF /* JSBoolean.hpp */,
				C9A4E64619F4701500CF25BF /* JSNumber.hpp */,
				C9A4E64819F4701F00CF25BF /* JSNumber.cpp */,
				C9A4E62119F2EC6B00CF25BF /* JSObject.hpp */,
				C9A4E65019F4E47100CF25BF /* JSObject.cpp */,
				C9A4E65219F553CA00CF25BF /* JSPropertyNameArray.hpp */,
				C9A4E64C19F49E5700CF25BF /* JSArray.hpp */,
				C9A4E65619F5914B00CF25BF /* JSArray.cpp */,
				C9A4E65C19F5BC6E00CF25BF /* JSDate.hpp */,
				C9A4E65E19F5BC7A00CF25BF /* JSDate.cpp */,
				C9A4E66019F5BEEF00CF25BF /* JSError.hpp */,
				C9A4E66219F5BEF700CF25BF /* JSError.cpp */,
				C9A4E66419F5BFFE00CF25BF /* JSRegExp.hpp */,
				C9A4E66619F5C00A00CF25BF /* JSRegExp.cpp */,
				C9A4E66819F5C61900CF25BF /* JSFunction.hpp */,
				C9A4E66A19F5C62200CF25BF /* JSFunction.cpp */,
				C9A4E66E19F721C900CF25BF /* JSPropertyNameAccumulator.hpp */,
				C9A4E62219F2EC6B00CF25BF /* JSStaticValue.hpp */,
				C9A4E67019F7363900CF25BF /* JSStaticValue.cpp */,
				C9A4E67219F75BA600CF25BF /* JSStaticFunction.hpp */,
				C9A4E67419F75BB200CF25BF /* JSStaticFunction.cpp */,
				C9A4E61E19F2EC6B00CF25BF /* JSClassDefinition.hpp */,
				C9A4E67719F7611600CF25BF /* JSClassDefinition.cpp */,
				C9A4E67F19F856C500CF25BF /* JSClassBuilder.hpp */,
				C9A4E61D19F2EC6B00CF25BF /* JSClass.hpp */,
				C9A4E68019F87C9800CF25BF /* JSClass.cpp */,
				C9A4E68F19F8ACB900CF25BF /* JSNativeObject.hpp */,
				C9A4E68219F87CAF00CF25BF /* RAII.hpp */,
			);
			name = RAII;
			sourceTree = "<group>";
		};
		C9A4E62D19F2ECC000CF25BF /* shared_ptr */ = {
			isa = PBXGroup;
			children = (
				C936FD6819CB97930082CB08 /* JSVirtualMachine.h */,
				C936FD4319CB95EC0082CB08 /* JSVirtualMachine.cpp */,
				C936FD6419CB97930082CB08 /* JSContext.h */,
				C936FD3F19CB95EC0082CB08 /* JSContext.cpp */,
				C936FD6619CB97930082CB08 /* JSString.h */,
				C936FD4119CB95EC0082CB08 /* JSString.cpp */,
				C936FD6719CB97930082CB08 /* JSValue.h */,
				C936FD4219CB95EC0082CB08 /* JSValue.cpp */,
				C936FD6519CB97930082CB08 /* JSProxy.h */,
				C936FD4019CB95EC0082CB08 /* JSProxy.cpp */,
				C9BD384519D0FEC900609F73 /* JSClass.h */,
				C9BD384619D0FEC900609F73 /* JSClass.cpp */,
				C9BD384019D0DF3900609F73 /* JSObject.h */,
				C9BD383F19D0DF3900609F73 /* JSObject.cpp */,
			);
			name = shared_ptr;
			sourceTree = "<group>";
		};
		C9A4E62E19F2ED1B00CF25BF /* shared_ptr */ = {
			isa = PBXGroup;
			children = (
				C936FD5619CB962E0082CB08 /* JSStringTests.mm */,
				C936FD5819CB962E0082CB08 /* JSContextTests.mm */,
				C936FD6E19CC949E0082CB08 /* JSValueTests.mm */,
				C9BD384919D0FF1300609F73 /* JSClassTests.mm */,
				C9BD384319D0F9DA00609F73 /* JSObjectTests.mm */,
				C936FD5719CB962E0082CB08 /* JSProxyTests.mm */,
			);
			name = shared_ptr;
			sourceTree = "<group>";
		};
		C9A4E62F19F2ED2A00CF25BF /* scratch */ = {
			isa = PBXGroup;
			children = (
				C941452819D899B100EC5678 /* TemplateTests.mm */,
				C941452A19D9C9CD00EC5678 /* LambdaTests.mm */,
				C936FD5919CB962E0082CB08 /* GotW71.cpp */,
				C936FD5A19CB962E0082CB08 /* GotW71.h */,
			);
			name = scratch;
			sourceTree = "<group>";
		};
		C9A4E63019F2ED3700CF25BF /* RAII */ = {
			isa = PBXGroup;
			children = (
				C9A4E63119F2ED6F00CF25BF /* JSContextGroupTests.mm */,
				C9A4E63319F2FC0F00CF25BF /* JSContextTests.mm */,
				C9A4E63519F2FF2B00CF25BF /* JSStringTests.mm */,
				C9A4E63719F32E7900CF25BF /* JSValueTests.mm */,
				C9A4E63C19F420EB00CF25BF /* JSObjectTests.mm */,
				C9A4E67A19F8359C00CF25BF /* JSClassBuilderTests.mm */,
				C9A4E67E19F83EC200CF25BF /* NativeObject.hpp */,
				C9A4E67C19F835FC00CF25BF /* HashUtilitiesTests.mm */,
			);
			name = RAII;
			sourceTree = "<group>";
		};
/* End PBXGroup section */

/* Begin PBXHeadersBuildPhase section */
		C936FD2F19CB95BE0082CB08 /* Headers */ = {
			isa = PBXHeadersBuildPhase;
			buildActionMask = 2147483647;
			files = (
				C9A4E66119F5BEEF00CF25BF /* JSError.hpp in Headers */,
				C936FD6D19CB97930082CB08 /* JSVirtualMachine.h in Headers */,
				C9A4E64D19F49E5700CF25BF /* JSArray.hpp in Headers */,
				C9A4E66F19F721C900CF25BF /* JSPropertyNameAccumulator.hpp in Headers */,
				C936FD6B19CB97930082CB08 /* JSString.h in Headers */,
				C9A4E64319F4533800CF25BF /* JSNull.hpp in Headers */,
				C9A4E66919F5C61900CF25BF /* JSFunction.hpp in Headers */,
				C9A4E62919F2EC6B00CF25BF /* JSObject.hpp in Headers */,
				C9BD384219D0DF3900609F73 /* JSObject.h in Headers */,
				C9A4E65D19F5BC6E00CF25BF /* JSDate.hpp in Headers */,
				C9A4E64019F452A600CF25BF /* JSUndefined.hpp in Headers */,
				C9A4E62B19F2EC6B00CF25BF /* JSString.hpp in Headers */,
				C9A4E62719F2EC6B00CF25BF /* JSContext.hpp in Headers */,
				C9A4E65919F5B12700CF25BF /* HashUtilities.hpp in Headers */,
				C936FD6C19CB97930082CB08 /* JSValue.h in Headers */,
				C9A4E62819F2EC6B00CF25BF /* JSContextGroup.hpp in Headers */,
				C9A4E64519F46C3200CF25BF /* JSBoolean.hpp in Headers */,
				C9A4E67319F75BA600CF25BF /* JSStaticFunction.hpp in Headers */,
				C9A4E65319F553CA00CF25BF /* JSPropertyNameArray.hpp in Headers */,
				C9A4E62519F2EC6B00CF25BF /* JSClass.hpp in Headers */,
				C9BD384719D0FEC900609F73 /* JSClass.h in Headers */,
				C9A4E62C19F2EC6B00CF25BF /* JSValue.hpp in Headers */,
				C9A4E62619F2EC6B00CF25BF /* JSClassDefinition.hpp in Headers */,
				C936FD6A19CB97930082CB08 /* JSProxy.h in Headers */,
				C9A4E64719F4701500CF25BF /* JSNumber.hpp in Headers */,
				C936FD6919CB97930082CB08 /* JSContext.h in Headers */,
				C9A4E62A19F2EC6B00CF25BF /* JSStaticValue.hpp in Headers */,
				C9A4E66519F5BFFE00CF25BF /* JSRegExp.hpp in Headers */,
			);
			runOnlyForDeploymentPostprocessing = 0;
		};
/* End PBXHeadersBuildPhase section */

/* Begin PBXNativeTarget section */
		C936FD3019CB95BE0082CB08 /* JavaScriptCoreCPP */ = {
			isa = PBXNativeTarget;
			buildConfigurationList = C936FD3C19CB95BE0082CB08 /* Build configuration list for PBXNativeTarget "JavaScriptCoreCPP" */;
			buildPhases = (
				C936FD2D19CB95BE0082CB08 /* Sources */,
				C936FD2E19CB95BE0082CB08 /* Frameworks */,
				C936FD2F19CB95BE0082CB08 /* Headers */,
			);
			buildRules = (
			);
			dependencies = (
			);
			name = JavaScriptCoreCPP;
			productName = JavaScriptCoreCPP;
			productReference = C936FD3119CB95BE0082CB08 /* libJavaScriptCoreCPP.a */;
			productType = "com.apple.product-type.library.static";
		};
		C936FD4C19CB961A0082CB08 /* JavaScriptCoreCPPTests */ = {
			isa = PBXNativeTarget;
			buildConfigurationList = C936FD5319CB961A0082CB08 /* Build configuration list for PBXNativeTarget "JavaScriptCoreCPPTests" */;
			buildPhases = (
				C936FD4919CB961A0082CB08 /* Sources */,
				C936FD4A19CB961A0082CB08 /* Frameworks */,
				C936FD4B19CB961A0082CB08 /* Resources */,
			);
			buildRules = (
			);
			dependencies = (
				C936FD6019CB96630082CB08 /* PBXTargetDependency */,
			);
			name = JavaScriptCoreCPPTests;
			productName = JavaScriptCoreCPPTests;
			productReference = C936FD4D19CB961A0082CB08 /* JavaScriptCoreCPPTests.xctest */;
			productType = "com.apple.product-type.bundle.unit-test";
		};
/* End PBXNativeTarget section */

/* Begin PBXProject section */
		C936FD2919CB95BE0082CB08 /* Project object */ = {
			isa = PBXProject;
			attributes = {
				LastUpgradeCheck = 0600;
				ORGANIZATIONNAME = Appcelerator;
				TargetAttributes = {
					C936FD3019CB95BE0082CB08 = {
						CreatedOnToolsVersion = 6.0.1;
					};
					C936FD4C19CB961A0082CB08 = {
						CreatedOnToolsVersion = 6.0.1;
					};
				};
			};
			buildConfigurationList = C936FD2C19CB95BE0082CB08 /* Build configuration list for PBXProject "JavaScriptCoreCPP" */;
			compatibilityVersion = "Xcode 3.2";
			developmentRegion = English;
			hasScannedForEncodings = 0;
			knownRegions = (
				en,
			);
			mainGroup = C936FD2819CB95BE0082CB08;
			productRefGroup = C936FD3219CB95BE0082CB08 /* Products */;
			projectDirPath = "";
			projectRoot = "";
			targets = (
				C936FD3019CB95BE0082CB08 /* JavaScriptCoreCPP */,
				C936FD4C19CB961A0082CB08 /* JavaScriptCoreCPPTests */,
			);
		};
/* End PBXProject section */

/* Begin PBXResourcesBuildPhase section */
		C936FD4B19CB961A0082CB08 /* Resources */ = {
			isa = PBXResourcesBuildPhase;
			buildActionMask = 2147483647;
			files = (
			);
			runOnlyForDeploymentPostprocessing = 0;
		};
/* End PBXResourcesBuildPhase section */

/* Begin PBXSourcesBuildPhase section */
		C936FD2D19CB95BE0082CB08 /* Sources */ = {
			isa = PBXSourcesBuildPhase;
			buildActionMask = 2147483647;
			files = (
				C9A4E65519F558CE00CF25BF /* JSValue.cpp in Sources */,
				C9A4E66319F5BEF700CF25BF /* JSError.cpp in Sources */,
				C9A4E67519F75BB200CF25BF /* JSStaticFunction.cpp in Sources */,
				C936FD4619CB95EC0082CB08 /* JSString.cpp in Sources */,
				C9A4E65F19F5BC7A00CF25BF /* JSDate.cpp in Sources */,
				C9A4E67119F7363900CF25BF /* JSStaticValue.cpp in Sources */,
				C9A4E67919F7611600CF25BF /* JSClassDefinition.cpp in Sources */,
				C936FD4819CB95EC0082CB08 /* JSVirtualMachine.cpp in Sources */,
				C9A4E66719F5C00A00CF25BF /* JSRegExp.cpp in Sources */,
				C9A4E66B19F5C62200CF25BF /* JSFunction.cpp in Sources */,
				C936FD4419CB95EC0082CB08 /* JSContext.cpp in Sources */,
				C9A4E64919F4701F00CF25BF /* JSNumber.cpp in Sources */,
				C9A4E65719F5914B00CF25BF /* JSArray.cpp in Sources */,
				C9A4E65119F4E47100CF25BF /* JSObject.cpp in Sources */,
				C936FD4719CB95EC0082CB08 /* JSValue.cpp in Sources */,
				C9BD384119D0DF3900609F73 /* JSObject.cpp in Sources */,
				C9BD384819D0FEC900609F73 /* JSClass.cpp in Sources */,
				C936FD4519CB95EC0082CB08 /* JSProxy.cpp in Sources */,
			);
			runOnlyForDeploymentPostprocessing = 0;
		};
		C936FD4919CB961A0082CB08 /* Sources */ = {
			isa = PBXSourcesBuildPhase;
			buildActionMask = 2147483647;
			files = (
				C9A4E67D19F835FC00CF25BF /* HashUtilitiesTests.mm in Sources */,
				C9A4E67B19F8359C00CF25BF /* JSClassBuilderTests.mm in Sources */,
				C936FD5B19CB962E0082CB08 /* JSStringTests.mm in Sources */,
				C9A4E63619F2FF2B00CF25BF /* JSStringTests.mm in Sources */,
				C941452919D899B100EC5678 /* TemplateTests.mm in Sources */,
				C936FD5D19CB962E0082CB08 /* JSContextTests.mm in Sources */,
				C936FD6F19CC949E0082CB08 /* JSValueTests.mm in Sources */,
				C9A4E68819F8876A00CF25BF /* JSContext.cpp in Sources */,
				C9A4E63D19F420EB00CF25BF /* JSObjectTests.mm in Sources */,
				C9A4E63219F2ED6F00CF25BF /* JSContextGroupTests.mm in Sources */,
				C9BD384419D0F9DA00609F73 /* JSObjectTests.mm in Sources */,
				C9A4E63419F2FC0F00CF25BF /* JSContextTests.mm in Sources */,
				C936FD5C19CB962E0082CB08 /* JSProxyTests.mm in Sources */,
				C941452B19D9C9CD00EC5678 /* LambdaTests.mm in Sources */,
				C9BD384A19D0FF1300609F73 /* JSClassTests.mm in Sources */,
				C936FD5E19CB962E0082CB08 /* GotW71.cpp in Sources */,
				C9A4E68119F87C9800CF25BF /* JSClass.cpp in Sources */,
				C9A4E63819F32E7900CF25BF /* JSValueTests.mm in Sources */,
			);
			runOnlyForDeploymentPostprocessing = 0;
		};
/* End PBXSourcesBuildPhase section */

/* Begin PBXTargetDependency section */
		C936FD6019CB96630082CB08 /* PBXTargetDependency */ = {
			isa = PBXTargetDependency;
			target = C936FD3019CB95BE0082CB08 /* JavaScriptCoreCPP */;
			targetProxy = C936FD5F19CB96630082CB08 /* PBXContainerItemProxy */;
		};
/* End PBXTargetDependency section */

/* Begin XCBuildConfiguration section */
		C936FD3A19CB95BE0082CB08 /* Debug */ = {
			isa = XCBuildConfiguration;
			buildSettings = {
				ALWAYS_SEARCH_USER_PATHS = NO;
				CLANG_CXX_LANGUAGE_STANDARD = "gnu++0x";
				CLANG_CXX_LIBRARY = "libc++";
				CLANG_ENABLE_MODULES = YES;
				CLANG_ENABLE_OBJC_ARC = YES;
				CLANG_WARN_BOOL_CONVERSION = YES;
				CLANG_WARN_CONSTANT_CONVERSION = YES;
				CLANG_WARN_DIRECT_OBJC_ISA_USAGE = YES_ERROR;
				CLANG_WARN_EMPTY_BODY = YES;
				CLANG_WARN_ENUM_CONVERSION = YES;
				CLANG_WARN_INT_CONVERSION = YES;
				CLANG_WARN_OBJC_ROOT_CLASS = YES_ERROR;
				CLANG_WARN_UNREACHABLE_CODE = YES;
				CLANG_WARN__DUPLICATE_METHOD_MATCH = YES;
				COPY_PHASE_STRIP = NO;
				ENABLE_STRICT_OBJC_MSGSEND = YES;
				GCC_C_LANGUAGE_STANDARD = gnu99;
				GCC_DYNAMIC_NO_PIC = NO;
				GCC_OPTIMIZATION_LEVEL = 0;
				GCC_PREPROCESSOR_DEFINITIONS = (
					"TRAVIS=$(TRAVIS)",
					"DEBUG=1",
					"$(inherited)",
				);
				GCC_SYMBOLS_PRIVATE_EXTERN = NO;
				GCC_WARN_64_TO_32_BIT_CONVERSION = YES;
				GCC_WARN_ABOUT_RETURN_TYPE = YES_ERROR;
				GCC_WARN_UNDECLARED_SELECTOR = YES;
				GCC_WARN_UNINITIALIZED_AUTOS = YES_AGGRESSIVE;
				GCC_WARN_UNUSED_FUNCTION = YES;
				GCC_WARN_UNUSED_VARIABLE = YES;
				MACOSX_DEPLOYMENT_TARGET = 10.9;
				MTL_ENABLE_DEBUG_INFO = YES;
				ONLY_ACTIVE_ARCH = YES;
				SDKROOT = macosx;
				USER_HEADER_SEARCH_PATHS = "../include ../../Util/include";
			};
			name = Debug;
		};
		C936FD3B19CB95BE0082CB08 /* Release */ = {
			isa = XCBuildConfiguration;
			buildSettings = {
				ALWAYS_SEARCH_USER_PATHS = NO;
				CLANG_CXX_LANGUAGE_STANDARD = "gnu++0x";
				CLANG_CXX_LIBRARY = "libc++";
				CLANG_ENABLE_MODULES = YES;
				CLANG_ENABLE_OBJC_ARC = YES;
				CLANG_WARN_BOOL_CONVERSION = YES;
				CLANG_WARN_CONSTANT_CONVERSION = YES;
				CLANG_WARN_DIRECT_OBJC_ISA_USAGE = YES_ERROR;
				CLANG_WARN_EMPTY_BODY = YES;
				CLANG_WARN_ENUM_CONVERSION = YES;
				CLANG_WARN_INT_CONVERSION = YES;
				CLANG_WARN_OBJC_ROOT_CLASS = YES_ERROR;
				CLANG_WARN_UNREACHABLE_CODE = YES;
				CLANG_WARN__DUPLICATE_METHOD_MATCH = YES;
				COPY_PHASE_STRIP = YES;
				DEBUG_INFORMATION_FORMAT = "dwarf-with-dsym";
				ENABLE_NS_ASSERTIONS = NO;
				ENABLE_STRICT_OBJC_MSGSEND = YES;
				GCC_C_LANGUAGE_STANDARD = gnu99;
				GCC_WARN_64_TO_32_BIT_CONVERSION = YES;
				GCC_WARN_ABOUT_RETURN_TYPE = YES_ERROR;
				GCC_WARN_UNDECLARED_SELECTOR = YES;
				GCC_WARN_UNINITIALIZED_AUTOS = YES_AGGRESSIVE;
				GCC_WARN_UNUSED_FUNCTION = YES;
				GCC_WARN_UNUSED_VARIABLE = YES;
				MACOSX_DEPLOYMENT_TARGET = 10.9;
				MTL_ENABLE_DEBUG_INFO = NO;
				SDKROOT = macosx;
				USER_HEADER_SEARCH_PATHS = "../include ../../Util/include";
			};
			name = Release;
		};
		C936FD3D19CB95BE0082CB08 /* Debug */ = {
			isa = XCBuildConfiguration;
			buildSettings = {
				EXECUTABLE_PREFIX = lib;
				GCC_ENABLE_CPP_EXCEPTIONS = YES;
				GCC_ENABLE_CPP_RTTI = YES;
				GCC_SYMBOLS_PRIVATE_EXTERN = NO;
				PRODUCT_NAME = "$(TARGET_NAME)";
			};
			name = Debug;
		};
		C936FD3E19CB95BE0082CB08 /* Release */ = {
			isa = XCBuildConfiguration;
			buildSettings = {
				EXECUTABLE_PREFIX = lib;
				GCC_ENABLE_CPP_EXCEPTIONS = YES;
				GCC_ENABLE_CPP_RTTI = YES;
				GCC_SYMBOLS_PRIVATE_EXTERN = NO;
				PRODUCT_NAME = "$(TARGET_NAME)";
			};
			name = Release;
		};
		C936FD5419CB961A0082CB08 /* Debug */ = {
			isa = XCBuildConfiguration;
			buildSettings = {
				COMBINE_HIDPI_IMAGES = YES;
				FRAMEWORK_SEARCH_PATHS = (
					"$(DEVELOPER_FRAMEWORKS_DIR)",
					"$(inherited)",
				);
				GCC_PREPROCESSOR_DEFINITIONS = (
					"DEBUG=1",
					"$(inherited)",
				);
				INFOPLIST_FILE = JavaScriptCoreCPPTests/Info.plist;
				LD_RUNPATH_SEARCH_PATHS = "$(inherited) @executable_path/../Frameworks @loader_path/../Frameworks";
				PRODUCT_NAME = "$(TARGET_NAME)";
			};
			name = Debug;
		};
		C936FD5519CB961A0082CB08 /* Release */ = {
			isa = XCBuildConfiguration;
			buildSettings = {
				COMBINE_HIDPI_IMAGES = YES;
				FRAMEWORK_SEARCH_PATHS = (
					"$(DEVELOPER_FRAMEWORKS_DIR)",
					"$(inherited)",
				);
				INFOPLIST_FILE = JavaScriptCoreCPPTests/Info.plist;
				LD_RUNPATH_SEARCH_PATHS = "$(inherited) @executable_path/../Frameworks @loader_path/../Frameworks";
				PRODUCT_NAME = "$(TARGET_NAME)";
			};
			name = Release;
		};
/* End XCBuildConfiguration section */

/* Begin XCConfigurationList section */
		C936FD2C19CB95BE0082CB08 /* Build configuration list for PBXProject "JavaScriptCoreCPP" */ = {
			isa = XCConfigurationList;
			buildConfigurations = (
				C936FD3A19CB95BE0082CB08 /* Debug */,
				C936FD3B19CB95BE0082CB08 /* Release */,
			);
			defaultConfigurationIsVisible = 0;
			defaultConfigurationName = Release;
		};
		C936FD3C19CB95BE0082CB08 /* Build configuration list for PBXNativeTarget "JavaScriptCoreCPP" */ = {
			isa = XCConfigurationList;
			buildConfigurations = (
				C936FD3D19CB95BE0082CB08 /* Debug */,
				C936FD3E19CB95BE0082CB08 /* Release */,
			);
			defaultConfigurationIsVisible = 0;
			defaultConfigurationName = Release;
		};
		C936FD5319CB961A0082CB08 /* Build configuration list for PBXNativeTarget "JavaScriptCoreCPPTests" */ = {
			isa = XCConfigurationList;
			buildConfigurations = (
				C936FD5419CB961A0082CB08 /* Debug */,
				C936FD5519CB961A0082CB08 /* Release */,
			);
			defaultConfigurationIsVisible = 0;
			defaultConfigurationName = Release;
		};
/* End XCConfigurationList section */
	};
	rootObject = C936FD2919CB95BE0082CB08 /* Project object */;
}
