// !$*UTF8*$!
{
	archiveVersion = 1;
	classes = {
	};
	objectVersion = 46;
	objects = {

/* Begin PBXBuildFile section */
		C936FD6119CB96650082CB08 /* libJavaScriptCoreCPP.a in Frameworks */ = {isa = PBXBuildFile; fileRef = C936FD3119CB95BE0082CB08 /* libJavaScriptCoreCPP.a */; };
		C936FD6319CB966B0082CB08 /* JavaScriptCore.framework in Frameworks */ = {isa = PBXBuildFile; fileRef = C936FD6219CB966B0082CB08 /* JavaScriptCore.framework */; };
		C97453D91A02797E00CB4CA9 /* JSString.hpp in Headers */ = {isa = PBXBuildFile; fileRef = C97453D71A02797E00CB4CA9 /* JSString.hpp */; settings = {ATTRIBUTES = (Public, ); }; };
		C97453DF1A027A1800CB4CA9 /* JSContext.hpp in Headers */ = {isa = PBXBuildFile; fileRef = C97453DB1A027A1800CB4CA9 /* JSContext.hpp */; settings = {ATTRIBUTES = (Public, ); }; };
		C97453E01A027A1800CB4CA9 /* JSContextGroup.hpp in Headers */ = {isa = PBXBuildFile; fileRef = C97453DC1A027A1800CB4CA9 /* JSContextGroup.hpp */; settings = {ATTRIBUTES = (Public, ); }; };
		C97453E11A027A1800CB4CA9 /* JSContext.cpp in Sources */ = {isa = PBXBuildFile; fileRef = C97453DD1A027A1800CB4CA9 /* JSContext.cpp */; };
		C97453E21A027A1800CB4CA9 /* JSContextGroup.cpp in Sources */ = {isa = PBXBuildFile; fileRef = C97453DE1A027A1800CB4CA9 /* JSContextGroup.cpp */; };
		C97453EA1A027E3D00CB4CA9 /* JSBoolean.hpp in Headers */ = {isa = PBXBuildFile; fileRef = C97453E31A027E3D00CB4CA9 /* JSBoolean.hpp */; settings = {ATTRIBUTES = (Public, ); }; };
		C97453EB1A027E3D00CB4CA9 /* JSNull.hpp in Headers */ = {isa = PBXBuildFile; fileRef = C97453E41A027E3D00CB4CA9 /* JSNull.hpp */; settings = {ATTRIBUTES = (Public, ); }; };
		C97453EC1A027E3D00CB4CA9 /* JSNumber.hpp in Headers */ = {isa = PBXBuildFile; fileRef = C97453E51A027E3D00CB4CA9 /* JSNumber.hpp */; settings = {ATTRIBUTES = (Public, ); }; };
		C97453ED1A027E3D00CB4CA9 /* JSUndefined.hpp in Headers */ = {isa = PBXBuildFile; fileRef = C97453E61A027E3D00CB4CA9 /* JSUndefined.hpp */; settings = {ATTRIBUTES = (Public, ); }; };
		C97453EE1A027E3D00CB4CA9 /* JSValue.hpp in Headers */ = {isa = PBXBuildFile; fileRef = C97453E71A027E3D00CB4CA9 /* JSValue.hpp */; settings = {ATTRIBUTES = (Public, ); }; };
		C97453EF1A027E3D00CB4CA9 /* JSValue.cpp in Sources */ = {isa = PBXBuildFile; fileRef = C97453E81A027E3D00CB4CA9 /* JSValue.cpp */; };
		C97453FF1A027F6000CB4CA9 /* JSArray.hpp in Headers */ = {isa = PBXBuildFile; fileRef = C97453F31A027F6000CB4CA9 /* JSArray.hpp */; settings = {ATTRIBUTES = (Public, ); }; };
		C97454001A027F6000CB4CA9 /* JSDate.hpp in Headers */ = {isa = PBXBuildFile; fileRef = C97453F41A027F6000CB4CA9 /* JSDate.hpp */; settings = {ATTRIBUTES = (Public, ); }; };
		C97454011A027F6000CB4CA9 /* JSError.hpp in Headers */ = {isa = PBXBuildFile; fileRef = C97453F51A027F6000CB4CA9 /* JSError.hpp */; settings = {ATTRIBUTES = (Public, ); }; };
		C97454021A027F6000CB4CA9 /* JSFunction.hpp in Headers */ = {isa = PBXBuildFile; fileRef = C97453F61A027F6000CB4CA9 /* JSFunction.hpp */; settings = {ATTRIBUTES = (Public, ); }; };
		C97454031A027F6000CB4CA9 /* JSObject.hpp in Headers */ = {isa = PBXBuildFile; fileRef = C97453F71A027F6000CB4CA9 /* JSObject.hpp */; settings = {ATTRIBUTES = (Public, ); }; };
		C97454041A027F6000CB4CA9 /* JSRegExp.hpp in Headers */ = {isa = PBXBuildFile; fileRef = C97453F81A027F6000CB4CA9 /* JSRegExp.hpp */; settings = {ATTRIBUTES = (Public, ); }; };
		C97454051A027F6000CB4CA9 /* JSObject.cpp in Sources */ = {isa = PBXBuildFile; fileRef = C97453F91A027F6000CB4CA9 /* JSObject.cpp */; };
		C97454061A027F6000CB4CA9 /* JSRegExp.cpp in Sources */ = {isa = PBXBuildFile; fileRef = C97453FA1A027F6000CB4CA9 /* JSRegExp.cpp */; };
		C97454071A027F6000CB4CA9 /* JSArray.cpp in Sources */ = {isa = PBXBuildFile; fileRef = C97453FB1A027F6000CB4CA9 /* JSArray.cpp */; };
		C97454081A027F6000CB4CA9 /* JSDate.cpp in Sources */ = {isa = PBXBuildFile; fileRef = C97453FC1A027F6000CB4CA9 /* JSDate.cpp */; };
		C97454091A027F6000CB4CA9 /* JSError.cpp in Sources */ = {isa = PBXBuildFile; fileRef = C97453FD1A027F6000CB4CA9 /* JSError.cpp */; };
		C974540A1A027F6000CB4CA9 /* JSFunction.cpp in Sources */ = {isa = PBXBuildFile; fileRef = C97453FE1A027F6000CB4CA9 /* JSFunction.cpp */; };
		C974540E1A027FB300CB4CA9 /* JSClass.hpp in Headers */ = {isa = PBXBuildFile; fileRef = C974540D1A027FB300CB4CA9 /* JSClass.hpp */; settings = {ATTRIBUTES = (Public, ); }; };
		C97454181A02800200CB4CA9 /* JSNativeObject.hpp in Headers */ = {isa = PBXBuildFile; fileRef = C97454171A02800200CB4CA9 /* JSNativeObject.hpp */; settings = {ATTRIBUTES = (Public, ); }; };
		C97454211A02806300CB4CA9 /* JSPerformanceCounterPrinter.hpp in Headers */ = {isa = PBXBuildFile; fileRef = C974541F1A02806300CB4CA9 /* JSPerformanceCounterPrinter.hpp */; };
		C97454221A02806300CB4CA9 /* JSPerformanceCounter.hpp in Headers */ = {isa = PBXBuildFile; fileRef = C97454201A02806300CB4CA9 /* JSPerformanceCounter.hpp */; };
		C97454261A02807900CB4CA9 /* JSUtil.hpp in Headers */ = {isa = PBXBuildFile; fileRef = C97454231A02807900CB4CA9 /* JSUtil.hpp */; };
		C97454271A02807900CB4CA9 /* HashUtilities.hpp in Headers */ = {isa = PBXBuildFile; fileRef = C97454241A02807900CB4CA9 /* HashUtilities.hpp */; };
		C97454281A02807900CB4CA9 /* JSUtil.cpp in Sources */ = {isa = PBXBuildFile; fileRef = C97454251A02807900CB4CA9 /* JSUtil.cpp */; };
		C97454311A0280A400CB4CA9 /* JSContextGroupTests.mm in Sources */ = {isa = PBXBuildFile; fileRef = C974542A1A0280A400CB4CA9 /* JSContextGroupTests.mm */; };
		C97454321A0280A400CB4CA9 /* JSContextTests.mm in Sources */ = {isa = PBXBuildFile; fileRef = C974542B1A0280A400CB4CA9 /* JSContextTests.mm */; };
		C97454331A0280A400CB4CA9 /* JSNativeObjectTests.mm in Sources */ = {isa = PBXBuildFile; fileRef = C974542C1A0280A400CB4CA9 /* JSNativeObjectTests.mm */; };
		C97454341A0280A400CB4CA9 /* JSObjectTests.mm in Sources */ = {isa = PBXBuildFile; fileRef = C974542D1A0280A400CB4CA9 /* JSObjectTests.mm */; };
		C97454351A0280A400CB4CA9 /* JSStringTests.mm in Sources */ = {isa = PBXBuildFile; fileRef = C974542E1A0280A400CB4CA9 /* JSStringTests.mm */; };
		C97454361A0280A400CB4CA9 /* JSValueTests.mm in Sources */ = {isa = PBXBuildFile; fileRef = C974542F1A0280A400CB4CA9 /* JSValueTests.mm */; };
		C97454371A0280A400CB4CA9 /* HashUtilitiesTests.mm in Sources */ = {isa = PBXBuildFile; fileRef = C97454301A0280A400CB4CA9 /* HashUtilitiesTests.mm */; };
		C974543D1A02810600CB4CA9 /* LambdaTests.mm in Sources */ = {isa = PBXBuildFile; fileRef = C974543A1A02810600CB4CA9 /* LambdaTests.mm */; };
		C974543E1A02810600CB4CA9 /* TemplateTests.mm in Sources */ = {isa = PBXBuildFile; fileRef = C974543B1A02810600CB4CA9 /* TemplateTests.mm */; };
		C974547B1A02BAF200CB4CA9 /* JSPropertyNameArray.hpp in Headers */ = {isa = PBXBuildFile; fileRef = C974547A1A02BAF200CB4CA9 /* JSPropertyNameArray.hpp */; settings = {ATTRIBUTES = (Public, ); }; };
		C974547F1A05FBEE00CB4CA9 /* JSLoggerPimpl.hpp in Headers */ = {isa = PBXBuildFile; fileRef = C974547E1A05FBEE00CB4CA9 /* JSLoggerPimpl.hpp */; };
		C97454851A05FC1400CB4CA9 /* JSLoggerPolicyFile.hpp in Headers */ = {isa = PBXBuildFile; fileRef = C97454811A05FC1400CB4CA9 /* JSLoggerPolicyFile.hpp */; };
		C97454861A05FC1400CB4CA9 /* JSLoggerPolicyConsole.hpp in Headers */ = {isa = PBXBuildFile; fileRef = C97454821A05FC1400CB4CA9 /* JSLoggerPolicyConsole.hpp */; };
		C97454871A05FC1400CB4CA9 /* JSLoggerPolicyInterface.hpp in Headers */ = {isa = PBXBuildFile; fileRef = C97454831A05FC1400CB4CA9 /* JSLoggerPolicyInterface.hpp */; };
		C97454881A05FC1400CB4CA9 /* JSLogger.hpp in Headers */ = {isa = PBXBuildFile; fileRef = C97454841A05FC1400CB4CA9 /* JSLogger.hpp */; };
		C974548A1A05FC3F00CB4CA9 /* JSLoggerPimpl.cpp in Sources */ = {isa = PBXBuildFile; fileRef = C97454891A05FC3F00CB4CA9 /* JSLoggerPimpl.cpp */; };
		C974548C1A05FC5D00CB4CA9 /* JSLoggerTests.m in Sources */ = {isa = PBXBuildFile; fileRef = C974548B1A05FC5D00CB4CA9 /* JSLoggerTests.m */; };
		C974548E1A06D00A00CB4CA9 /* JSClassBuilder.hpp in Headers */ = {isa = PBXBuildFile; fileRef = C974548D1A06D00A00CB4CA9 /* JSClassBuilder.hpp */; };
		C97454901A06D01C00CB4CA9 /* JSNativeClass.hpp in Headers */ = {isa = PBXBuildFile; fileRef = C974548F1A06D01C00CB4CA9 /* JSNativeClass.hpp */; };
		C97454921A06D03700CB4CA9 /* JSClass.cpp in Sources */ = {isa = PBXBuildFile; fileRef = C97454911A06D03700CB4CA9 /* JSClass.cpp */; };
		C97454941A0752E100CB4CA9 /* JSPropertyNameAccumulator.hpp in Headers */ = {isa = PBXBuildFile; fileRef = C97454931A0752E100CB4CA9 /* JSPropertyNameAccumulator.hpp */; };
		C97454981A07534700CB4CA9 /* JSString.cpp in Sources */ = {isa = PBXBuildFile; fileRef = C97454971A07534700CB4CA9 /* JSString.cpp */; };
		C974549B1A07537B00CB4CA9 /* JSNativeObjectPimpl.hpp in Headers */ = {isa = PBXBuildFile; fileRef = C97454991A07537B00CB4CA9 /* JSNativeObjectPimpl.hpp */; };
		C974549C1A07537B00CB4CA9 /* JSNativeObjectPimpl.cpp in Sources */ = {isa = PBXBuildFile; fileRef = C974549A1A07537B00CB4CA9 /* JSNativeObjectPimpl.cpp */; };
		C97454A41A08888A00CB4CA9 /* JSNativeClassPimpl.hpp in Headers */ = {isa = PBXBuildFile; fileRef = C974549F1A08888A00CB4CA9 /* JSNativeClassPimpl.hpp */; };
		C97454A61A08888A00CB4CA9 /* JSNativeClassPimpl.cpp in Sources */ = {isa = PBXBuildFile; fileRef = C97454A11A08888A00CB4CA9 /* JSNativeClassPimpl.cpp */; };
		C97454B61A09454300CB4CA9 /* JSObjectPropertyAttribute.hpp in Headers */ = {isa = PBXBuildFile; fileRef = C97454B51A09454300CB4CA9 /* JSObjectPropertyAttribute.hpp */; };
		C97454BF1A09457700CB4CA9 /* JSObjectPropertyCallback.hpp in Headers */ = {isa = PBXBuildFile; fileRef = C97454B71A09457700CB4CA9 /* JSObjectPropertyCallback.hpp */; };
		C97454C01A09457700CB4CA9 /* JSObjectCallbacks.hpp in Headers */ = {isa = PBXBuildFile; fileRef = C97454B81A09457700CB4CA9 /* JSObjectCallbacks.hpp */; };
		C97454C11A09457700CB4CA9 /* JSObjectNamedFunctionPropertyCallback.hpp in Headers */ = {isa = PBXBuildFile; fileRef = C97454B91A09457700CB4CA9 /* JSObjectNamedFunctionPropertyCallback.hpp */; };
		C97454C21A09457700CB4CA9 /* JSObjectNamedValuePropertyCallback.hpp in Headers */ = {isa = PBXBuildFile; fileRef = C97454BA1A09457700CB4CA9 /* JSObjectNamedValuePropertyCallback.hpp */; };
		C97454C31A09457700CB4CA9 /* JSClassAttribute.hpp in Headers */ = {isa = PBXBuildFile; fileRef = C97454BB1A09457700CB4CA9 /* JSClassAttribute.hpp */; };
		C97454C41A09457700CB4CA9 /* JSObjectPropertyCallback.cpp in Sources */ = {isa = PBXBuildFile; fileRef = C97454BC1A09457700CB4CA9 /* JSObjectPropertyCallback.cpp */; };
		C97454C51A09457700CB4CA9 /* JSObjectNamedFunctionPropertyCallback.cpp in Sources */ = {isa = PBXBuildFile; fileRef = C97454BD1A09457700CB4CA9 /* JSObjectNamedFunctionPropertyCallback.cpp */; };
		C97454C61A09457700CB4CA9 /* JSObjectNamedValuePropertyCallback.cpp in Sources */ = {isa = PBXBuildFile; fileRef = C97454BE1A09457700CB4CA9 /* JSObjectNamedValuePropertyCallback.cpp */; };
/* End PBXBuildFile section */

/* Begin PBXContainerItemProxy section */
		C936FD5F19CB96630082CB08 /* PBXContainerItemProxy */ = {
			isa = PBXContainerItemProxy;
			containerPortal = C936FD2919CB95BE0082CB08 /* Project object */;
			proxyType = 1;
			remoteGlobalIDString = C936FD3019CB95BE0082CB08;
			remoteInfo = JavaScriptCoreCPP;
		};
/* End PBXContainerItemProxy section */

/* Begin PBXFileReference section */
		C936FD3119CB95BE0082CB08 /* libJavaScriptCoreCPP.a */ = {isa = PBXFileReference; explicitFileType = archive.ar; includeInIndex = 0; path = libJavaScriptCoreCPP.a; sourceTree = BUILT_PRODUCTS_DIR; };
		C936FD4D19CB961A0082CB08 /* JavaScriptCoreCPPTests.xctest */ = {isa = PBXFileReference; explicitFileType = wrapper.cfbundle; includeInIndex = 0; path = JavaScriptCoreCPPTests.xctest; sourceTree = BUILT_PRODUCTS_DIR; };
		C936FD5019CB961A0082CB08 /* Info.plist */ = {isa = PBXFileReference; lastKnownFileType = text.plist.xml; path = Info.plist; sourceTree = "<group>"; };
		C936FD6219CB966B0082CB08 /* JavaScriptCore.framework */ = {isa = PBXFileReference; lastKnownFileType = wrapper.framework; name = JavaScriptCore.framework; path = System/Library/Frameworks/JavaScriptCore.framework; sourceTree = SDKROOT; };
		C97453D71A02797E00CB4CA9 /* JSString.hpp */ = {isa = PBXFileReference; fileEncoding = 4; lastKnownFileType = sourcecode.cpp.h; name = JSString.hpp; path = include/JavaScriptCoreCPP/JSString.hpp; sourceTree = "<group>"; };
		C97453DB1A027A1800CB4CA9 /* JSContext.hpp */ = {isa = PBXFileReference; fileEncoding = 4; lastKnownFileType = sourcecode.cpp.h; name = JSContext.hpp; path = include/JavaScriptCoreCPP/JSContext.hpp; sourceTree = "<group>"; };
		C97453DC1A027A1800CB4CA9 /* JSContextGroup.hpp */ = {isa = PBXFileReference; fileEncoding = 4; lastKnownFileType = sourcecode.cpp.h; name = JSContextGroup.hpp; path = include/JavaScriptCoreCPP/JSContextGroup.hpp; sourceTree = "<group>"; };
		C97453DD1A027A1800CB4CA9 /* JSContext.cpp */ = {isa = PBXFileReference; fileEncoding = 4; lastKnownFileType = sourcecode.cpp.cpp; name = JSContext.cpp; path = src/JSContext.cpp; sourceTree = "<group>"; };
		C97453DE1A027A1800CB4CA9 /* JSContextGroup.cpp */ = {isa = PBXFileReference; fileEncoding = 4; lastKnownFileType = sourcecode.cpp.cpp; name = JSContextGroup.cpp; path = src/JSContextGroup.cpp; sourceTree = "<group>"; };
		C97453E31A027E3D00CB4CA9 /* JSBoolean.hpp */ = {isa = PBXFileReference; fileEncoding = 4; lastKnownFileType = sourcecode.cpp.h; name = JSBoolean.hpp; path = include/JavaScriptCoreCPP/JSBoolean.hpp; sourceTree = "<group>"; };
		C97453E41A027E3D00CB4CA9 /* JSNull.hpp */ = {isa = PBXFileReference; fileEncoding = 4; lastKnownFileType = sourcecode.cpp.h; name = JSNull.hpp; path = include/JavaScriptCoreCPP/JSNull.hpp; sourceTree = "<group>"; };
		C97453E51A027E3D00CB4CA9 /* JSNumber.hpp */ = {isa = PBXFileReference; fileEncoding = 4; lastKnownFileType = sourcecode.cpp.h; name = JSNumber.hpp; path = include/JavaScriptCoreCPP/JSNumber.hpp; sourceTree = "<group>"; };
		C97453E61A027E3D00CB4CA9 /* JSUndefined.hpp */ = {isa = PBXFileReference; fileEncoding = 4; lastKnownFileType = sourcecode.cpp.h; name = JSUndefined.hpp; path = include/JavaScriptCoreCPP/JSUndefined.hpp; sourceTree = "<group>"; };
		C97453E71A027E3D00CB4CA9 /* JSValue.hpp */ = {isa = PBXFileReference; fileEncoding = 4; lastKnownFileType = sourcecode.cpp.h; name = JSValue.hpp; path = include/JavaScriptCoreCPP/JSValue.hpp; sourceTree = "<group>"; };
		C97453E81A027E3D00CB4CA9 /* JSValue.cpp */ = {isa = PBXFileReference; fileEncoding = 4; lastKnownFileType = sourcecode.cpp.cpp; name = JSValue.cpp; path = src/JSValue.cpp; sourceTree = "<group>"; };
		C97453F31A027F6000CB4CA9 /* JSArray.hpp */ = {isa = PBXFileReference; fileEncoding = 4; lastKnownFileType = sourcecode.cpp.h; name = JSArray.hpp; path = include/JavaScriptCoreCPP/JSArray.hpp; sourceTree = "<group>"; };
		C97453F41A027F6000CB4CA9 /* JSDate.hpp */ = {isa = PBXFileReference; fileEncoding = 4; lastKnownFileType = sourcecode.cpp.h; name = JSDate.hpp; path = include/JavaScriptCoreCPP/JSDate.hpp; sourceTree = "<group>"; };
		C97453F51A027F6000CB4CA9 /* JSError.hpp */ = {isa = PBXFileReference; fileEncoding = 4; lastKnownFileType = sourcecode.cpp.h; name = JSError.hpp; path = include/JavaScriptCoreCPP/JSError.hpp; sourceTree = "<group>"; };
		C97453F61A027F6000CB4CA9 /* JSFunction.hpp */ = {isa = PBXFileReference; fileEncoding = 4; lastKnownFileType = sourcecode.cpp.h; name = JSFunction.hpp; path = include/JavaScriptCoreCPP/JSFunction.hpp; sourceTree = "<group>"; };
		C97453F71A027F6000CB4CA9 /* JSObject.hpp */ = {isa = PBXFileReference; fileEncoding = 4; lastKnownFileType = sourcecode.cpp.h; name = JSObject.hpp; path = include/JavaScriptCoreCPP/JSObject.hpp; sourceTree = "<group>"; };
		C97453F81A027F6000CB4CA9 /* JSRegExp.hpp */ = {isa = PBXFileReference; fileEncoding = 4; lastKnownFileType = sourcecode.cpp.h; name = JSRegExp.hpp; path = include/JavaScriptCoreCPP/JSRegExp.hpp; sourceTree = "<group>"; };
		C97453F91A027F6000CB4CA9 /* JSObject.cpp */ = {isa = PBXFileReference; fileEncoding = 4; lastKnownFileType = sourcecode.cpp.cpp; name = JSObject.cpp; path = src/JSObject.cpp; sourceTree = "<group>"; };
		C97453FA1A027F6000CB4CA9 /* JSRegExp.cpp */ = {isa = PBXFileReference; fileEncoding = 4; lastKnownFileType = sourcecode.cpp.cpp; name = JSRegExp.cpp; path = src/JSRegExp.cpp; sourceTree = "<group>"; };
		C97453FB1A027F6000CB4CA9 /* JSArray.cpp */ = {isa = PBXFileReference; fileEncoding = 4; lastKnownFileType = sourcecode.cpp.cpp; name = JSArray.cpp; path = src/JSArray.cpp; sourceTree = "<group>"; };
		C97453FC1A027F6000CB4CA9 /* JSDate.cpp */ = {isa = PBXFileReference; fileEncoding = 4; lastKnownFileType = sourcecode.cpp.cpp; name = JSDate.cpp; path = src/JSDate.cpp; sourceTree = "<group>"; };
		C97453FD1A027F6000CB4CA9 /* JSError.cpp */ = {isa = PBXFileReference; fileEncoding = 4; lastKnownFileType = sourcecode.cpp.cpp; name = JSError.cpp; path = src/JSError.cpp; sourceTree = "<group>"; };
		C97453FE1A027F6000CB4CA9 /* JSFunction.cpp */ = {isa = PBXFileReference; fileEncoding = 4; lastKnownFileType = sourcecode.cpp.cpp; name = JSFunction.cpp; path = src/JSFunction.cpp; sourceTree = "<group>"; };
		C974540D1A027FB300CB4CA9 /* JSClass.hpp */ = {isa = PBXFileReference; fileEncoding = 4; lastKnownFileType = sourcecode.cpp.h; name = JSClass.hpp; path = include/JavaScriptCoreCPP/JSClass.hpp; sourceTree = "<group>"; };
		C97454171A02800200CB4CA9 /* JSNativeObject.hpp */ = {isa = PBXFileReference; fileEncoding = 4; lastKnownFileType = sourcecode.cpp.h; name = JSNativeObject.hpp; path = include/JavaScriptCoreCPP/JSNativeObject.hpp; sourceTree = "<group>"; };
		C974541F1A02806300CB4CA9 /* JSPerformanceCounterPrinter.hpp */ = {isa = PBXFileReference; fileEncoding = 4; lastKnownFileType = sourcecode.cpp.h; name = JSPerformanceCounterPrinter.hpp; path = include/JavaScriptCoreCPP/detail/JSPerformanceCounterPrinter.hpp; sourceTree = "<group>"; };
		C97454201A02806300CB4CA9 /* JSPerformanceCounter.hpp */ = {isa = PBXFileReference; fileEncoding = 4; lastKnownFileType = sourcecode.cpp.h; name = JSPerformanceCounter.hpp; path = include/JavaScriptCoreCPP/detail/JSPerformanceCounter.hpp; sourceTree = "<group>"; };
		C97454231A02807900CB4CA9 /* JSUtil.hpp */ = {isa = PBXFileReference; fileEncoding = 4; lastKnownFileType = sourcecode.cpp.h; name = JSUtil.hpp; path = include/JavaScriptCoreCPP/detail/JSUtil.hpp; sourceTree = "<group>"; };
		C97454241A02807900CB4CA9 /* HashUtilities.hpp */ = {isa = PBXFileReference; fileEncoding = 4; lastKnownFileType = sourcecode.cpp.h; name = HashUtilities.hpp; path = include/JavaScriptCoreCPP/detail/HashUtilities.hpp; sourceTree = "<group>"; };
		C97454251A02807900CB4CA9 /* JSUtil.cpp */ = {isa = PBXFileReference; fileEncoding = 4; lastKnownFileType = sourcecode.cpp.cpp; name = JSUtil.cpp; path = src/detail/JSUtil.cpp; sourceTree = "<group>"; };
		C97454291A0280A400CB4CA9 /* Widget.hpp */ = {isa = PBXFileReference; fileEncoding = 4; lastKnownFileType = sourcecode.cpp.h; path = Widget.hpp; sourceTree = "<group>"; };
		C974542A1A0280A400CB4CA9 /* JSContextGroupTests.mm */ = {isa = PBXFileReference; fileEncoding = 4; lastKnownFileType = sourcecode.cpp.objcpp; path = JSContextGroupTests.mm; sourceTree = "<group>"; };
		C974542B1A0280A400CB4CA9 /* JSContextTests.mm */ = {isa = PBXFileReference; fileEncoding = 4; lastKnownFileType = sourcecode.cpp.objcpp; path = JSContextTests.mm; sourceTree = "<group>"; };
		C974542C1A0280A400CB4CA9 /* JSNativeObjectTests.mm */ = {isa = PBXFileReference; fileEncoding = 4; lastKnownFileType = sourcecode.cpp.objcpp; path = JSNativeObjectTests.mm; sourceTree = "<group>"; };
		C974542D1A0280A400CB4CA9 /* JSObjectTests.mm */ = {isa = PBXFileReference; fileEncoding = 4; lastKnownFileType = sourcecode.cpp.objcpp; path = JSObjectTests.mm; sourceTree = "<group>"; };
		C974542E1A0280A400CB4CA9 /* JSStringTests.mm */ = {isa = PBXFileReference; fileEncoding = 4; lastKnownFileType = sourcecode.cpp.objcpp; path = JSStringTests.mm; sourceTree = "<group>"; };
		C974542F1A0280A400CB4CA9 /* JSValueTests.mm */ = {isa = PBXFileReference; fileEncoding = 4; lastKnownFileType = sourcecode.cpp.objcpp; path = JSValueTests.mm; sourceTree = "<group>"; };
		C97454301A0280A400CB4CA9 /* HashUtilitiesTests.mm */ = {isa = PBXFileReference; fileEncoding = 4; lastKnownFileType = sourcecode.cpp.objcpp; path = HashUtilitiesTests.mm; sourceTree = "<group>"; };
		C97454391A02810600CB4CA9 /* GotW71.hpp */ = {isa = PBXFileReference; fileEncoding = 4; lastKnownFileType = sourcecode.cpp.h; name = GotW71.hpp; path = detail/GotW71.hpp; sourceTree = "<group>"; };
		C974543A1A02810600CB4CA9 /* LambdaTests.mm */ = {isa = PBXFileReference; fileEncoding = 4; lastKnownFileType = sourcecode.cpp.objcpp; name = LambdaTests.mm; path = detail/LambdaTests.mm; sourceTree = "<group>"; };
		C974543B1A02810600CB4CA9 /* TemplateTests.mm */ = {isa = PBXFileReference; fileEncoding = 4; lastKnownFileType = sourcecode.cpp.objcpp; name = TemplateTests.mm; path = detail/TemplateTests.mm; sourceTree = "<group>"; };
		C974543F1A0282FD00CB4CA9 /* JavaScriptCoreCPP.hpp */ = {isa = PBXFileReference; fileEncoding = 4; lastKnownFileType = sourcecode.cpp.h; name = JavaScriptCoreCPP.hpp; path = include/JavaScriptCoreCPP/JavaScriptCoreCPP.hpp; sourceTree = "<group>"; };
		C974547A1A02BAF200CB4CA9 /* JSPropertyNameArray.hpp */ = {isa = PBXFileReference; fileEncoding = 4; lastKnownFileType = sourcecode.cpp.h; name = JSPropertyNameArray.hpp; path = include/JavaScriptCoreCPP/JSPropertyNameArray.hpp; sourceTree = "<group>"; };
		C974547E1A05FBEE00CB4CA9 /* JSLoggerPimpl.hpp */ = {isa = PBXFileReference; fileEncoding = 4; lastKnownFileType = sourcecode.cpp.h; name = JSLoggerPimpl.hpp; path = include/JavaScriptCoreCPP/detail/JSLoggerPimpl.hpp; sourceTree = "<group>"; };
		C97454811A05FC1400CB4CA9 /* JSLoggerPolicyFile.hpp */ = {isa = PBXFileReference; fileEncoding = 4; lastKnownFileType = sourcecode.cpp.h; name = JSLoggerPolicyFile.hpp; path = include/JavaScriptCoreCPP/JSLoggerPolicyFile.hpp; sourceTree = "<group>"; };
		C97454821A05FC1400CB4CA9 /* JSLoggerPolicyConsole.hpp */ = {isa = PBXFileReference; fileEncoding = 4; lastKnownFileType = sourcecode.cpp.h; name = JSLoggerPolicyConsole.hpp; path = include/JavaScriptCoreCPP/JSLoggerPolicyConsole.hpp; sourceTree = "<group>"; };
		C97454831A05FC1400CB4CA9 /* JSLoggerPolicyInterface.hpp */ = {isa = PBXFileReference; fileEncoding = 4; lastKnownFileType = sourcecode.cpp.h; name = JSLoggerPolicyInterface.hpp; path = include/JavaScriptCoreCPP/JSLoggerPolicyInterface.hpp; sourceTree = "<group>"; };
		C97454841A05FC1400CB4CA9 /* JSLogger.hpp */ = {isa = PBXFileReference; fileEncoding = 4; lastKnownFileType = sourcecode.cpp.h; name = JSLogger.hpp; path = include/JavaScriptCoreCPP/JSLogger.hpp; sourceTree = "<group>"; };
		C97454891A05FC3F00CB4CA9 /* JSLoggerPimpl.cpp */ = {isa = PBXFileReference; fileEncoding = 4; lastKnownFileType = sourcecode.cpp.cpp; name = JSLoggerPimpl.cpp; path = src/detail/JSLoggerPimpl.cpp; sourceTree = "<group>"; };
		C974548B1A05FC5D00CB4CA9 /* JSLoggerTests.m */ = {isa = PBXFileReference; fileEncoding = 4; lastKnownFileType = sourcecode.c.objc; path = JSLoggerTests.m; sourceTree = "<group>"; };
		C974548D1A06D00A00CB4CA9 /* JSClassBuilder.hpp */ = {isa = PBXFileReference; fileEncoding = 4; lastKnownFileType = sourcecode.cpp.h; name = JSClassBuilder.hpp; path = include/JavaScriptCoreCPP/JSClassBuilder.hpp; sourceTree = "<group>"; };
		C974548F1A06D01C00CB4CA9 /* JSNativeClass.hpp */ = {isa = PBXFileReference; fileEncoding = 4; lastKnownFileType = sourcecode.cpp.h; name = JSNativeClass.hpp; path = include/JavaScriptCoreCPP/detail/JSNativeClass.hpp; sourceTree = "<group>"; };
		C97454911A06D03700CB4CA9 /* JSClass.cpp */ = {isa = PBXFileReference; fileEncoding = 4; lastKnownFileType = sourcecode.cpp.cpp; name = JSClass.cpp; path = src/JSClass.cpp; sourceTree = "<group>"; };
		C97454931A0752E100CB4CA9 /* JSPropertyNameAccumulator.hpp */ = {isa = PBXFileReference; fileEncoding = 4; lastKnownFileType = sourcecode.cpp.h; name = JSPropertyNameAccumulator.hpp; path = include/JavaScriptCoreCPP/detail/JSPropertyNameAccumulator.hpp; sourceTree = "<group>"; };
		C97454971A07534700CB4CA9 /* JSString.cpp */ = {isa = PBXFileReference; fileEncoding = 4; lastKnownFileType = sourcecode.cpp.cpp; name = JSString.cpp; path = src/JSString.cpp; sourceTree = "<group>"; };
		C97454991A07537B00CB4CA9 /* JSNativeObjectPimpl.hpp */ = {isa = PBXFileReference; fileEncoding = 4; lastKnownFileType = sourcecode.cpp.h; name = JSNativeObjectPimpl.hpp; path = include/JavaScriptCoreCPP/detail/JSNativeObjectPimpl.hpp; sourceTree = "<group>"; };
		C974549A1A07537B00CB4CA9 /* JSNativeObjectPimpl.cpp */ = {isa = PBXFileReference; fileEncoding = 4; lastKnownFileType = sourcecode.cpp.cpp; name = JSNativeObjectPimpl.cpp; path = src/detail/JSNativeObjectPimpl.cpp; sourceTree = "<group>"; };
		C974549F1A08888A00CB4CA9 /* JSNativeClassPimpl.hpp */ = {isa = PBXFileReference; fileEncoding = 4; lastKnownFileType = sourcecode.cpp.h; name = JSNativeClassPimpl.hpp; path = include/JavaScriptCoreCPP/detail/JSNativeClassPimpl.hpp; sourceTree = "<group>"; };
		C97454A11A08888A00CB4CA9 /* JSNativeClassPimpl.cpp */ = {isa = PBXFileReference; fileEncoding = 4; lastKnownFileType = sourcecode.cpp.cpp; name = JSNativeClassPimpl.cpp; path = src/detail/JSNativeClassPimpl.cpp; sourceTree = "<group>"; };
		C97454B51A09454300CB4CA9 /* JSObjectPropertyAttribute.hpp */ = {isa = PBXFileReference; fileEncoding = 4; lastKnownFileType = sourcecode.cpp.h; name = JSObjectPropertyAttribute.hpp; path = include/JavaScriptCoreCPP/JSObjectPropertyAttribute.hpp; sourceTree = "<group>"; };
		C97454B71A09457700CB4CA9 /* JSObjectPropertyCallback.hpp */ = {isa = PBXFileReference; fileEncoding = 4; lastKnownFileType = sourcecode.cpp.h; name = JSObjectPropertyCallback.hpp; path = include/JavaScriptCoreCPP/JSObjectPropertyCallback.hpp; sourceTree = "<group>"; };
		C97454B81A09457700CB4CA9 /* JSObjectCallbacks.hpp */ = {isa = PBXFileReference; fileEncoding = 4; lastKnownFileType = sourcecode.cpp.h; name = JSObjectCallbacks.hpp; path = include/JavaScriptCoreCPP/JSObjectCallbacks.hpp; sourceTree = "<group>"; };
		C97454B91A09457700CB4CA9 /* JSObjectNamedFunctionPropertyCallback.hpp */ = {isa = PBXFileReference; fileEncoding = 4; lastKnownFileType = sourcecode.cpp.h; name = JSObjectNamedFunctionPropertyCallback.hpp; path = include/JavaScriptCoreCPP/JSObjectNamedFunctionPropertyCallback.hpp; sourceTree = "<group>"; };
		C97454BA1A09457700CB4CA9 /* JSObjectNamedValuePropertyCallback.hpp */ = {isa = PBXFileReference; fileEncoding = 4; lastKnownFileType = sourcecode.cpp.h; name = JSObjectNamedValuePropertyCallback.hpp; path = include/JavaScriptCoreCPP/JSObjectNamedValuePropertyCallback.hpp; sourceTree = "<group>"; };
		C97454BB1A09457700CB4CA9 /* JSClassAttribute.hpp */ = {isa = PBXFileReference; fileEncoding = 4; lastKnownFileType = sourcecode.cpp.h; name = JSClassAttribute.hpp; path = include/JavaScriptCoreCPP/JSClassAttribute.hpp; sourceTree = "<group>"; };
		C97454BC1A09457700CB4CA9 /* JSObjectPropertyCallback.cpp */ = {isa = PBXFileReference; fileEncoding = 4; lastKnownFileType = sourcecode.cpp.cpp; name = JSObjectPropertyCallback.cpp; path = src/JSObjectPropertyCallback.cpp; sourceTree = "<group>"; };
		C97454BD1A09457700CB4CA9 /* JSObjectNamedFunctionPropertyCallback.cpp */ = {isa = PBXFileReference; fileEncoding = 4; lastKnownFileType = sourcecode.cpp.cpp; name = JSObjectNamedFunctionPropertyCallback.cpp; path = src/JSObjectNamedFunctionPropertyCallback.cpp; sourceTree = "<group>"; };
		C97454BE1A09457700CB4CA9 /* JSObjectNamedValuePropertyCallback.cpp */ = {isa = PBXFileReference; fileEncoding = 4; lastKnownFileType = sourcecode.cpp.cpp; name = JSObjectNamedValuePropertyCallback.cpp; path = src/JSObjectNamedValuePropertyCallback.cpp; sourceTree = "<group>"; };
/* End PBXFileReference section */

/* Begin PBXFrameworksBuildPhase section */
		C936FD2E19CB95BE0082CB08 /* Frameworks */ = {
			isa = PBXFrameworksBuildPhase;
			buildActionMask = 2147483647;
			files = (
			);
			runOnlyForDeploymentPostprocessing = 0;
		};
		C936FD4A19CB961A0082CB08 /* Frameworks */ = {
			isa = PBXFrameworksBuildPhase;
			buildActionMask = 2147483647;
			files = (
				C936FD6319CB966B0082CB08 /* JavaScriptCore.framework in Frameworks */,
				C936FD6119CB96650082CB08 /* libJavaScriptCoreCPP.a in Frameworks */,
			);
			runOnlyForDeploymentPostprocessing = 0;
		};
/* End PBXFrameworksBuildPhase section */

/* Begin PBXGroup section */
		C936FD2819CB95BE0082CB08 = {
			isa = PBXGroup;
			children = (
				C936FD6219CB966B0082CB08 /* JavaScriptCore.framework */,
				C936FD3319CB95BE0082CB08 /* JavaScriptCoreCPP */,
				C936FD4E19CB961A0082CB08 /* JavaScriptCoreCPPTests */,
				C936FD3219CB95BE0082CB08 /* Products */,
			);
			sourceTree = "<group>";
		};
		C936FD3219CB95BE0082CB08 /* Products */ = {
			isa = PBXGroup;
			children = (
				C936FD3119CB95BE0082CB08 /* libJavaScriptCoreCPP.a */,
				C936FD4D19CB961A0082CB08 /* JavaScriptCoreCPPTests.xctest */,
			);
			name = Products;
			sourceTree = "<group>";
		};
		C936FD3319CB95BE0082CB08 /* JavaScriptCoreCPP */ = {
			isa = PBXGroup;
			children = (
				C974543F1A0282FD00CB4CA9 /* JavaScriptCoreCPP.hpp */,
				C97453D71A02797E00CB4CA9 /* JSString.hpp */,
				C97454971A07534700CB4CA9 /* JSString.cpp */,
				C97454801A05FC0000CB4CA9 /* JSLogger */,
				C954A0DE19F9E8F00040C3FD /* JSContext */,
				C954A0DF19F9E9280040C3FD /* JSValue */,
				C97454C71A0945E300CB4CA9 /* JSClass */,
				C954A0E019F9E9410040C3FD /* JSObject */,
				C954A0E119F9E9500040C3FD /* JSNativeObject */,
				C954A0EE19FBE6EB0040C3FD /* detail */,
			);
			name = JavaScriptCoreCPP;
			path = ..;
			sourceTree = "<group>";
		};
		C936FD4E19CB961A0082CB08 /* JavaScriptCoreCPPTests */ = {
			isa = PBXGroup;
			children = (
				C974548B1A05FC5D00CB4CA9 /* JSLoggerTests.m */,
				C974542A1A0280A400CB4CA9 /* JSContextGroupTests.mm */,
				C974542B1A0280A400CB4CA9 /* JSContextTests.mm */,
				C974542E1A0280A400CB4CA9 /* JSStringTests.mm */,
				C974542F1A0280A400CB4CA9 /* JSValueTests.mm */,
				C974542D1A0280A400CB4CA9 /* JSObjectTests.mm */,
				C974542C1A0280A400CB4CA9 /* JSNativeObjectTests.mm */,
				C97454291A0280A400CB4CA9 /* Widget.hpp */,
				C97454301A0280A400CB4CA9 /* HashUtilitiesTests.mm */,
				C9A4E62F19F2ED2A00CF25BF /* detail */,
				C936FD4F19CB961A0082CB08 /* Supporting Files */,
			);
			path = JavaScriptCoreCPPTests;
			sourceTree = "<group>";
		};
		C936FD4F19CB961A0082CB08 /* Supporting Files */ = {
			isa = PBXGroup;
			children = (
				C936FD5019CB961A0082CB08 /* Info.plist */,
			);
			name = "Supporting Files";
			sourceTree = "<group>";
		};
		C954A0DE19F9E8F00040C3FD /* JSContext */ = {
			isa = PBXGroup;
			children = (
				C97453DC1A027A1800CB4CA9 /* JSContextGroup.hpp */,
				C97453DE1A027A1800CB4CA9 /* JSContextGroup.cpp */,
				C97453DB1A027A1800CB4CA9 /* JSContext.hpp */,
				C97453DD1A027A1800CB4CA9 /* JSContext.cpp */,
			);
			name = JSContext;
			sourceTree = "<group>";
		};
		C954A0DF19F9E9280040C3FD /* JSValue */ = {
			isa = PBXGroup;
			children = (
				C97453E71A027E3D00CB4CA9 /* JSValue.hpp */,
				C97453E81A027E3D00CB4CA9 /* JSValue.cpp */,
				C97453E61A027E3D00CB4CA9 /* JSUndefined.hpp */,
				C97453E41A027E3D00CB4CA9 /* JSNull.hpp */,
				C97453E31A027E3D00CB4CA9 /* JSBoolean.hpp */,
				C97453E51A027E3D00CB4CA9 /* JSNumber.hpp */,
			);
			name = JSValue;
			sourceTree = "<group>";
		};
		C954A0E019F9E9410040C3FD /* JSObject */ = {
			isa = PBXGroup;
			children = (
				C974547A1A02BAF200CB4CA9 /* JSPropertyNameArray.hpp */,
				C97453F71A027F6000CB4CA9 /* JSObject.hpp */,
				C97453F91A027F6000CB4CA9 /* JSObject.cpp */,
				C97453F31A027F6000CB4CA9 /* JSArray.hpp */,
				C97453FB1A027F6000CB4CA9 /* JSArray.cpp */,
				C97453F41A027F6000CB4CA9 /* JSDate.hpp */,
				C97453FC1A027F6000CB4CA9 /* JSDate.cpp */,
				C97453F51A027F6000CB4CA9 /* JSError.hpp */,
				C97453FD1A027F6000CB4CA9 /* JSError.cpp */,
				C97453F81A027F6000CB4CA9 /* JSRegExp.hpp */,
				C97453FA1A027F6000CB4CA9 /* JSRegExp.cpp */,
				C97453F61A027F6000CB4CA9 /* JSFunction.hpp */,
				C97453FE1A027F6000CB4CA9 /* JSFunction.cpp */,
			);
			name = JSObject;
			sourceTree = "<group>";
		};
		C954A0E119F9E9500040C3FD /* JSNativeObject */ = {
			isa = PBXGroup;
			children = (
				C97454171A02800200CB4CA9 /* JSNativeObject.hpp */,
			);
			name = JSNativeObject;
			sourceTree = "<group>";
		};
		C954A0EE19FBE6EB0040C3FD /* detail */ = {
			isa = PBXGroup;
			children = (
				C974547E1A05FBEE00CB4CA9 /* JSLoggerPimpl.hpp */,
				C97454891A05FC3F00CB4CA9 /* JSLoggerPimpl.cpp */,
				C974548F1A06D01C00CB4CA9 /* JSNativeClass.hpp */,
				C974549F1A08888A00CB4CA9 /* JSNativeClassPimpl.hpp */,
				C97454A11A08888A00CB4CA9 /* JSNativeClassPimpl.cpp */,
				C97454931A0752E100CB4CA9 /* JSPropertyNameAccumulator.hpp */,
				C97454991A07537B00CB4CA9 /* JSNativeObjectPimpl.hpp */,
				C974549A1A07537B00CB4CA9 /* JSNativeObjectPimpl.cpp */,
				C97454201A02806300CB4CA9 /* JSPerformanceCounter.hpp */,
				C974541F1A02806300CB4CA9 /* JSPerformanceCounterPrinter.hpp */,
				C97454241A02807900CB4CA9 /* HashUtilities.hpp */,
				C97454231A02807900CB4CA9 /* JSUtil.hpp */,
				C97454251A02807900CB4CA9 /* JSUtil.cpp */,
			);
			name = detail;
			sourceTree = "<group>";
		};
		C97454801A05FC0000CB4CA9 /* JSLogger */ = {
			isa = PBXGroup;
			children = (
				C97454841A05FC1400CB4CA9 /* JSLogger.hpp */,
				C97454831A05FC1400CB4CA9 /* JSLoggerPolicyInterface.hpp */,
				C97454821A05FC1400CB4CA9 /* JSLoggerPolicyConsole.hpp */,
				C97454811A05FC1400CB4CA9 /* JSLoggerPolicyFile.hpp */,
			);
			name = JSLogger;
			sourceTree = "<group>";
		};
		C97454C71A0945E300CB4CA9 /* JSClass */ = {
			isa = PBXGroup;
			children = (
				C97454B51A09454300CB4CA9 /* JSObjectPropertyAttribute.hpp */,
				C97454B71A09457700CB4CA9 /* JSObjectPropertyCallback.hpp */,
				C97454BC1A09457700CB4CA9 /* JSObjectPropertyCallback.cpp */,
				C97454BA1A09457700CB4CA9 /* JSObjectNamedValuePropertyCallback.hpp */,
				C97454BE1A09457700CB4CA9 /* JSObjectNamedValuePropertyCallback.cpp */,
				C97454B91A09457700CB4CA9 /* JSObjectNamedFunctionPropertyCallback.hpp */,
				C97454BD1A09457700CB4CA9 /* JSObjectNamedFunctionPropertyCallback.cpp */,
				C97454B81A09457700CB4CA9 /* JSObjectCallbacks.hpp */,
				C974548D1A06D00A00CB4CA9 /* JSClassBuilder.hpp */,
				C97454BB1A09457700CB4CA9 /* JSClassAttribute.hpp */,
				C974540D1A027FB300CB4CA9 /* JSClass.hpp */,
				C97454911A06D03700CB4CA9 /* JSClass.cpp */,
			);
			name = JSClass;
			sourceTree = "<group>";
		};
		C9A4E62F19F2ED2A00CF25BF /* detail */ = {
			isa = PBXGroup;
			children = (
				C97454391A02810600CB4CA9 /* GotW71.hpp */,
				C974543A1A02810600CB4CA9 /* LambdaTests.mm */,
				C974543B1A02810600CB4CA9 /* TemplateTests.mm */,
			);
			name = detail;
			sourceTree = "<group>";
		};
/* End PBXGroup section */

/* Begin PBXHeadersBuildPhase section */
		C936FD2F19CB95BE0082CB08 /* Headers */ = {
			isa = PBXHeadersBuildPhase;
			buildActionMask = 2147483647;
			files = (
				C97453D91A02797E00CB4CA9 /* JSString.hpp in Headers */,
				C97454881A05FC1400CB4CA9 /* JSLogger.hpp in Headers */,
				C974548E1A06D00A00CB4CA9 /* JSClassBuilder.hpp in Headers */,
				C97453E01A027A1800CB4CA9 /* JSContextGroup.hpp in Headers */,
				C97453DF1A027A1800CB4CA9 /* JSContext.hpp in Headers */,
				C97453EE1A027E3D00CB4CA9 /* JSValue.hpp in Headers */,
				C97453ED1A027E3D00CB4CA9 /* JSUndefined.hpp in Headers */,
				C97453EB1A027E3D00CB4CA9 /* JSNull.hpp in Headers */,
				C97454BF1A09457700CB4CA9 /* JSObjectPropertyCallback.hpp in Headers */,
				C97454C11A09457700CB4CA9 /* JSObjectNamedFunctionPropertyCallback.hpp in Headers */,
				C97453EA1A027E3D00CB4CA9 /* JSBoolean.hpp in Headers */,
				C97454851A05FC1400CB4CA9 /* JSLoggerPolicyFile.hpp in Headers */,
				C97453EC1A027E3D00CB4CA9 /* JSNumber.hpp in Headers */,
				C974547B1A02BAF200CB4CA9 /* JSPropertyNameArray.hpp in Headers */,
				C97454031A027F6000CB4CA9 /* JSObject.hpp in Headers */,
				C97453FF1A027F6000CB4CA9 /* JSArray.hpp in Headers */,
				C97454001A027F6000CB4CA9 /* JSDate.hpp in Headers */,
				C97454861A05FC1400CB4CA9 /* JSLoggerPolicyConsole.hpp in Headers */,
				C974547F1A05FBEE00CB4CA9 /* JSLoggerPimpl.hpp in Headers */,
				C97454011A027F6000CB4CA9 /* JSError.hpp in Headers */,
				C97454C01A09457700CB4CA9 /* JSObjectCallbacks.hpp in Headers */,
				C97454041A027F6000CB4CA9 /* JSRegExp.hpp in Headers */,
				C97454021A027F6000CB4CA9 /* JSFunction.hpp in Headers */,
				C97454B61A09454300CB4CA9 /* JSObjectPropertyAttribute.hpp in Headers */,
				C974540E1A027FB300CB4CA9 /* JSClass.hpp in Headers */,
				C97454901A06D01C00CB4CA9 /* JSNativeClass.hpp in Headers */,
				C97454871A05FC1400CB4CA9 /* JSLoggerPolicyInterface.hpp in Headers */,
				C97454181A02800200CB4CA9 /* JSNativeObject.hpp in Headers */,
				C97454A41A08888A00CB4CA9 /* JSNativeClassPimpl.hpp in Headers */,
				C97454221A02806300CB4CA9 /* JSPerformanceCounter.hpp in Headers */,
				C97454211A02806300CB4CA9 /* JSPerformanceCounterPrinter.hpp in Headers */,
				C974549B1A07537B00CB4CA9 /* JSNativeObjectPimpl.hpp in Headers */,
				C97454271A02807900CB4CA9 /* HashUtilities.hpp in Headers */,
				C97454C21A09457700CB4CA9 /* JSObjectNamedValuePropertyCallback.hpp in Headers */,
				C97454941A0752E100CB4CA9 /* JSPropertyNameAccumulator.hpp in Headers */,
				C97454261A02807900CB4CA9 /* JSUtil.hpp in Headers */,
				C97454C31A09457700CB4CA9 /* JSClassAttribute.hpp in Headers */,
			);
			runOnlyForDeploymentPostprocessing = 0;
		};
/* End PBXHeadersBuildPhase section */

/* Begin PBXNativeTarget section */
		C936FD3019CB95BE0082CB08 /* JavaScriptCoreCPP */ = {
			isa = PBXNativeTarget;
			buildConfigurationList = C936FD3C19CB95BE0082CB08 /* Build configuration list for PBXNativeTarget "JavaScriptCoreCPP" */;
			buildPhases = (
				C936FD2D19CB95BE0082CB08 /* Sources */,
				C936FD2E19CB95BE0082CB08 /* Frameworks */,
				C936FD2F19CB95BE0082CB08 /* Headers */,
			);
			buildRules = (
			);
			dependencies = (
			);
			name = JavaScriptCoreCPP;
			productName = JavaScriptCoreCPP;
			productReference = C936FD3119CB95BE0082CB08 /* libJavaScriptCoreCPP.a */;
			productType = "com.apple.product-type.library.static";
		};
		C936FD4C19CB961A0082CB08 /* JavaScriptCoreCPPTests */ = {
			isa = PBXNativeTarget;
			buildConfigurationList = C936FD5319CB961A0082CB08 /* Build configuration list for PBXNativeTarget "JavaScriptCoreCPPTests" */;
			buildPhases = (
				C936FD4919CB961A0082CB08 /* Sources */,
				C936FD4A19CB961A0082CB08 /* Frameworks */,
				C936FD4B19CB961A0082CB08 /* Resources */,
			);
			buildRules = (
			);
			dependencies = (
				C936FD6019CB96630082CB08 /* PBXTargetDependency */,
			);
			name = JavaScriptCoreCPPTests;
			productName = JavaScriptCoreCPPTests;
			productReference = C936FD4D19CB961A0082CB08 /* JavaScriptCoreCPPTests.xctest */;
			productType = "com.apple.product-type.bundle.unit-test";
		};
/* End PBXNativeTarget section */

/* Begin PBXProject section */
		C936FD2919CB95BE0082CB08 /* Project object */ = {
			isa = PBXProject;
			attributes = {
				LastUpgradeCheck = 0610;
				ORGANIZATIONNAME = Appcelerator;
				TargetAttributes = {
					C936FD3019CB95BE0082CB08 = {
						CreatedOnToolsVersion = 6.0.1;
					};
					C936FD4C19CB961A0082CB08 = {
						CreatedOnToolsVersion = 6.0.1;
					};
				};
			};
			buildConfigurationList = C936FD2C19CB95BE0082CB08 /* Build configuration list for PBXProject "JavaScriptCoreCPP" */;
			compatibilityVersion = "Xcode 3.2";
			developmentRegion = English;
			hasScannedForEncodings = 0;
			knownRegions = (
				en,
			);
			mainGroup = C936FD2819CB95BE0082CB08;
			productRefGroup = C936FD3219CB95BE0082CB08 /* Products */;
			projectDirPath = "";
			projectRoot = "";
			targets = (
				C936FD3019CB95BE0082CB08 /* JavaScriptCoreCPP */,
				C936FD4C19CB961A0082CB08 /* JavaScriptCoreCPPTests */,
			);
		};
/* End PBXProject section */

/* Begin PBXResourcesBuildPhase section */
		C936FD4B19CB961A0082CB08 /* Resources */ = {
			isa = PBXResourcesBuildPhase;
			buildActionMask = 2147483647;
			files = (
			);
			runOnlyForDeploymentPostprocessing = 0;
		};
/* End PBXResourcesBuildPhase section */

/* Begin PBXSourcesBuildPhase section */
		C936FD2D19CB95BE0082CB08 /* Sources */ = {
			isa = PBXSourcesBuildPhase;
			buildActionMask = 2147483647;
			files = (
				C97453E21A027A1800CB4CA9 /* JSContextGroup.cpp in Sources */,
				C974549C1A07537B00CB4CA9 /* JSNativeObjectPimpl.cpp in Sources */,
				C97453E11A027A1800CB4CA9 /* JSContext.cpp in Sources */,
				C97454A61A08888A00CB4CA9 /* JSNativeClassPimpl.cpp in Sources */,
				C97454C61A09457700CB4CA9 /* JSObjectNamedValuePropertyCallback.cpp in Sources */,
				C974548A1A05FC3F00CB4CA9 /* JSLoggerPimpl.cpp in Sources */,
				C97453EF1A027E3D00CB4CA9 /* JSValue.cpp in Sources */,
				C97454051A027F6000CB4CA9 /* JSObject.cpp in Sources */,
				C97454071A027F6000CB4CA9 /* JSArray.cpp in Sources */,
				C97454081A027F6000CB4CA9 /* JSDate.cpp in Sources */,
				C97454921A06D03700CB4CA9 /* JSClass.cpp in Sources */,
				C97454C41A09457700CB4CA9 /* JSObjectPropertyCallback.cpp in Sources */,
				C97454091A027F6000CB4CA9 /* JSError.cpp in Sources */,
				C97454981A07534700CB4CA9 /* JSString.cpp in Sources */,
				C97454C51A09457700CB4CA9 /* JSObjectNamedFunctionPropertyCallback.cpp in Sources */,
				C97454061A027F6000CB4CA9 /* JSRegExp.cpp in Sources */,
				C974540A1A027F6000CB4CA9 /* JSFunction.cpp in Sources */,
				C97454281A02807900CB4CA9 /* JSUtil.cpp in Sources */,
			);
			runOnlyForDeploymentPostprocessing = 0;
		};
		C936FD4919CB961A0082CB08 /* Sources */ = {
			isa = PBXSourcesBuildPhase;
			buildActionMask = 2147483647;
			files = (
				C974548C1A05FC5D00CB4CA9 /* JSLoggerTests.m in Sources */,
				C97454331A0280A400CB4CA9 /* JSNativeObjectTests.mm in Sources */,
				C974543D1A02810600CB4CA9 /* LambdaTests.mm in Sources */,
				C97454311A0280A400CB4CA9 /* JSContextGroupTests.mm in Sources */,
				C97454371A0280A400CB4CA9 /* HashUtilitiesTests.mm in Sources */,
				C97454341A0280A400CB4CA9 /* JSObjectTests.mm in Sources */,
				C97454361A0280A400CB4CA9 /* JSValueTests.mm in Sources */,
				C974543E1A02810600CB4CA9 /* TemplateTests.mm in Sources */,
				C97454321A0280A400CB4CA9 /* JSContextTests.mm in Sources */,
				C97454351A0280A400CB4CA9 /* JSStringTests.mm in Sources */,
			);
			runOnlyForDeploymentPostprocessing = 0;
		};
/* End PBXSourcesBuildPhase section */

/* Begin PBXTargetDependency section */
		C936FD6019CB96630082CB08 /* PBXTargetDependency */ = {
			isa = PBXTargetDependency;
			target = C936FD3019CB95BE0082CB08 /* JavaScriptCoreCPP */;
			targetProxy = C936FD5F19CB96630082CB08 /* PBXContainerItemProxy */;
		};
/* End PBXTargetDependency section */

/* Begin XCBuildConfiguration section */
		C936FD3A19CB95BE0082CB08 /* Debug */ = {
			isa = XCBuildConfiguration;
			buildSettings = {
				ALWAYS_SEARCH_USER_PATHS = NO;
				CLANG_CXX_LANGUAGE_STANDARD = "gnu++0x";
				CLANG_CXX_LIBRARY = "libc++";
				CLANG_ENABLE_MODULES = YES;
				CLANG_ENABLE_OBJC_ARC = YES;
				CLANG_WARN_BOOL_CONVERSION = YES;
				CLANG_WARN_CONSTANT_CONVERSION = YES;
				CLANG_WARN_DIRECT_OBJC_ISA_USAGE = YES_ERROR;
				CLANG_WARN_EMPTY_BODY = YES;
				CLANG_WARN_ENUM_CONVERSION = YES;
				CLANG_WARN_INT_CONVERSION = YES;
				CLANG_WARN_OBJC_ROOT_CLASS = YES_ERROR;
				CLANG_WARN_UNREACHABLE_CODE = YES;
				CLANG_WARN__DUPLICATE_METHOD_MATCH = YES;
				COPY_PHASE_STRIP = NO;
				ENABLE_STRICT_OBJC_MSGSEND = YES;
				GCC_C_LANGUAGE_STANDARD = gnu99;
				GCC_DYNAMIC_NO_PIC = NO;
				GCC_OPTIMIZATION_LEVEL = 0;
				GCC_PREPROCESSOR_DEFINITIONS = (
					"TRAVIS=$(TRAVIS)",
					"DEBUG=1",
					"$(inherited)",
				);
				GCC_SYMBOLS_PRIVATE_EXTERN = NO;
				GCC_WARN_64_TO_32_BIT_CONVERSION = YES;
				GCC_WARN_ABOUT_RETURN_TYPE = YES_ERROR;
				GCC_WARN_UNDECLARED_SELECTOR = YES;
				GCC_WARN_UNINITIALIZED_AUTOS = YES_AGGRESSIVE;
				GCC_WARN_UNUSED_FUNCTION = YES;
				GCC_WARN_UNUSED_VARIABLE = YES;
				MACOSX_DEPLOYMENT_TARGET = 10.9;
				MTL_ENABLE_DEBUG_INFO = YES;
				ONLY_ACTIVE_ARCH = YES;
				OTHER_CPLUSPLUSFLAGS = "$(OTHER_CFLAGS)";
				SDKROOT = macosx;
				USER_HEADER_SEARCH_PATHS = "../include ../../Util/include";
			};
			name = Debug;
		};
		C936FD3B19CB95BE0082CB08 /* Release */ = {
			isa = XCBuildConfiguration;
			buildSettings = {
				ALWAYS_SEARCH_USER_PATHS = NO;
				CLANG_CXX_LANGUAGE_STANDARD = "gnu++0x";
				CLANG_CXX_LIBRARY = "libc++";
				CLANG_ENABLE_MODULES = YES;
				CLANG_ENABLE_OBJC_ARC = YES;
				CLANG_WARN_BOOL_CONVERSION = YES;
				CLANG_WARN_CONSTANT_CONVERSION = YES;
				CLANG_WARN_DIRECT_OBJC_ISA_USAGE = YES_ERROR;
				CLANG_WARN_EMPTY_BODY = YES;
				CLANG_WARN_ENUM_CONVERSION = YES;
				CLANG_WARN_INT_CONVERSION = YES;
				CLANG_WARN_OBJC_ROOT_CLASS = YES_ERROR;
				CLANG_WARN_UNREACHABLE_CODE = YES;
				CLANG_WARN__DUPLICATE_METHOD_MATCH = YES;
				COPY_PHASE_STRIP = YES;
				DEBUG_INFORMATION_FORMAT = "dwarf-with-dsym";
				ENABLE_NS_ASSERTIONS = NO;
				ENABLE_STRICT_OBJC_MSGSEND = YES;
				GCC_C_LANGUAGE_STANDARD = gnu99;
				GCC_WARN_64_TO_32_BIT_CONVERSION = YES;
				GCC_WARN_ABOUT_RETURN_TYPE = YES_ERROR;
				GCC_WARN_UNDECLARED_SELECTOR = YES;
				GCC_WARN_UNINITIALIZED_AUTOS = YES_AGGRESSIVE;
				GCC_WARN_UNUSED_FUNCTION = YES;
				GCC_WARN_UNUSED_VARIABLE = YES;
				MACOSX_DEPLOYMENT_TARGET = 10.9;
				MTL_ENABLE_DEBUG_INFO = NO;
				OTHER_CPLUSPLUSFLAGS = "$(OTHER_CFLAGS)";
				SDKROOT = macosx;
				USER_HEADER_SEARCH_PATHS = "../include ../../Util/include";
			};
			name = Release;
		};
		C936FD3D19CB95BE0082CB08 /* Debug */ = {
			isa = XCBuildConfiguration;
			buildSettings = {
				COMBINE_HIDPI_IMAGES = YES;
				EXECUTABLE_PREFIX = lib;
				GCC_ENABLE_CPP_EXCEPTIONS = YES;
				GCC_ENABLE_CPP_RTTI = YES;
				GCC_SYMBOLS_PRIVATE_EXTERN = NO;
				PRODUCT_NAME = "$(TARGET_NAME)";
			};
			name = Debug;
		};
		C936FD3E19CB95BE0082CB08 /* Release */ = {
			isa = XCBuildConfiguration;
			buildSettings = {
				COMBINE_HIDPI_IMAGES = YES;
				EXECUTABLE_PREFIX = lib;
				GCC_ENABLE_CPP_EXCEPTIONS = YES;
				GCC_ENABLE_CPP_RTTI = YES;
				GCC_SYMBOLS_PRIVATE_EXTERN = NO;
				PRODUCT_NAME = "$(TARGET_NAME)";
			};
			name = Release;
		};
		C936FD5419CB961A0082CB08 /* Debug */ = {
			isa = XCBuildConfiguration;
			buildSettings = {
				COMBINE_HIDPI_IMAGES = YES;
				FRAMEWORK_SEARCH_PATHS = (
					"$(DEVELOPER_FRAMEWORKS_DIR)",
					"$(inherited)",
				);
				GCC_PREPROCESSOR_DEFINITIONS = (
					"DEBUG=1",
					"$(inherited)",
				);
				INFOPLIST_FILE = JavaScriptCoreCPPTests/Info.plist;
				LD_RUNPATH_SEARCH_PATHS = "$(inherited) @executable_path/../Frameworks @loader_path/../Frameworks";
				PRODUCT_NAME = "$(TARGET_NAME)";
			};
			name = Debug;
		};
		C936FD5519CB961A0082CB08 /* Release */ = {
			isa = XCBuildConfiguration;
			buildSettings = {
				COMBINE_HIDPI_IMAGES = YES;
				FRAMEWORK_SEARCH_PATHS = (
					"$(DEVELOPER_FRAMEWORKS_DIR)",
					"$(inherited)",
				);
				INFOPLIST_FILE = JavaScriptCoreCPPTests/Info.plist;
				LD_RUNPATH_SEARCH_PATHS = "$(inherited) @executable_path/../Frameworks @loader_path/../Frameworks";
				PRODUCT_NAME = "$(TARGET_NAME)";
			};
			name = Release;
		};
/* End XCBuildConfiguration section */

/* Begin XCConfigurationList section */
		C936FD2C19CB95BE0082CB08 /* Build configuration list for PBXProject "JavaScriptCoreCPP" */ = {
			isa = XCConfigurationList;
			buildConfigurations = (
				C936FD3A19CB95BE0082CB08 /* Debug */,
				C936FD3B19CB95BE0082CB08 /* Release */,
			);
			defaultConfigurationIsVisible = 0;
			defaultConfigurationName = Release;
		};
		C936FD3C19CB95BE0082CB08 /* Build configuration list for PBXNativeTarget "JavaScriptCoreCPP" */ = {
			isa = XCConfigurationList;
			buildConfigurations = (
				C936FD3D19CB95BE0082CB08 /* Debug */,
				C936FD3E19CB95BE0082CB08 /* Release */,
			);
			defaultConfigurationIsVisible = 0;
			defaultConfigurationName = Release;
		};
		C936FD5319CB961A0082CB08 /* Build configuration list for PBXNativeTarget "JavaScriptCoreCPPTests" */ = {
			isa = XCConfigurationList;
			buildConfigurations = (
				C936FD5419CB961A0082CB08 /* Debug */,
				C936FD5519CB961A0082CB08 /* Release */,
			);
			defaultConfigurationIsVisible = 0;
			defaultConfigurationName = Release;
		};
/* End XCConfigurationList section */
	};
	rootObject = C936FD2919CB95BE0082CB08 /* Project object */;
}
