// !$*UTF8*$!
{
	archiveVersion = 1;
	classes = {
	};
	objectVersion = 46;
	objects = {

/* Begin PBXBuildFile section */
		C936FD4419CB95EC0082CB08 /* JSContext.cpp in Sources */ = {isa = PBXBuildFile; fileRef = C936FD3F19CB95EC0082CB08 /* JSContext.cpp */; };
		C936FD4519CB95EC0082CB08 /* JSProxy.cpp in Sources */ = {isa = PBXBuildFile; fileRef = C936FD4019CB95EC0082CB08 /* JSProxy.cpp */; };
		C936FD4619CB95EC0082CB08 /* JSString.cpp in Sources */ = {isa = PBXBuildFile; fileRef = C936FD4119CB95EC0082CB08 /* JSString.cpp */; };
		C936FD4719CB95EC0082CB08 /* JSValue.cpp in Sources */ = {isa = PBXBuildFile; fileRef = C936FD4219CB95EC0082CB08 /* JSValue.cpp */; };
		C936FD4819CB95EC0082CB08 /* JSVirtualMachine.cpp in Sources */ = {isa = PBXBuildFile; fileRef = C936FD4319CB95EC0082CB08 /* JSVirtualMachine.cpp */; };
		C936FD5B19CB962E0082CB08 /* JSStringTests.mm in Sources */ = {isa = PBXBuildFile; fileRef = C936FD5619CB962E0082CB08 /* JSStringTests.mm */; };
		C936FD5C19CB962E0082CB08 /* JSProxyTests.mm in Sources */ = {isa = PBXBuildFile; fileRef = C936FD5719CB962E0082CB08 /* JSProxyTests.mm */; };
		C936FD5D19CB962E0082CB08 /* JSContextTests.mm in Sources */ = {isa = PBXBuildFile; fileRef = C936FD5819CB962E0082CB08 /* JSContextTests.mm */; };
		C936FD5E19CB962E0082CB08 /* GotW71.cpp in Sources */ = {isa = PBXBuildFile; fileRef = C936FD5919CB962E0082CB08 /* GotW71.cpp */; };
		C936FD6119CB96650082CB08 /* libJavaScriptCoreCPP.a in Frameworks */ = {isa = PBXBuildFile; fileRef = C936FD3119CB95BE0082CB08 /* libJavaScriptCoreCPP.a */; };
		C936FD6319CB966B0082CB08 /* JavaScriptCore.framework in Frameworks */ = {isa = PBXBuildFile; fileRef = C936FD6219CB966B0082CB08 /* JavaScriptCore.framework */; };
		C936FD6919CB97930082CB08 /* JSContext.h in Headers */ = {isa = PBXBuildFile; fileRef = C936FD6419CB97930082CB08 /* JSContext.h */; };
		C936FD6A19CB97930082CB08 /* JSProxy.h in Headers */ = {isa = PBXBuildFile; fileRef = C936FD6519CB97930082CB08 /* JSProxy.h */; };
		C936FD6B19CB97930082CB08 /* JSString.h in Headers */ = {isa = PBXBuildFile; fileRef = C936FD6619CB97930082CB08 /* JSString.h */; };
		C936FD6C19CB97930082CB08 /* JSValue.h in Headers */ = {isa = PBXBuildFile; fileRef = C936FD6719CB97930082CB08 /* JSValue.h */; };
		C936FD6D19CB97930082CB08 /* JSVirtualMachine.h in Headers */ = {isa = PBXBuildFile; fileRef = C936FD6819CB97930082CB08 /* JSVirtualMachine.h */; };
		C936FD6F19CC949E0082CB08 /* JSValueTests.mm in Sources */ = {isa = PBXBuildFile; fileRef = C936FD6E19CC949E0082CB08 /* JSValueTests.mm */; };
/* End PBXBuildFile section */

/* Begin PBXContainerItemProxy section */
		C936FD5F19CB96630082CB08 /* PBXContainerItemProxy */ = {
			isa = PBXContainerItemProxy;
			containerPortal = C936FD2919CB95BE0082CB08 /* Project object */;
			proxyType = 1;
			remoteGlobalIDString = C936FD3019CB95BE0082CB08;
			remoteInfo = JavaScriptCoreCPP;
		};
/* End PBXContainerItemProxy section */

/* Begin PBXFileReference section */
		C936FD3119CB95BE0082CB08 /* libJavaScriptCoreCPP.a */ = {isa = PBXFileReference; explicitFileType = archive.ar; includeInIndex = 0; path = libJavaScriptCoreCPP.a; sourceTree = BUILT_PRODUCTS_DIR; };
		C936FD3F19CB95EC0082CB08 /* JSContext.cpp */ = {isa = PBXFileReference; fileEncoding = 4; lastKnownFileType = sourcecode.cpp.cpp; name = JSContext.cpp; path = src/JSContext.cpp; sourceTree = "<group>"; };
		C936FD4019CB95EC0082CB08 /* JSProxy.cpp */ = {isa = PBXFileReference; fileEncoding = 4; lastKnownFileType = sourcecode.cpp.cpp; name = JSProxy.cpp; path = src/JSProxy.cpp; sourceTree = "<group>"; };
		C936FD4119CB95EC0082CB08 /* JSString.cpp */ = {isa = PBXFileReference; fileEncoding = 4; lastKnownFileType = sourcecode.cpp.cpp; name = JSString.cpp; path = src/JSString.cpp; sourceTree = "<group>"; };
		C936FD4219CB95EC0082CB08 /* JSValue.cpp */ = {isa = PBXFileReference; fileEncoding = 4; lastKnownFileType = sourcecode.cpp.cpp; name = JSValue.cpp; path = src/JSValue.cpp; sourceTree = "<group>"; };
		C936FD4319CB95EC0082CB08 /* JSVirtualMachine.cpp */ = {isa = PBXFileReference; fileEncoding = 4; lastKnownFileType = sourcecode.cpp.cpp; name = JSVirtualMachine.cpp; path = src/JSVirtualMachine.cpp; sourceTree = "<group>"; };
		C936FD4D19CB961A0082CB08 /* JavaScriptCoreCPPTests.xctest */ = {isa = PBXFileReference; explicitFileType = wrapper.cfbundle; includeInIndex = 0; path = JavaScriptCoreCPPTests.xctest; sourceTree = BUILT_PRODUCTS_DIR; };
		C936FD5019CB961A0082CB08 /* Info.plist */ = {isa = PBXFileReference; lastKnownFileType = text.plist.xml; path = Info.plist; sourceTree = "<group>"; };
		C936FD5619CB962E0082CB08 /* JSStringTests.mm */ = {isa = PBXFileReference; fileEncoding = 4; lastKnownFileType = sourcecode.cpp.objcpp; name = JSStringTests.mm; path = ../../../test/JSStringTests.mm; sourceTree = "<group>"; };
		C936FD5719CB962E0082CB08 /* JSProxyTests.mm */ = {isa = PBXFileReference; fileEncoding = 4; lastKnownFileType = sourcecode.cpp.objcpp; name = JSProxyTests.mm; path = ../../../test/JSProxyTests.mm; sourceTree = "<group>"; };
		C936FD5819CB962E0082CB08 /* JSContextTests.mm */ = {isa = PBXFileReference; fileEncoding = 4; lastKnownFileType = sourcecode.cpp.objcpp; name = JSContextTests.mm; path = ../../../test/JSContextTests.mm; sourceTree = "<group>"; };
		C936FD5919CB962E0082CB08 /* GotW71.cpp */ = {isa = PBXFileReference; fileEncoding = 4; lastKnownFileType = sourcecode.cpp.cpp; name = GotW71.cpp; path = ../../../test/GotW71.cpp; sourceTree = "<group>"; };
		C936FD5A19CB962E0082CB08 /* GotW71.h */ = {isa = PBXFileReference; fileEncoding = 4; lastKnownFileType = sourcecode.c.h; name = GotW71.h; path = ../../../test/GotW71.h; sourceTree = "<group>"; };
		C936FD6219CB966B0082CB08 /* JavaScriptCore.framework */ = {isa = PBXFileReference; lastKnownFileType = wrapper.framework; name = JavaScriptCore.framework; path = System/Library/Frameworks/JavaScriptCore.framework; sourceTree = SDKROOT; };
		C936FD6419CB97930082CB08 /* JSContext.h */ = {isa = PBXFileReference; fileEncoding = 4; lastKnownFileType = sourcecode.c.h; name = JSContext.h; path = include/JavaScriptCoreCPP/JSContext.h; sourceTree = "<group>"; };
		C936FD6519CB97930082CB08 /* JSProxy.h */ = {isa = PBXFileReference; fileEncoding = 4; lastKnownFileType = sourcecode.c.h; name = JSProxy.h; path = include/JavaScriptCoreCPP/JSProxy.h; sourceTree = "<group>"; };
		C936FD6619CB97930082CB08 /* JSString.h */ = {isa = PBXFileReference; fileEncoding = 4; lastKnownFileType = sourcecode.c.h; name = JSString.h; path = include/JavaScriptCoreCPP/JSString.h; sourceTree = "<group>"; };
		C936FD6719CB97930082CB08 /* JSValue.h */ = {isa = PBXFileReference; fileEncoding = 4; lastKnownFileType = sourcecode.c.h; name = JSValue.h; path = include/JavaScriptCoreCPP/JSValue.h; sourceTree = "<group>"; };
		C936FD6819CB97930082CB08 /* JSVirtualMachine.h */ = {isa = PBXFileReference; fileEncoding = 4; lastKnownFileType = sourcecode.c.h; name = JSVirtualMachine.h; path = include/JavaScriptCoreCPP/JSVirtualMachine.h; sourceTree = "<group>"; };
		C936FD6E19CC949E0082CB08 /* JSValueTests.mm */ = {isa = PBXFileReference; fileEncoding = 4; lastKnownFileType = sourcecode.cpp.objcpp; name = JSValueTests.mm; path = ../../../test/JSValueTests.mm; sourceTree = "<group>"; };
/* End PBXFileReference section */

/* Begin PBXFrameworksBuildPhase section */
		C936FD2E19CB95BE0082CB08 /* Frameworks */ = {
			isa = PBXFrameworksBuildPhase;
			buildActionMask = 2147483647;
			files = (
			);
			runOnlyForDeploymentPostprocessing = 0;
		};
		C936FD4A19CB961A0082CB08 /* Frameworks */ = {
			isa = PBXFrameworksBuildPhase;
			buildActionMask = 2147483647;
			files = (
				C936FD6319CB966B0082CB08 /* JavaScriptCore.framework in Frameworks */,
				C936FD6119CB96650082CB08 /* libJavaScriptCoreCPP.a in Frameworks */,
			);
			runOnlyForDeploymentPostprocessing = 0;
		};
/* End PBXFrameworksBuildPhase section */

/* Begin PBXGroup section */
		C936FD2819CB95BE0082CB08 = {
			isa = PBXGroup;
			children = (
				C936FD6219CB966B0082CB08 /* JavaScriptCore.framework */,
				C936FD3319CB95BE0082CB08 /* JavaScriptCoreCPP */,
				C936FD4E19CB961A0082CB08 /* JavaScriptCoreCPPTests */,
				C936FD3219CB95BE0082CB08 /* Products */,
			);
			sourceTree = "<group>";
		};
		C936FD3219CB95BE0082CB08 /* Products */ = {
			isa = PBXGroup;
			children = (
				C936FD3119CB95BE0082CB08 /* libJavaScriptCoreCPP.a */,
				C936FD4D19CB961A0082CB08 /* JavaScriptCoreCPPTests.xctest */,
			);
			name = Products;
			sourceTree = "<group>";
		};
		C936FD3319CB95BE0082CB08 /* JavaScriptCoreCPP */ = {
			isa = PBXGroup;
			children = (
				C936FD6819CB97930082CB08 /* JSVirtualMachine.h */,
				C936FD4319CB95EC0082CB08 /* JSVirtualMachine.cpp */,
				C936FD6419CB97930082CB08 /* JSContext.h */,
				C936FD3F19CB95EC0082CB08 /* JSContext.cpp */,
				C936FD6619CB97930082CB08 /* JSString.h */,
				C936FD4119CB95EC0082CB08 /* JSString.cpp */,
				C936FD6719CB97930082CB08 /* JSValue.h */,
				C936FD4219CB95EC0082CB08 /* JSValue.cpp */,
				C936FD6519CB97930082CB08 /* JSProxy.h */,
				C936FD4019CB95EC0082CB08 /* JSProxy.cpp */,
			);
			name = JavaScriptCoreCPP;
			path = ../..;
			sourceTree = "<group>";
		};
		C936FD4E19CB961A0082CB08 /* JavaScriptCoreCPPTests */ = {
			isa = PBXGroup;
			children = (
				C936FD5819CB962E0082CB08 /* JSContextTests.mm */,
				C936FD5619CB962E0082CB08 /* JSStringTests.mm */,
				C936FD6E19CC949E0082CB08 /* JSValueTests.mm */,
				C936FD5719CB962E0082CB08 /* JSProxyTests.mm */,
				C936FD5919CB962E0082CB08 /* GotW71.cpp */,
				C936FD5A19CB962E0082CB08 /* GotW71.h */,
				C936FD4F19CB961A0082CB08 /* Supporting Files */,
			);
			path = JavaScriptCoreCPPTests;
			sourceTree = "<group>";
		};
		C936FD4F19CB961A0082CB08 /* Supporting Files */ = {
			isa = PBXGroup;
			children = (
				C936FD5019CB961A0082CB08 /* Info.plist */,
			);
			name = "Supporting Files";
			sourceTree = "<group>";
		};
/* End PBXGroup section */

/* Begin PBXHeadersBuildPhase section */
		C936FD2F19CB95BE0082CB08 /* Headers */ = {
			isa = PBXHeadersBuildPhase;
			buildActionMask = 2147483647;
			files = (
				C936FD6D19CB97930082CB08 /* JSVirtualMachine.h in Headers */,
				C936FD6B19CB97930082CB08 /* JSString.h in Headers */,
				C936FD6C19CB97930082CB08 /* JSValue.h in Headers */,
				C936FD6A19CB97930082CB08 /* JSProxy.h in Headers */,
				C936FD6919CB97930082CB08 /* JSContext.h in Headers */,
			);
			runOnlyForDeploymentPostprocessing = 0;
		};
/* End PBXHeadersBuildPhase section */

/* Begin PBXNativeTarget section */
		C936FD3019CB95BE0082CB08 /* JavaScriptCoreCPP */ = {
			isa = PBXNativeTarget;
			buildConfigurationList = C936FD3C19CB95BE0082CB08 /* Build configuration list for PBXNativeTarget "JavaScriptCoreCPP" */;
			buildPhases = (
				C936FD2D19CB95BE0082CB08 /* Sources */,
				C936FD2E19CB95BE0082CB08 /* Frameworks */,
				C936FD2F19CB95BE0082CB08 /* Headers */,
			);
			buildRules = (
			);
			dependencies = (
			);
			name = JavaScriptCoreCPP;
			productName = JavaScriptCoreCPP;
			productReference = C936FD3119CB95BE0082CB08 /* libJavaScriptCoreCPP.a */;
			productType = "com.apple.product-type.library.static";
		};
		C936FD4C19CB961A0082CB08 /* JavaScriptCoreCPPTests */ = {
			isa = PBXNativeTarget;
			buildConfigurationList = C936FD5319CB961A0082CB08 /* Build configuration list for PBXNativeTarget "JavaScriptCoreCPPTests" */;
			buildPhases = (
				C936FD4919CB961A0082CB08 /* Sources */,
				C936FD4A19CB961A0082CB08 /* Frameworks */,
				C936FD4B19CB961A0082CB08 /* Resources */,
			);
			buildRules = (
			);
			dependencies = (
				C936FD6019CB96630082CB08 /* PBXTargetDependency */,
			);
			name = JavaScriptCoreCPPTests;
			productName = JavaScriptCoreCPPTests;
			productReference = C936FD4D19CB961A0082CB08 /* JavaScriptCoreCPPTests.xctest */;
			productType = "com.apple.product-type.bundle.unit-test";
		};
/* End PBXNativeTarget section */

/* Begin PBXProject section */
		C936FD2919CB95BE0082CB08 /* Project object */ = {
			isa = PBXProject;
			attributes = {
				LastUpgradeCheck = 0600;
				ORGANIZATIONNAME = Appcelerator;
				TargetAttributes = {
					C936FD3019CB95BE0082CB08 = {
						CreatedOnToolsVersion = 6.0.1;
					};
					C936FD4C19CB961A0082CB08 = {
						CreatedOnToolsVersion = 6.0.1;
					};
				};
			};
			buildConfigurationList = C936FD2C19CB95BE0082CB08 /* Build configuration list for PBXProject "JavaScriptCoreCPP" */;
			compatibilityVersion = "Xcode 3.2";
			developmentRegion = English;
			hasScannedForEncodings = 0;
			knownRegions = (
				en,
			);
			mainGroup = C936FD2819CB95BE0082CB08;
			productRefGroup = C936FD3219CB95BE0082CB08 /* Products */;
			projectDirPath = "";
			projectRoot = "";
			targets = (
				C936FD3019CB95BE0082CB08 /* JavaScriptCoreCPP */,
				C936FD4C19CB961A0082CB08 /* JavaScriptCoreCPPTests */,
			);
		};
/* End PBXProject section */

/* Begin PBXResourcesBuildPhase section */
		C936FD4B19CB961A0082CB08 /* Resources */ = {
			isa = PBXResourcesBuildPhase;
			buildActionMask = 2147483647;
			files = (
			);
			runOnlyForDeploymentPostprocessing = 0;
		};
/* End PBXResourcesBuildPhase section */

/* Begin PBXSourcesBuildPhase section */
		C936FD2D19CB95BE0082CB08 /* Sources */ = {
			isa = PBXSourcesBuildPhase;
			buildActionMask = 2147483647;
			files = (
				C936FD4719CB95EC0082CB08 /* JSValue.cpp in Sources */,
				C936FD4519CB95EC0082CB08 /* JSProxy.cpp in Sources */,
				C936FD4619CB95EC0082CB08 /* JSString.cpp in Sources */,
				C936FD4419CB95EC0082CB08 /* JSContext.cpp in Sources */,
				C936FD4819CB95EC0082CB08 /* JSVirtualMachine.cpp in Sources */,
			);
			runOnlyForDeploymentPostprocessing = 0;
		};
		C936FD4919CB961A0082CB08 /* Sources */ = {
			isa = PBXSourcesBuildPhase;
			buildActionMask = 2147483647;
			files = (
				C936FD5C19CB962E0082CB08 /* JSProxyTests.mm in Sources */,
				C936FD5E19CB962E0082CB08 /* GotW71.cpp in Sources */,
				C936FD6F19CC949E0082CB08 /* JSValueTests.mm in Sources */,
				C936FD5D19CB962E0082CB08 /* JSContextTests.mm in Sources */,
				C936FD5B19CB962E0082CB08 /* JSStringTests.mm in Sources */,
			);
			runOnlyForDeploymentPostprocessing = 0;
		};
/* End PBXSourcesBuildPhase section */

/* Begin PBXTargetDependency section */
		C936FD6019CB96630082CB08 /* PBXTargetDependency */ = {
			isa = PBXTargetDependency;
			target = C936FD3019CB95BE0082CB08 /* JavaScriptCoreCPP */;
			targetProxy = C936FD5F19CB96630082CB08 /* PBXContainerItemProxy */;
		};
/* End PBXTargetDependency section */

/* Begin XCBuildConfiguration section */
		C936FD3A19CB95BE0082CB08 /* Debug */ = {
			isa = XCBuildConfiguration;
			buildSettings = {
				ALWAYS_SEARCH_USER_PATHS = NO;
				CLANG_CXX_LANGUAGE_STANDARD = "gnu++0x";
				CLANG_CXX_LIBRARY = "libc++";
				CLANG_ENABLE_MODULES = YES;
				CLANG_ENABLE_OBJC_ARC = YES;
				CLANG_WARN_BOOL_CONVERSION = YES;
				CLANG_WARN_CONSTANT_CONVERSION = YES;
				CLANG_WARN_DIRECT_OBJC_ISA_USAGE = YES_ERROR;
				CLANG_WARN_EMPTY_BODY = YES;
				CLANG_WARN_ENUM_CONVERSION = YES;
				CLANG_WARN_INT_CONVERSION = YES;
				CLANG_WARN_OBJC_ROOT_CLASS = YES_ERROR;
				CLANG_WARN_UNREACHABLE_CODE = YES;
				CLANG_WARN__DUPLICATE_METHOD_MATCH = YES;
				COPY_PHASE_STRIP = NO;
				ENABLE_STRICT_OBJC_MSGSEND = YES;
				GCC_C_LANGUAGE_STANDARD = gnu99;
				GCC_DYNAMIC_NO_PIC = NO;
				GCC_OPTIMIZATION_LEVEL = 0;
				GCC_PREPROCESSOR_DEFINITIONS = (
					"DEBUG=1",
					"$(inherited)",
				);
				GCC_SYMBOLS_PRIVATE_EXTERN = NO;
				GCC_WARN_64_TO_32_BIT_CONVERSION = YES;
				GCC_WARN_ABOUT_RETURN_TYPE = YES_ERROR;
				GCC_WARN_UNDECLARED_SELECTOR = YES;
				GCC_WARN_UNINITIALIZED_AUTOS = YES_AGGRESSIVE;
				GCC_WARN_UNUSED_FUNCTION = YES;
				GCC_WARN_UNUSED_VARIABLE = YES;
				MACOSX_DEPLOYMENT_TARGET = 10.9;
				MTL_ENABLE_DEBUG_INFO = YES;
				ONLY_ACTIVE_ARCH = YES;
				SDKROOT = macosx;
				USER_HEADER_SEARCH_PATHS = ../../include;
			};
			name = Debug;
		};
		C936FD3B19CB95BE0082CB08 /* Release */ = {
			isa = XCBuildConfiguration;
			buildSettings = {
				ALWAYS_SEARCH_USER_PATHS = NO;
				CLANG_CXX_LANGUAGE_STANDARD = "gnu++0x";
				CLANG_CXX_LIBRARY = "libc++";
				CLANG_ENABLE_MODULES = YES;
				CLANG_ENABLE_OBJC_ARC = YES;
				CLANG_WARN_BOOL_CONVERSION = YES;
				CLANG_WARN_CONSTANT_CONVERSION = YES;
				CLANG_WARN_DIRECT_OBJC_ISA_USAGE = YES_ERROR;
				CLANG_WARN_EMPTY_BODY = YES;
				CLANG_WARN_ENUM_CONVERSION = YES;
				CLANG_WARN_INT_CONVERSION = YES;
				CLANG_WARN_OBJC_ROOT_CLASS = YES_ERROR;
				CLANG_WARN_UNREACHABLE_CODE = YES;
				CLANG_WARN__DUPLICATE_METHOD_MATCH = YES;
				COPY_PHASE_STRIP = YES;
				DEBUG_INFORMATION_FORMAT = "dwarf-with-dsym";
				ENABLE_NS_ASSERTIONS = NO;
				ENABLE_STRICT_OBJC_MSGSEND = YES;
				GCC_C_LANGUAGE_STANDARD = gnu99;
				GCC_WARN_64_TO_32_BIT_CONVERSION = YES;
				GCC_WARN_ABOUT_RETURN_TYPE = YES_ERROR;
				GCC_WARN_UNDECLARED_SELECTOR = YES;
				GCC_WARN_UNINITIALIZED_AUTOS = YES_AGGRESSIVE;
				GCC_WARN_UNUSED_FUNCTION = YES;
				GCC_WARN_UNUSED_VARIABLE = YES;
				MACOSX_DEPLOYMENT_TARGET = 10.9;
				MTL_ENABLE_DEBUG_INFO = NO;
				SDKROOT = macosx;
				USER_HEADER_SEARCH_PATHS = ../../include;
			};
			name = Release;
		};
		C936FD3D19CB95BE0082CB08 /* Debug */ = {
			isa = XCBuildConfiguration;
			buildSettings = {
				EXECUTABLE_PREFIX = lib;
				GCC_ENABLE_CPP_EXCEPTIONS = YES;
				GCC_ENABLE_CPP_RTTI = YES;
				GCC_SYMBOLS_PRIVATE_EXTERN = NO;
				PRODUCT_NAME = "$(TARGET_NAME)";
			};
			name = Debug;
		};
		C936FD3E19CB95BE0082CB08 /* Release */ = {
			isa = XCBuildConfiguration;
			buildSettings = {
				EXECUTABLE_PREFIX = lib;
				GCC_ENABLE_CPP_EXCEPTIONS = YES;
				GCC_ENABLE_CPP_RTTI = YES;
				GCC_SYMBOLS_PRIVATE_EXTERN = NO;
				PRODUCT_NAME = "$(TARGET_NAME)";
			};
			name = Release;
		};
		C936FD5419CB961A0082CB08 /* Debug */ = {
			isa = XCBuildConfiguration;
			buildSettings = {
				COMBINE_HIDPI_IMAGES = YES;
				FRAMEWORK_SEARCH_PATHS = (
					"$(DEVELOPER_FRAMEWORKS_DIR)",
					"$(inherited)",
				);
				GCC_PREPROCESSOR_DEFINITIONS = (
					"DEBUG=1",
					"$(inherited)",
				);
				INFOPLIST_FILE = JavaScriptCoreCPPTests/Info.plist;
				LD_RUNPATH_SEARCH_PATHS = "$(inherited) @executable_path/../Frameworks @loader_path/../Frameworks";
				PRODUCT_NAME = "$(TARGET_NAME)";
			};
			name = Debug;
		};
		C936FD5519CB961A0082CB08 /* Release */ = {
			isa = XCBuildConfiguration;
			buildSettings = {
				COMBINE_HIDPI_IMAGES = YES;
				FRAMEWORK_SEARCH_PATHS = (
					"$(DEVELOPER_FRAMEWORKS_DIR)",
					"$(inherited)",
				);
				INFOPLIST_FILE = JavaScriptCoreCPPTests/Info.plist;
				LD_RUNPATH_SEARCH_PATHS = "$(inherited) @executable_path/../Frameworks @loader_path/../Frameworks";
				PRODUCT_NAME = "$(TARGET_NAME)";
			};
			name = Release;
		};
/* End XCBuildConfiguration section */

/* Begin XCConfigurationList section */
		C936FD2C19CB95BE0082CB08 /* Build configuration list for PBXProject "JavaScriptCoreCPP" */ = {
			isa = XCConfigurationList;
			buildConfigurations = (
				C936FD3A19CB95BE0082CB08 /* Debug */,
				C936FD3B19CB95BE0082CB08 /* Release */,
			);
			defaultConfigurationIsVisible = 0;
			defaultConfigurationName = Release;
		};
		C936FD3C19CB95BE0082CB08 /* Build configuration list for PBXNativeTarget "JavaScriptCoreCPP" */ = {
			isa = XCConfigurationList;
			buildConfigurations = (
				C936FD3D19CB95BE0082CB08 /* Debug */,
				C936FD3E19CB95BE0082CB08 /* Release */,
			);
			defaultConfigurationIsVisible = 0;
			defaultConfigurationName = Release;
		};
		C936FD5319CB961A0082CB08 /* Build configuration list for PBXNativeTarget "JavaScriptCoreCPPTests" */ = {
			isa = XCConfigurationList;
			buildConfigurations = (
				C936FD5419CB961A0082CB08 /* Debug */,
				C936FD5519CB961A0082CB08 /* Release */,
			);
			defaultConfigurationIsVisible = 0;
			defaultConfigurationName = Release;
		};
/* End XCConfigurationList section */
	};
	rootObject = C936FD2919CB95BE0082CB08 /* Project object */;
}
